{
  "originHash" : "d2411034d3dc3cdee2742a9b5bb4b6db071e4b230c4338574e0ecafe270b9239",
  "pins" : [
    {
      "identity" : "elegantstrings",
      "kind" : "remoteSourceControl",
      "location" : "https://github.com/elegantchaos/ElegantStrings.git",
      "state" : {
        "revision" : "eb90abda935b43cc5dca75d35af8efda0d38cfea",
        "version" : "1.1.1"
      }
    },
    {
      "identity" : "expressions",
      "kind" : "remoteSourceControl",
      "location" : "https://github.com/elegantchaos/Expressions.git",
      "state" : {
        "revision" : "3f1a4caccb9e33d95d0650e9b78350acd3576300",
        "version" : "1.1.1"
      }
    },
    {
      "identity" : "icons",
      "kind" : "remoteSourceControl",
      "location" : "https://github.com/elegantchaos/Icons.git",
      "state" : {
        "revision" : "033e9582671a14f1224e915d89866e8b2e1014ff",
        "version" : "1.0.2"
      }
    },
    {
      "identity" : "logger",
      "kind" : "remoteSourceControl",
      "location" : "https://github.com/elegantchaos/Logger.git",
      "state" : {
        "revision" : "c1d6df4eaf73f88e18ee23da02224069b17ab313",
        "version" : "2.0.4"
      }
    }
  ],
  "version" : 3
}
