{
  "object": {
    "pins": [
      {
        "package": "Runner",
        "repositoryURL": "https://github.com/elegantchaos/Runner",
        "state": {
          "branch": null,
          "revision": "1a257b260150b7a7a9771f636a6a373682ad54e5",
          "version": "1.0.1"
        }
      },
      {
        "package": "SketchX",
        "repositoryURL": "git@github.com:elegantchaos/SketchX",
        "state": {
          "branch": null,
          "revision": "eaa3a6f3a7a15d21acd10aeed1086874ad03e00f",
          "version": "1.0.2"
        }
      }
    ]
  },
  "version": 1
}
