{
  "object": {
    "pins": [
      {
        "package": "Actions",
        "repositoryURL": "git@github.com:elegantchaos/Actions",
        "state": {
          "branch": null,
          "revision": "8051b1b4622e51c5e3bbe36683b41d3e2d0fc272",
          "version": "1.1.0"
        }
      },
      {
        "package": "Runner",
        "repositoryURL": "https://github.com/elegantchaos/Runner",
        "state": {
          "branch": null,
          "revision": "1a257b260150b7a7a9771f636a6a373682ad54e5",
          "version": "1.0.1"
        }
      }
    ]
  },
  "version": 1
}
