// !$*UTF8*$!
{
	archiveVersion = 1;
	classes = {
	};
	objectVersion = 52;
	objects = {

/* Begin PBXBuildFile section */
		221717DC2522773B00C43604 /* Model.swift in Sources */ = {isa = PBXBuildFile; fileRef = 221717DB2522773B00C43604 /* Model.swift */; };
		226F15DB251A28EA00D6B12E /* Application.swift in Sources */ = {isa = PBXBuildFile; fileRef = 226F15DA251A28EA00D6B12E /* Application.swift */; };
		226F15E2251A28F600D6B12E /* Preview Assets.xcassets in Resources */ = {isa = PBXBuildFile; fileRef = 226F15E1251A28F600D6B12E /* Preview Assets.xcassets */; };
		226F15ED251A28F600D6B12E /* BookishListsTests.swift in Sources */ = {isa = PBXBuildFile; fileRef = 226F15EC251A28F600D6B12E /* BookishListsTests.swift */; };
		226F15F8251A28F600D6B12E /* BookishListsUITests.swift in Sources */ = {isa = PBXBuildFile; fileRef = 226F15F7251A28F600D6B12E /* BookishListsUITests.swift */; };
		229E259B25254AED00C41777 /* ContentView.swift in Sources */ = {isa = PBXBuildFile; fileRef = 229E259A25254AED00C41777 /* ContentView.swift */; };
		8B1F10D225AC971A00108A34 /* Assets.xcassets in Resources */ = {isa = PBXBuildFile; fileRef = 226F15DE251A28F600D6B12E /* Assets.xcassets */; };
		8B1F10D825ACB30A00108A34 /* ListView.swift in Sources */ = {isa = PBXBuildFile; fileRef = 8B1F10D725ACB30A00108A34 /* ListView.swift */; };
		8B1F10E225ADC28800108A34 /* EntryView.swift in Sources */ = {isa = PBXBuildFile; fileRef = 8B1F10E125ADC28800108A34 /* EntryView.swift */; };
		8B1F10F725ADE46500108A34 /* SwiftUIExtensions in Frameworks */ = {isa = PBXBuildFile; productRef = 8B1F10F625ADE46500108A34 /* SwiftUIExtensions */; };
		8B1F110725ADF4FD00108A34 /* Logger in Frameworks */ = {isa = PBXBuildFile; productRef = 8B1F110625ADF4FD00108A34 /* Logger */; };
		8B1F112F25ADF56F00108A34 /* Localization in Frameworks */ = {isa = PBXBuildFile; productRef = 8B1F112E25ADF56F00108A34 /* Localization */; };
		8B1F114225ADFB0D00108A34 /* ISBN in Frameworks */ = {isa = PBXBuildFile; productRef = 8B1F114125ADFB0D00108A34 /* ISBN */; };
		8B1F115125AE04DE00108A34 /* BookishImporter in Frameworks */ = {isa = PBXBuildFile; productRef = 8B1F115025AE04DE00108A34 /* BookishImporter */; };
		8B2A7CC825AE140A0024C1A2 /* ThreadExtensions in Frameworks */ = {isa = PBXBuildFile; productRef = 8B2A7CC725AE140A0024C1A2 /* ThreadExtensions */; };
		8B39B479260252AB003B0C5B /* DeliciousImportMonitor.swift in Sources */ = {isa = PBXBuildFile; fileRef = 8B39B478260252AB003B0C5B /* DeliciousImportMonitor.swift */; };
		8B39B47B26027F35003B0C5B /* DeferredTextField.swift in Sources */ = {isa = PBXBuildFile; fileRef = 8B39B47A26027F35003B0C5B /* DeferredTextField.swift */; };
		8B42BE4825F7912700855D08 /* IndexMenuView.swift in Sources */ = {isa = PBXBuildFile; fileRef = 8B42BE4725F7912700855D08 /* IndexMenuView.swift */; };
		8B42BE4A25F794D800855D08 /* ScannerView.swift in Sources */ = {isa = PBXBuildFile; fileRef = 8B42BE4925F794D800855D08 /* ScannerView.swift */; };
		8B57F07C25F7B989007DB517 /* AVFoundation.framework in Frameworks */ = {isa = PBXBuildFile; fileRef = 8B57F07B25F7B989007DB517 /* AVFoundation.framework */; };
		8B57F08625F7C0E9007DB517 /* GoogleLookupService.swift in Sources */ = {isa = PBXBuildFile; fileRef = 8B57F08025F7C0E9007DB517 /* GoogleLookupService.swift */; };
		8B57F08725F7C0E9007DB517 /* LookupManager.swift in Sources */ = {isa = PBXBuildFile; fileRef = 8B57F08125F7C0E9007DB517 /* LookupManager.swift */; };
		8B57F08825F7C0E9007DB517 /* LookupSession.swift in Sources */ = {isa = PBXBuildFile; fileRef = 8B57F08225F7C0E9007DB517 /* LookupSession.swift */; };
		8B57F08925F7C0E9007DB517 /* LookupService.swift in Sources */ = {isa = PBXBuildFile; fileRef = 8B57F08325F7C0E9007DB517 /* LookupService.swift */; };
		8B57F08A25F7C0E9007DB517 /* AmazonLookupService.swift in Sources */ = {isa = PBXBuildFile; fileRef = 8B57F08425F7C0E9007DB517 /* AmazonLookupService.swift */; };
		8B57F08B25F7C0E9007DB517 /* LookupCandidate.swift in Sources */ = {isa = PBXBuildFile; fileRef = 8B57F08525F7C0E9007DB517 /* LookupCandidate.swift */; };
		8B57F08D25F7C166007DB517 /* DataFetcher.swift in Sources */ = {isa = PBXBuildFile; fileRef = 8B57F08C25F7C166007DB517 /* DataFetcher.swift */; };
		8B57F09025F7C6BD007DB517 /* CaptureView in Frameworks */ = {isa = PBXBuildFile; productRef = 8B57F08F25F7C6BD007DB517 /* CaptureView */; };
		8B57F09225F7D9F2007DB517 /* CandidateView.swift in Sources */ = {isa = PBXBuildFile; fileRef = 8B57F09125F7D9F2007DB517 /* CandidateView.swift */; };
		8B57F09425F7E096007DB517 /* SearchBar.swift in Sources */ = {isa = PBXBuildFile; fileRef = 8B57F09325F7E096007DB517 /* SearchBar.swift */; };
		8B58C7B425B71528007F6B70 /* CloudKit.framework in Frameworks */ = {isa = PBXBuildFile; fileRef = 8B58C7B325B71528007F6B70 /* CloudKit.framework */; };
		8B58C7C025B843C7007F6B70 /* IndexView.swift in Sources */ = {isa = PBXBuildFile; fileRef = 8B58C7BF25B843C7007F6B70 /* IndexView.swift */; };
		8B58C7CC25B84AB8007F6B70 /* PreferencesView.swift in Sources */ = {isa = PBXBuildFile; fileRef = 8B58C7CB25B84AB8007F6B70 /* PreferencesView.swift */; };
		8B6CAAC8252B2C8B00FF2035 /* KeyValueStore in Frameworks */ = {isa = PBXBuildFile; productRef = 8B6CAAC7252B2C8B00FF2035 /* KeyValueStore */; };
		8B80467325B8788900698F28 /* SheetController in Frameworks */ = {isa = PBXBuildFile; productRef = 8B80467225B8788900698F28 /* SheetController */; };
		8B80467D25B87C4A00698F28 /* LoggerUI in Frameworks */ = {isa = PBXBuildFile; productRef = 8B80467C25B87C4A00698F28 /* LoggerUI */; };
		8B987C9F25C047E5003D6F9F /* CoreDataStack.swift in Sources */ = {isa = PBXBuildFile; fileRef = 8B987C9E25C047E5003D6F9F /* CoreDataStack.swift */; };
		8B987CAB25C04876003D6F9F /* BookishLists.xcdatamodeld in Sources */ = {isa = PBXBuildFile; fileRef = 8B987CA925C04876003D6F9F /* BookishLists.xcdatamodeld */; };
		8B987CB525C06708003D6F9F /* CDBook.swift in Sources */ = {isa = PBXBuildFile; fileRef = 8B987CB425C06708003D6F9F /* CDBook.swift */; };
		8B987CBB25C0671E003D6F9F /* CDList.swift in Sources */ = {isa = PBXBuildFile; fileRef = 8B987CBA25C0671E003D6F9F /* CDList.swift */; };
		8B987CDD25C19263003D6F9F /* ExtensibleManagedObject.swift in Sources */ = {isa = PBXBuildFile; fileRef = 8B987CDC25C19263003D6F9F /* ExtensibleManagedObject.swift */; };
		8B987D0125C1CA60003D6F9F /* NSManagedObjectExtensions.swift in Sources */ = {isa = PBXBuildFile; fileRef = 8B987CFE25C1CA60003D6F9F /* NSManagedObjectExtensions.swift */; };
		8B987D0225C1CA60003D6F9F /* NSManagedObjectContextExtensions.swift in Sources */ = {isa = PBXBuildFile; fileRef = 8B987CFF25C1CA60003D6F9F /* NSManagedObjectContextExtensions.swift */; };
		8B987D0325C1CA60003D6F9F /* NSEntityDescriptionExtensions.swift in Sources */ = {isa = PBXBuildFile; fileRef = 8B987D0025C1CA60003D6F9F /* NSEntityDescriptionExtensions.swift */; };
		8B987D0925C1D519003D6F9F /* NamedManagedObject.swift in Sources */ = {isa = PBXBuildFile; fileRef = 8B987D0825C1D519003D6F9F /* NamedManagedObject.swift */; };
		8BE1493225DC156400A1DC32 /* BookView.swift in Sources */ = {isa = PBXBuildFile; fileRef = 8BE1493125DC156400A1DC32 /* BookView.swift */; };
		8BE1493425DC16E400A1DC32 /* IndexEntry.swift in Sources */ = {isa = PBXBuildFile; fileRef = 8BE1493325DC16E400A1DC32 /* IndexEntry.swift */; };
		8BE1493625DC178F00A1DC32 /* AllBooksView.swift in Sources */ = {isa = PBXBuildFile; fileRef = 8BE1493525DC178F00A1DC32 /* AllBooksView.swift */; };
		8BE1493825DC250300A1DC32 /* FieldEditorView.swift in Sources */ = {isa = PBXBuildFile; fileRef = 8BE1493725DC250300A1DC32 /* FieldEditorView.swift */; };
		8BE1493A25DC2CCB00A1DC32 /* Field.swift in Sources */ = {isa = PBXBuildFile; fileRef = 8BE1493925DC2CCB00A1DC32 /* Field.swift */; };
		8BE1493C25DD597B00A1DC32 /* Localizable.strings in Resources */ = {isa = PBXBuildFile; fileRef = 8BE1493B25DD597B00A1DC32 /* Localizable.strings */; };
		8BE1493E25DD5CA700A1DC32 /* FieldKindMenu.swift in Sources */ = {isa = PBXBuildFile; fileRef = 8BE1493D25DD5CA700A1DC32 /* FieldKindMenu.swift */; };
		8BE1494125DD7D7D00A1DC32 /* FieldList.swift in Sources */ = {isa = PBXBuildFile; fileRef = 8BE1494025DD7D7D00A1DC32 /* FieldList.swift */; };
		8BED2A1825C97D29000DD7C6 /* CDProperty.swift in Sources */ = {isa = PBXBuildFile; fileRef = 8BED2A1725C97D29000DD7C6 /* CDProperty.swift */; };
		8BED2A2425CAC0D1000DD7C6 /* Images in Frameworks */ = {isa = PBXBuildFile; productRef = 8BED2A2325CAC0D1000DD7C6 /* Images */; };
/* End PBXBuildFile section */

/* Begin PBXContainerItemProxy section */
		226F15E9251A28F600D6B12E /* PBXContainerItemProxy */ = {
			isa = PBXContainerItemProxy;
			containerPortal = 226F15CF251A28EA00D6B12E /* Project object */;
			proxyType = 1;
			remoteGlobalIDString = 226F15D6251A28EA00D6B12E;
			remoteInfo = "Samedi's Crafting";
		};
		226F15F4251A28F600D6B12E /* PBXContainerItemProxy */ = {
			isa = PBXContainerItemProxy;
			containerPortal = 226F15CF251A28EA00D6B12E /* Project object */;
			proxyType = 1;
			remoteGlobalIDString = 226F15D6251A28EA00D6B12E;
			remoteInfo = "Samedi's Crafting";
		};
		22F685AC251B8BC900E867CE /* PBXContainerItemProxy */ = {
			isa = PBXContainerItemProxy;
			containerPortal = 226F15CF251A28EA00D6B12E /* Project object */;
			proxyType = 1;
			remoteGlobalIDString = 22F68594251B8B7D00E867CE;
			remoteInfo = Tools;
		};
/* End PBXContainerItemProxy section */

/* Begin PBXFileReference section */
		221717DB2522773B00C43604 /* Model.swift */ = {isa = PBXFileReference; lastKnownFileType = sourcecode.swift; path = Model.swift; sourceTree = "<group>"; };
		226F15D7251A28EA00D6B12E /* Bookish Lists.app */ = {isa = PBXFileReference; explicitFileType = wrapper.application; includeInIndex = 0; path = "Bookish Lists.app"; sourceTree = BUILT_PRODUCTS_DIR; };
		226F15DA251A28EA00D6B12E /* Application.swift */ = {isa = PBXFileReference; lastKnownFileType = sourcecode.swift; path = Application.swift; sourceTree = "<group>"; };
		226F15DE251A28F600D6B12E /* Assets.xcassets */ = {isa = PBXFileReference; lastKnownFileType = folder.assetcatalog; path = Assets.xcassets; sourceTree = "<group>"; };
		226F15E1251A28F600D6B12E /* Preview Assets.xcassets */ = {isa = PBXFileReference; lastKnownFileType = folder.assetcatalog; path = "Preview Assets.xcassets"; sourceTree = "<group>"; };
		226F15E3251A28F600D6B12E /* Info.plist */ = {isa = PBXFileReference; lastKnownFileType = text.plist.xml; path = Info.plist; sourceTree = "<group>"; };
		226F15E8251A28F600D6B12E /* BookishListsTests.xctest */ = {isa = PBXFileReference; explicitFileType = wrapper.cfbundle; includeInIndex = 0; path = BookishListsTests.xctest; sourceTree = BUILT_PRODUCTS_DIR; };
		226F15EC251A28F600D6B12E /* BookishListsTests.swift */ = {isa = PBXFileReference; lastKnownFileType = sourcecode.swift; path = BookishListsTests.swift; sourceTree = "<group>"; };
		226F15EE251A28F600D6B12E /* Info.plist */ = {isa = PBXFileReference; lastKnownFileType = text.plist.xml; path = Info.plist; sourceTree = "<group>"; };
		226F15F3251A28F600D6B12E /* BookishListsUITests.xctest */ = {isa = PBXFileReference; explicitFileType = wrapper.cfbundle; includeInIndex = 0; path = BookishListsUITests.xctest; sourceTree = BUILT_PRODUCTS_DIR; };
		226F15F7251A28F600D6B12E /* BookishListsUITests.swift */ = {isa = PBXFileReference; lastKnownFileType = sourcecode.swift; path = BookishListsUITests.swift; sourceTree = "<group>"; };
		226F15F9251A28F600D6B12E /* Info.plist */ = {isa = PBXFileReference; lastKnownFileType = text.plist.xml; path = Info.plist; sourceTree = "<group>"; };
		229E259A25254AED00C41777 /* ContentView.swift */ = {isa = PBXFileReference; lastKnownFileType = sourcecode.swift; path = ContentView.swift; sourceTree = "<group>"; };
		22ED67E3251E424600B0226D /* BookishLists.xcconfig */ = {isa = PBXFileReference; lastKnownFileType = text.xcconfig; path = BookishLists.xcconfig; sourceTree = "<group>"; };
		22ED67EC251E438200B0226D /* BookishLists.entitlements */ = {isa = PBXFileReference; lastKnownFileType = text.plist.entitlements; path = BookishLists.entitlements; sourceTree = "<group>"; };
		22F68595251B8B7D00E867CE /* Tools */ = {isa = PBXFileReference; explicitFileType = "compiled.mach-o.executable"; includeInIndex = 0; path = Tools; sourceTree = BUILT_PRODUCTS_DIR; };
		22F68597251B8B7D00E867CE /* main.swift */ = {isa = PBXFileReference; lastKnownFileType = sourcecode.swift; path = main.swift; sourceTree = "<group>"; };
		8B1F10D725ACB30A00108A34 /* ListView.swift */ = {isa = PBXFileReference; lastKnownFileType = sourcecode.swift; path = ListView.swift; sourceTree = "<group>"; };
		8B1F10E125ADC28800108A34 /* EntryView.swift */ = {isa = PBXFileReference; lastKnownFileType = sourcecode.swift; path = EntryView.swift; sourceTree = "<group>"; };
		8B39B478260252AB003B0C5B /* DeliciousImportMonitor.swift */ = {isa = PBXFileReference; lastKnownFileType = sourcecode.swift; path = DeliciousImportMonitor.swift; sourceTree = "<group>"; };
		8B39B47A26027F35003B0C5B /* DeferredTextField.swift */ = {isa = PBXFileReference; lastKnownFileType = sourcecode.swift; path = DeferredTextField.swift; sourceTree = "<group>"; };
		8B42BE4725F7912700855D08 /* IndexMenuView.swift */ = {isa = PBXFileReference; lastKnownFileType = sourcecode.swift; path = IndexMenuView.swift; sourceTree = "<group>"; };
		8B42BE4925F794D800855D08 /* ScannerView.swift */ = {isa = PBXFileReference; lastKnownFileType = sourcecode.swift; path = ScannerView.swift; sourceTree = "<group>"; };
		8B57F07B25F7B989007DB517 /* AVFoundation.framework */ = {isa = PBXFileReference; lastKnownFileType = wrapper.framework; name = AVFoundation.framework; path = Platforms/MacOSX.platform/Developer/SDKs/MacOSX11.3.sdk/System/Library/Frameworks/AVFoundation.framework; sourceTree = DEVELOPER_DIR; };
		8B57F08025F7C0E9007DB517 /* GoogleLookupService.swift */ = {isa = PBXFileReference; fileEncoding = 4; lastKnownFileType = sourcecode.swift; path = GoogleLookupService.swift; sourceTree = "<group>"; };
		8B57F08125F7C0E9007DB517 /* LookupManager.swift */ = {isa = PBXFileReference; fileEncoding = 4; lastKnownFileType = sourcecode.swift; path = LookupManager.swift; sourceTree = "<group>"; };
		8B57F08225F7C0E9007DB517 /* LookupSession.swift */ = {isa = PBXFileReference; fileEncoding = 4; lastKnownFileType = sourcecode.swift; path = LookupSession.swift; sourceTree = "<group>"; };
		8B57F08325F7C0E9007DB517 /* LookupService.swift */ = {isa = PBXFileReference; fileEncoding = 4; lastKnownFileType = sourcecode.swift; path = LookupService.swift; sourceTree = "<group>"; };
		8B57F08425F7C0E9007DB517 /* AmazonLookupService.swift */ = {isa = PBXFileReference; fileEncoding = 4; lastKnownFileType = sourcecode.swift; path = AmazonLookupService.swift; sourceTree = "<group>"; };
		8B57F08525F7C0E9007DB517 /* LookupCandidate.swift */ = {isa = PBXFileReference; fileEncoding = 4; lastKnownFileType = sourcecode.swift; path = LookupCandidate.swift; sourceTree = "<group>"; };
		8B57F08C25F7C166007DB517 /* DataFetcher.swift */ = {isa = PBXFileReference; fileEncoding = 4; lastKnownFileType = sourcecode.swift; path = DataFetcher.swift; sourceTree = "<group>"; };
		8B57F09125F7D9F2007DB517 /* CandidateView.swift */ = {isa = PBXFileReference; lastKnownFileType = sourcecode.swift; path = CandidateView.swift; sourceTree = "<group>"; };
		8B57F09325F7E096007DB517 /* SearchBar.swift */ = {isa = PBXFileReference; lastKnownFileType = sourcecode.swift; path = SearchBar.swift; sourceTree = "<group>"; };
		8B58C7B325B71528007F6B70 /* CloudKit.framework */ = {isa = PBXFileReference; lastKnownFileType = wrapper.framework; name = CloudKit.framework; path = System/Library/Frameworks/CloudKit.framework; sourceTree = SDKROOT; };
		8B58C7BF25B843C7007F6B70 /* IndexView.swift */ = {isa = PBXFileReference; lastKnownFileType = sourcecode.swift; path = IndexView.swift; sourceTree = "<group>"; };
		8B58C7CB25B84AB8007F6B70 /* PreferencesView.swift */ = {isa = PBXFileReference; lastKnownFileType = sourcecode.swift; path = PreferencesView.swift; sourceTree = "<group>"; };
		8B987C9E25C047E5003D6F9F /* CoreDataStack.swift */ = {isa = PBXFileReference; lastKnownFileType = sourcecode.swift; path = CoreDataStack.swift; sourceTree = "<group>"; };
		8B987CAA25C04876003D6F9F /* BooklistLists.xcdatamodel */ = {isa = PBXFileReference; lastKnownFileType = wrapper.xcdatamodel; path = BooklistLists.xcdatamodel; sourceTree = "<group>"; };
		8B987CB425C06708003D6F9F /* CDBook.swift */ = {isa = PBXFileReference; lastKnownFileType = sourcecode.swift; path = CDBook.swift; sourceTree = "<group>"; };
		8B987CBA25C0671E003D6F9F /* CDList.swift */ = {isa = PBXFileReference; lastKnownFileType = sourcecode.swift; path = CDList.swift; sourceTree = "<group>"; };
		8B987CDC25C19263003D6F9F /* ExtensibleManagedObject.swift */ = {isa = PBXFileReference; lastKnownFileType = sourcecode.swift; path = ExtensibleManagedObject.swift; sourceTree = "<group>"; };
		8B987CFE25C1CA60003D6F9F /* NSManagedObjectExtensions.swift */ = {isa = PBXFileReference; fileEncoding = 4; lastKnownFileType = sourcecode.swift; path = NSManagedObjectExtensions.swift; sourceTree = "<group>"; };
		8B987CFF25C1CA60003D6F9F /* NSManagedObjectContextExtensions.swift */ = {isa = PBXFileReference; fileEncoding = 4; lastKnownFileType = sourcecode.swift; path = NSManagedObjectContextExtensions.swift; sourceTree = "<group>"; };
		8B987D0025C1CA60003D6F9F /* NSEntityDescriptionExtensions.swift */ = {isa = PBXFileReference; fileEncoding = 4; lastKnownFileType = sourcecode.swift; path = NSEntityDescriptionExtensions.swift; sourceTree = "<group>"; };
		8B987D0825C1D519003D6F9F /* NamedManagedObject.swift */ = {isa = PBXFileReference; lastKnownFileType = sourcecode.swift; path = NamedManagedObject.swift; sourceTree = "<group>"; };
		8BE1493125DC156400A1DC32 /* BookView.swift */ = {isa = PBXFileReference; lastKnownFileType = sourcecode.swift; path = BookView.swift; sourceTree = "<group>"; };
		8BE1493325DC16E400A1DC32 /* IndexEntry.swift */ = {isa = PBXFileReference; lastKnownFileType = sourcecode.swift; path = IndexEntry.swift; sourceTree = "<group>"; };
		8BE1493525DC178F00A1DC32 /* AllBooksView.swift */ = {isa = PBXFileReference; fileEncoding = 4; lastKnownFileType = sourcecode.swift; path = AllBooksView.swift; sourceTree = "<group>"; };
		8BE1493725DC250300A1DC32 /* FieldEditorView.swift */ = {isa = PBXFileReference; lastKnownFileType = sourcecode.swift; path = FieldEditorView.swift; sourceTree = "<group>"; };
		8BE1493925DC2CCB00A1DC32 /* Field.swift */ = {isa = PBXFileReference; lastKnownFileType = sourcecode.swift; path = Field.swift; sourceTree = "<group>"; };
		8BE1493B25DD597B00A1DC32 /* Localizable.strings */ = {isa = PBXFileReference; lastKnownFileType = text.plist.strings; path = Localizable.strings; sourceTree = "<group>"; };
		8BE1493D25DD5CA700A1DC32 /* FieldKindMenu.swift */ = {isa = PBXFileReference; lastKnownFileType = sourcecode.swift; path = FieldKindMenu.swift; sourceTree = "<group>"; };
		8BE1494025DD7D7D00A1DC32 /* FieldList.swift */ = {isa = PBXFileReference; lastKnownFileType = sourcecode.swift; path = FieldList.swift; sourceTree = "<group>"; };
		8BE9ADE9252B0DDA00F97D53 /* Tools.xcconfig */ = {isa = PBXFileReference; lastKnownFileType = text.xcconfig; path = Tools.xcconfig; sourceTree = "<group>"; };
		8BED2A1725C97D29000DD7C6 /* CDProperty.swift */ = {isa = PBXFileReference; lastKnownFileType = sourcecode.swift; path = CDProperty.swift; sourceTree = "<group>"; };
/* End PBXFileReference section */

/* Begin PBXFrameworksBuildPhase section */
		226F15D4251A28EA00D6B12E /* Frameworks */ = {
			isa = PBXFrameworksBuildPhase;
			buildActionMask = 2147483647;
			files = (
				8B57F07C25F7B989007DB517 /* AVFoundation.framework in Frameworks */,
				8BED2A2425CAC0D1000DD7C6 /* Images in Frameworks */,
				8B1F110725ADF4FD00108A34 /* Logger in Frameworks */,
				8B1F112F25ADF56F00108A34 /* Localization in Frameworks */,
				8B2A7CC825AE140A0024C1A2 /* ThreadExtensions in Frameworks */,
				8B58C7B425B71528007F6B70 /* CloudKit.framework in Frameworks */,
				8B1F114225ADFB0D00108A34 /* ISBN in Frameworks */,
				8B1F10F725ADE46500108A34 /* SwiftUIExtensions in Frameworks */,
				8B57F09025F7C6BD007DB517 /* CaptureView in Frameworks */,
				8B80467325B8788900698F28 /* SheetController in Frameworks */,
				8B80467D25B87C4A00698F28 /* LoggerUI in Frameworks */,
				8B1F115125AE04DE00108A34 /* BookishImporter in Frameworks */,
				8B6CAAC8252B2C8B00FF2035 /* KeyValueStore in Frameworks */,
			);
			runOnlyForDeploymentPostprocessing = 0;
		};
		226F15E5251A28F600D6B12E /* Frameworks */ = {
			isa = PBXFrameworksBuildPhase;
			buildActionMask = 2147483647;
			files = (
			);
			runOnlyForDeploymentPostprocessing = 0;
		};
		226F15F0251A28F600D6B12E /* Frameworks */ = {
			isa = PBXFrameworksBuildPhase;
			buildActionMask = 2147483647;
			files = (
			);
			runOnlyForDeploymentPostprocessing = 0;
		};
/* End PBXFrameworksBuildPhase section */

/* Begin PBXGroup section */
		2207D47025265FC400A014D5 /* Views */ = {
			isa = PBXGroup;
			children = (
				8B42BE4725F7912700855D08 /* IndexMenuView.swift */,
				8BE1493525DC178F00A1DC32 /* AllBooksView.swift */,
				8B42BE4925F794D800855D08 /* ScannerView.swift */,
				8B57F09125F7D9F2007DB517 /* CandidateView.swift */,
				8BE1493F25DD5D5200A1DC32 /* Components */,
				8BE1493125DC156400A1DC32 /* BookView.swift */,
				229E259A25254AED00C41777 /* ContentView.swift */,
				8B1F10E125ADC28800108A34 /* EntryView.swift */,
				8B58C7BF25B843C7007F6B70 /* IndexView.swift */,
				8B1F10D725ACB30A00108A34 /* ListView.swift */,
				8BE1493725DC250300A1DC32 /* FieldEditorView.swift */,
				8B58C7CB25B84AB8007F6B70 /* PreferencesView.swift */,
			);
			path = Views;
			sourceTree = "<group>";
		};
		226F15CE251A28EA00D6B12E = {
			isa = PBXGroup;
			children = (
				226F15D9251A28EA00D6B12E /* Sources */,
				22F685A5251B8BBA00E867CE /* Frameworks */,
				226F15D8251A28EA00D6B12E /* Products */,
				8B57F07A25F7B869007DB517 /* Tests */,
			);
			sourceTree = "<group>";
		};
		226F15D8251A28EA00D6B12E /* Products */ = {
			isa = PBXGroup;
			children = (
				226F15D7251A28EA00D6B12E /* Bookish Lists.app */,
				226F15E8251A28F600D6B12E /* BookishListsTests.xctest */,
				226F15F3251A28F600D6B12E /* BookishListsUITests.xctest */,
				22F68595251B8B7D00E867CE /* Tools */,
			);
			name = Products;
			sourceTree = "<group>";
		};
		226F15D9251A28EA00D6B12E /* Sources */ = {
			isa = PBXGroup;
			children = (
				22ED67F6251E43AA00B0226D /* BookishLists */,
				22F68596251B8B7D00E867CE /* Tools */,
			);
			path = Sources;
			sourceTree = "<group>";
		};
		226F15E0251A28F600D6B12E /* PreviewContent */ = {
			isa = PBXGroup;
			children = (
				226F15E1251A28F600D6B12E /* Preview Assets.xcassets */,
			);
			path = PreviewContent;
			sourceTree = "<group>";
		};
		226F15EB251A28F600D6B12E /* BookishListsTests */ = {
			isa = PBXGroup;
			children = (
				226F15EC251A28F600D6B12E /* BookishListsTests.swift */,
				226F15EE251A28F600D6B12E /* Info.plist */,
			);
			path = BookishListsTests;
			sourceTree = "<group>";
		};
		226F15F6251A28F600D6B12E /* BookishListsUITests */ = {
			isa = PBXGroup;
			children = (
				226F15F7251A28F600D6B12E /* BookishListsUITests.swift */,
				226F15F9251A28F600D6B12E /* Info.plist */,
			);
			path = BookishListsUITests;
			sourceTree = "<group>";
		};
		22ED67F1251E439200B0226D /* Resources */ = {
			isa = PBXGroup;
			children = (
				226F15E0251A28F600D6B12E /* PreviewContent */,
				22ED67EC251E438200B0226D /* BookishLists.entitlements */,
				8BE1493B25DD597B00A1DC32 /* Localizable.strings */,
				22ED67E3251E424600B0226D /* BookishLists.xcconfig */,
				226F15DE251A28F600D6B12E /* Assets.xcassets */,
				226F15E3251A28F600D6B12E /* Info.plist */,
				8B987CA925C04876003D6F9F /* BookishLists.xcdatamodeld */,
			);
			path = Resources;
			sourceTree = "<group>";
		};
		22ED67F6251E43AA00B0226D /* BookishLists */ = {
			isa = PBXGroup;
			children = (
				226F15DA251A28EA00D6B12E /* Application.swift */,
				8B987CB425C06708003D6F9F /* CDBook.swift */,
				8BED2A1725C97D29000DD7C6 /* CDProperty.swift */,
				8B987CBA25C0671E003D6F9F /* CDList.swift */,
				8B987C9E25C047E5003D6F9F /* CoreDataStack.swift */,
				8B57F08C25F7C166007DB517 /* DataFetcher.swift */,
				8BE1493925DC2CCB00A1DC32 /* Field.swift */,
				8BE1494025DD7D7D00A1DC32 /* FieldList.swift */,
				8BE1493325DC16E400A1DC32 /* IndexEntry.swift */,
				8B987CDC25C19263003D6F9F /* ExtensibleManagedObject.swift */,
				8B987D0825C1D519003D6F9F /* NamedManagedObject.swift */,
				221717DB2522773B00C43604 /* Model.swift */,
				8B987D0025C1CA60003D6F9F /* NSEntityDescriptionExtensions.swift */,
				8B39B478260252AB003B0C5B /* DeliciousImportMonitor.swift */,
				8B987CFF25C1CA60003D6F9F /* NSManagedObjectContextExtensions.swift */,
				8B987CFE25C1CA60003D6F9F /* NSManagedObjectExtensions.swift */,
				8B57F07F25F7C0E9007DB517 /* Lookup */,
				22ED67F1251E439200B0226D /* Resources */,
				2207D47025265FC400A014D5 /* Views */,
			);
			path = BookishLists;
			sourceTree = "<group>";
		};
		22F68596251B8B7D00E867CE /* Tools */ = {
			isa = PBXGroup;
			children = (
				22F68597251B8B7D00E867CE /* main.swift */,
				8BE9ADE9252B0DDA00F97D53 /* Tools.xcconfig */,
			);
			path = Tools;
			sourceTree = "<group>";
		};
		22F685A5251B8BBA00E867CE /* Frameworks */ = {
			isa = PBXGroup;
			children = (
				8B57F07B25F7B989007DB517 /* AVFoundation.framework */,
				8B58C7B325B71528007F6B70 /* CloudKit.framework */,
			);
			name = Frameworks;
			sourceTree = "<group>";
		};
		8B57F07A25F7B869007DB517 /* Tests */ = {
			isa = PBXGroup;
			children = (
				226F15F6251A28F600D6B12E /* BookishListsUITests */,
				226F15EB251A28F600D6B12E /* BookishListsTests */,
			);
			name = Tests;
			sourceTree = "<group>";
		};
		8B57F07F25F7C0E9007DB517 /* Lookup */ = {
			isa = PBXGroup;
			children = (
				8B57F08025F7C0E9007DB517 /* GoogleLookupService.swift */,
				8B57F08125F7C0E9007DB517 /* LookupManager.swift */,
				8B57F08225F7C0E9007DB517 /* LookupSession.swift */,
				8B57F08325F7C0E9007DB517 /* LookupService.swift */,
				8B57F08425F7C0E9007DB517 /* AmazonLookupService.swift */,
				8B57F08525F7C0E9007DB517 /* LookupCandidate.swift */,
			);
			path = Lookup;
			sourceTree = "<group>";
		};
		8BE1493F25DD5D5200A1DC32 /* Components */ = {
			isa = PBXGroup;
			children = (
				8BE1493D25DD5CA700A1DC32 /* FieldKindMenu.swift */,
				8B57F09325F7E096007DB517 /* SearchBar.swift */,
				8B39B47A26027F35003B0C5B /* DeferredTextField.swift */,
			);
			path = Components;
			sourceTree = "<group>";
		};
/* End PBXGroup section */

/* Begin PBXNativeTarget section */
		226F15D6251A28EA00D6B12E /* BookishLists */ = {
			isa = PBXNativeTarget;
			buildConfigurationList = 226F15FC251A28F600D6B12E /* Build configuration list for PBXNativeTarget "BookishLists" */;
			buildPhases = (
				226F15D3251A28EA00D6B12E /* Sources */,
				226F15D4251A28EA00D6B12E /* Frameworks */,
				226F15D5251A28EA00D6B12E /* Resources */,
			);
			buildRules = (
			);
			dependencies = (
				22F685AD251B8BC900E867CE /* PBXTargetDependency */,
			);
			name = BookishLists;
			packageProductDependencies = (
				8B6CAAC7252B2C8B00FF2035 /* KeyValueStore */,
				8B1F10F625ADE46500108A34 /* SwiftUIExtensions */,
				8B1F110625ADF4FD00108A34 /* Logger */,
				8B1F112E25ADF56F00108A34 /* Localization */,
				8B1F114125ADFB0D00108A34 /* ISBN */,
				8B1F115025AE04DE00108A34 /* BookishImporter */,
				8B2A7CC725AE140A0024C1A2 /* ThreadExtensions */,
				8B80467225B8788900698F28 /* SheetController */,
				8B80467C25B87C4A00698F28 /* LoggerUI */,
				8BED2A2325CAC0D1000DD7C6 /* Images */,
				8B57F08F25F7C6BD007DB517 /* CaptureView */,
			);
			productName = "Samedi's Crafting";
			productReference = 226F15D7251A28EA00D6B12E /* Bookish Lists.app */;
			productType = "com.apple.product-type.application";
		};
		226F15E7251A28F600D6B12E /* BookishListsTests */ = {
			isa = PBXNativeTarget;
			buildConfigurationList = 226F15FF251A28F600D6B12E /* Build configuration list for PBXNativeTarget "BookishListsTests" */;
			buildPhases = (
				226F15E4251A28F600D6B12E /* Sources */,
				226F15E5251A28F600D6B12E /* Frameworks */,
				226F15E6251A28F600D6B12E /* Resources */,
			);
			buildRules = (
			);
			dependencies = (
				226F15EA251A28F600D6B12E /* PBXTargetDependency */,
			);
			name = BookishListsTests;
			productName = "Samedi's CraftingTests";
			productReference = 226F15E8251A28F600D6B12E /* BookishListsTests.xctest */;
			productType = "com.apple.product-type.bundle.unit-test";
		};
		226F15F2251A28F600D6B12E /* BookishListsUITests */ = {
			isa = PBXNativeTarget;
			buildConfigurationList = 226F1602251A28F600D6B12E /* Build configuration list for PBXNativeTarget "BookishListsUITests" */;
			buildPhases = (
				226F15EF251A28F600D6B12E /* Sources */,
				226F15F0251A28F600D6B12E /* Frameworks */,
				226F15F1251A28F600D6B12E /* Resources */,
			);
			buildRules = (
			);
			dependencies = (
				226F15F5251A28F600D6B12E /* PBXTargetDependency */,
			);
			name = BookishListsUITests;
			productName = "Samedi's CraftingUITests";
			productReference = 226F15F3251A28F600D6B12E /* BookishListsUITests.xctest */;
			productType = "com.apple.product-type.bundle.ui-testing";
		};
		22F68594251B8B7D00E867CE /* Tools */ = {
			isa = PBXNativeTarget;
			buildConfigurationList = 22F68599251B8B7D00E867CE /* Build configuration list for PBXNativeTarget "Tools" */;
			buildPhases = (
				22F685A4251B8B9A00E867CE /* Update Build Version */,
			);
			buildRules = (
			);
			dependencies = (
			);
			name = Tools;
			packageProductDependencies = (
			);
			productName = Tools;
			productReference = 22F68595251B8B7D00E867CE /* Tools */;
			productType = "com.apple.product-type.tool";
		};
/* End PBXNativeTarget section */

/* Begin PBXProject section */
		226F15CF251A28EA00D6B12E /* Project object */ = {
			isa = PBXProject;
			attributes = {
				LastSwiftUpdateCheck = 1200;
				LastUpgradeCheck = 1230;
				TargetAttributes = {
					226F15D6251A28EA00D6B12E = {
						CreatedOnToolsVersion = 12.0;
					};
					226F15E7251A28F600D6B12E = {
						CreatedOnToolsVersion = 12.0;
						TestTargetID = 226F15D6251A28EA00D6B12E;
					};
					226F15F2251A28F600D6B12E = {
						CreatedOnToolsVersion = 12.0;
						TestTargetID = 226F15D6251A28EA00D6B12E;
					};
					22F68594251B8B7D00E867CE = {
						CreatedOnToolsVersion = 12.0;
					};
				};
			};
			buildConfigurationList = 226F15D2251A28EA00D6B12E /* Build configuration list for PBXProject "BookishLists" */;
			compatibilityVersion = "Xcode 9.3";
			developmentRegion = en;
			hasScannedForEncodings = 0;
			knownRegions = (
				en,
				Base,
			);
			mainGroup = 226F15CE251A28EA00D6B12E;
			packageReferences = (
				8B6CAAC6252B2C8B00FF2035 /* XCRemoteSwiftPackageReference "KeyValueStore" */,
				8B1F10F525ADE46500108A34 /* XCRemoteSwiftPackageReference "SwiftUIExtensions" */,
				8B1F110525ADF4FD00108A34 /* XCRemoteSwiftPackageReference "Logger" */,
				8B1F112D25ADF56F00108A34 /* XCRemoteSwiftPackageReference "Localization" */,
				8B1F114025ADFB0D00108A34 /* XCRemoteSwiftPackageReference "ISBN" */,
				8B1F114F25AE04DE00108A34 /* XCRemoteSwiftPackageReference "BookishImporter" */,
				8B2A7CC625AE140A0024C1A2 /* XCRemoteSwiftPackageReference "ThreadExtensions" */,
				8B80467125B8788900698F28 /* XCRemoteSwiftPackageReference "SheetController" */,
				8BED2A2225CAC0D1000DD7C6 /* XCRemoteSwiftPackageReference "Images" */,
				8B57F08E25F7C6BD007DB517 /* XCRemoteSwiftPackageReference "CaptureView" */,
			);
			productRefGroup = 226F15D8251A28EA00D6B12E /* Products */;
			projectDirPath = "";
			projectRoot = "";
			targets = (
				226F15D6251A28EA00D6B12E /* BookishLists */,
				22F68594251B8B7D00E867CE /* Tools */,
				226F15E7251A28F600D6B12E /* BookishListsTests */,
				226F15F2251A28F600D6B12E /* BookishListsUITests */,
			);
		};
/* End PBXProject section */

/* Begin PBXResourcesBuildPhase section */
		226F15D5251A28EA00D6B12E /* Resources */ = {
			isa = PBXResourcesBuildPhase;
			buildActionMask = 2147483647;
			files = (
				8BE1493C25DD597B00A1DC32 /* Localizable.strings in Resources */,
				8B1F10D225AC971A00108A34 /* Assets.xcassets in Resources */,
				226F15E2251A28F600D6B12E /* Preview Assets.xcassets in Resources */,
			);
			runOnlyForDeploymentPostprocessing = 0;
		};
		226F15E6251A28F600D6B12E /* Resources */ = {
			isa = PBXResourcesBuildPhase;
			buildActionMask = 2147483647;
			files = (
			);
			runOnlyForDeploymentPostprocessing = 0;
		};
		226F15F1251A28F600D6B12E /* Resources */ = {
			isa = PBXResourcesBuildPhase;
			buildActionMask = 2147483647;
			files = (
			);
			runOnlyForDeploymentPostprocessing = 0;
		};
/* End PBXResourcesBuildPhase section */

/* Begin PBXShellScriptBuildPhase section */
		22F685A4251B8B9A00E867CE /* Update Build Version */ = {
			isa = PBXShellScriptBuildPhase;
			buildActionMask = 2147483647;
			files = (
			);
			inputFileListPaths = (
			);
			inputPaths = (
			);
			name = "Update Build Version";
			outputFileListPaths = (
			);
			outputPaths = (
			);
			runOnlyForDeploymentPostprocessing = 0;
			shellPath = /bin/sh;
			shellScript = "source \"$PROJECT_DIR/Extras/Scripts/bootstrap-tools\"\n\"$RT\" update-build --header \"$BUILT_PRODUCTS_DIR/RTInfo.h\" --repo \"$SOURCE_ROOT\"\n";
		};
/* End PBXShellScriptBuildPhase section */

/* Begin PBXSourcesBuildPhase section */
		226F15D3251A28EA00D6B12E /* Sources */ = {
			isa = PBXSourcesBuildPhase;
			buildActionMask = 2147483647;
			files = (
				8B57F08625F7C0E9007DB517 /* GoogleLookupService.swift in Sources */,
				8BE1493825DC250300A1DC32 /* FieldEditorView.swift in Sources */,
				8B57F08B25F7C0E9007DB517 /* LookupCandidate.swift in Sources */,
				8BE1493A25DC2CCB00A1DC32 /* Field.swift in Sources */,
				8B57F08A25F7C0E9007DB517 /* AmazonLookupService.swift in Sources */,
				8BE1493E25DD5CA700A1DC32 /* FieldKindMenu.swift in Sources */,
				8B57F08725F7C0E9007DB517 /* LookupManager.swift in Sources */,
				8B57F09425F7E096007DB517 /* SearchBar.swift in Sources */,
				229E259B25254AED00C41777 /* ContentView.swift in Sources */,
				8BE1493225DC156400A1DC32 /* BookView.swift in Sources */,
				8B42BE4825F7912700855D08 /* IndexMenuView.swift in Sources */,
				8B58C7C025B843C7007F6B70 /* IndexView.swift in Sources */,
				8B987CBB25C0671E003D6F9F /* CDList.swift in Sources */,
				8B39B479260252AB003B0C5B /* DeliciousImportMonitor.swift in Sources */,
				8B987CAB25C04876003D6F9F /* BookishLists.xcdatamodeld in Sources */,
				8B42BE4A25F794D800855D08 /* ScannerView.swift in Sources */,
				8B57F08D25F7C166007DB517 /* DataFetcher.swift in Sources */,
				8BE1494125DD7D7D00A1DC32 /* FieldList.swift in Sources */,
				8B987C9F25C047E5003D6F9F /* CoreDataStack.swift in Sources */,
				8B987D0325C1CA60003D6F9F /* NSEntityDescriptionExtensions.swift in Sources */,
				8B57F09225F7D9F2007DB517 /* CandidateView.swift in Sources */,
				8BE1493625DC178F00A1DC32 /* AllBooksView.swift in Sources */,
				8B1F10D825ACB30A00108A34 /* ListView.swift in Sources */,
				8B1F10E225ADC28800108A34 /* EntryView.swift in Sources */,
				8B987D0125C1CA60003D6F9F /* NSManagedObjectExtensions.swift in Sources */,
				8B987CB525C06708003D6F9F /* CDBook.swift in Sources */,
				8B987D0225C1CA60003D6F9F /* NSManagedObjectContextExtensions.swift in Sources */,
				8BE1493425DC16E400A1DC32 /* IndexEntry.swift in Sources */,
				226F15DB251A28EA00D6B12E /* Application.swift in Sources */,
				8B57F08925F7C0E9007DB517 /* LookupService.swift in Sources */,
				221717DC2522773B00C43604 /* Model.swift in Sources */,
				8B58C7CC25B84AB8007F6B70 /* PreferencesView.swift in Sources */,
				8BED2A1825C97D29000DD7C6 /* CDProperty.swift in Sources */,
				8B57F08825F7C0E9007DB517 /* LookupSession.swift in Sources */,
				8B39B47B26027F35003B0C5B /* DeferredTextField.swift in Sources */,
				8B987D0925C1D519003D6F9F /* NamedManagedObject.swift in Sources */,
				8B987CDD25C19263003D6F9F /* ExtensibleManagedObject.swift in Sources */,
			);
			runOnlyForDeploymentPostprocessing = 0;
		};
		226F15E4251A28F600D6B12E /* Sources */ = {
			isa = PBXSourcesBuildPhase;
			buildActionMask = 2147483647;
			files = (
				226F15ED251A28F600D6B12E /* BookishListsTests.swift in Sources */,
			);
			runOnlyForDeploymentPostprocessing = 0;
		};
		226F15EF251A28F600D6B12E /* Sources */ = {
			isa = PBXSourcesBuildPhase;
			buildActionMask = 2147483647;
			files = (
				226F15F8251A28F600D6B12E /* BookishListsUITests.swift in Sources */,
			);
			runOnlyForDeploymentPostprocessing = 0;
		};
/* End PBXSourcesBuildPhase section */

/* Begin PBXTargetDependency section */
		226F15EA251A28F600D6B12E /* PBXTargetDependency */ = {
			isa = PBXTargetDependency;
			target = 226F15D6251A28EA00D6B12E /* BookishLists */;
			targetProxy = 226F15E9251A28F600D6B12E /* PBXContainerItemProxy */;
		};
		226F15F5251A28F600D6B12E /* PBXTargetDependency */ = {
			isa = PBXTargetDependency;
			target = 226F15D6251A28EA00D6B12E /* BookishLists */;
			targetProxy = 226F15F4251A28F600D6B12E /* PBXContainerItemProxy */;
		};
		22F685AD251B8BC900E867CE /* PBXTargetDependency */ = {
			isa = PBXTargetDependency;
			target = 22F68594251B8B7D00E867CE /* Tools */;
			targetProxy = 22F685AC251B8BC900E867CE /* PBXContainerItemProxy */;
		};
/* End PBXTargetDependency section */

/* Begin XCBuildConfiguration section */
		226F15FA251A28F600D6B12E /* Debug */ = {
			isa = XCBuildConfiguration;
			buildSettings = {
				ALWAYS_SEARCH_USER_PATHS = NO;
				CLANG_ANALYZER_NONNULL = YES;
				CLANG_ANALYZER_NUMBER_OBJECT_CONVERSION = YES_AGGRESSIVE;
				CLANG_CXX_LANGUAGE_STANDARD = "gnu++14";
				CLANG_CXX_LIBRARY = "libc++";
				CLANG_ENABLE_MODULES = YES;
				CLANG_ENABLE_OBJC_ARC = YES;
				CLANG_ENABLE_OBJC_WEAK = YES;
				CLANG_WARN_BLOCK_CAPTURE_AUTORELEASING = YES;
				CLANG_WARN_BOOL_CONVERSION = YES;
				CLANG_WARN_COMMA = YES;
				CLANG_WARN_CONSTANT_CONVERSION = YES;
				CLANG_WARN_DEPRECATED_OBJC_IMPLEMENTATIONS = YES;
				CLANG_WARN_DIRECT_OBJC_ISA_USAGE = YES_ERROR;
				CLANG_WARN_DOCUMENTATION_COMMENTS = YES;
				CLANG_WARN_EMPTY_BODY = YES;
				CLANG_WARN_ENUM_CONVERSION = YES;
				CLANG_WARN_INFINITE_RECURSION = YES;
				CLANG_WARN_INT_CONVERSION = YES;
				CLANG_WARN_NON_LITERAL_NULL_CONVERSION = YES;
				CLANG_WARN_OBJC_IMPLICIT_RETAIN_SELF = YES;
				CLANG_WARN_OBJC_LITERAL_CONVERSION = YES;
				CLANG_WARN_OBJC_ROOT_CLASS = YES_ERROR;
				CLANG_WARN_QUOTED_INCLUDE_IN_FRAMEWORK_HEADER = YES;
				CLANG_WARN_RANGE_LOOP_ANALYSIS = YES;
				CLANG_WARN_STRICT_PROTOTYPES = YES;
				CLANG_WARN_SUSPICIOUS_MOVE = YES;
				CLANG_WARN_UNGUARDED_AVAILABILITY = YES_AGGRESSIVE;
				CLANG_WARN_UNREACHABLE_CODE = YES;
				CLANG_WARN__DUPLICATE_METHOD_MATCH = YES;
				COPY_PHASE_STRIP = NO;
				DEBUG_INFORMATION_FORMAT = dwarf;
				ENABLE_STRICT_OBJC_MSGSEND = YES;
				ENABLE_TESTABILITY = YES;
				GCC_C_LANGUAGE_STANDARD = gnu11;
				GCC_DYNAMIC_NO_PIC = NO;
				GCC_NO_COMMON_BLOCKS = YES;
				GCC_OPTIMIZATION_LEVEL = 0;
				GCC_PREPROCESSOR_DEFINITIONS = (
					"DEBUG=1",
					"$(inherited)",
				);
				GCC_WARN_64_TO_32_BIT_CONVERSION = YES;
				GCC_WARN_ABOUT_RETURN_TYPE = YES_ERROR;
				GCC_WARN_UNDECLARED_SELECTOR = YES;
				GCC_WARN_UNINITIALIZED_AUTOS = YES_AGGRESSIVE;
				GCC_WARN_UNUSED_FUNCTION = YES;
				GCC_WARN_UNUSED_VARIABLE = YES;
				IPHONEOS_DEPLOYMENT_TARGET = 14.0;
				MACOSX_DEPLOYMENT_TARGET = 11.1;
				MTL_ENABLE_DEBUG_INFO = INCLUDE_SOURCE;
				MTL_FAST_MATH = YES;
				ONLY_ACTIVE_ARCH = YES;
				SDKROOT = iphoneos;
				SWIFT_ACTIVE_COMPILATION_CONDITIONS = DEBUG;
				SWIFT_OPTIMIZATION_LEVEL = "-Onone";
			};
			name = Debug;
		};
		226F15FB251A28F600D6B12E /* Release */ = {
			isa = XCBuildConfiguration;
			buildSettings = {
				ALWAYS_SEARCH_USER_PATHS = NO;
				CLANG_ANALYZER_NONNULL = YES;
				CLANG_ANALYZER_NUMBER_OBJECT_CONVERSION = YES_AGGRESSIVE;
				CLANG_CXX_LANGUAGE_STANDARD = "gnu++14";
				CLANG_CXX_LIBRARY = "libc++";
				CLANG_ENABLE_MODULES = YES;
				CLANG_ENABLE_OBJC_ARC = YES;
				CLANG_ENABLE_OBJC_WEAK = YES;
				CLANG_WARN_BLOCK_CAPTURE_AUTORELEASING = YES;
				CLANG_WARN_BOOL_CONVERSION = YES;
				CLANG_WARN_COMMA = YES;
				CLANG_WARN_CONSTANT_CONVERSION = YES;
				CLANG_WARN_DEPRECATED_OBJC_IMPLEMENTATIONS = YES;
				CLANG_WARN_DIRECT_OBJC_ISA_USAGE = YES_ERROR;
				CLANG_WARN_DOCUMENTATION_COMMENTS = YES;
				CLANG_WARN_EMPTY_BODY = YES;
				CLANG_WARN_ENUM_CONVERSION = YES;
				CLANG_WARN_INFINITE_RECURSION = YES;
				CLANG_WARN_INT_CONVERSION = YES;
				CLANG_WARN_NON_LITERAL_NULL_CONVERSION = YES;
				CLANG_WARN_OBJC_IMPLICIT_RETAIN_SELF = YES;
				CLANG_WARN_OBJC_LITERAL_CONVERSION = YES;
				CLANG_WARN_OBJC_ROOT_CLASS = YES_ERROR;
				CLANG_WARN_QUOTED_INCLUDE_IN_FRAMEWORK_HEADER = YES;
				CLANG_WARN_RANGE_LOOP_ANALYSIS = YES;
				CLANG_WARN_STRICT_PROTOTYPES = YES;
				CLANG_WARN_SUSPICIOUS_MOVE = YES;
				CLANG_WARN_UNGUARDED_AVAILABILITY = YES_AGGRESSIVE;
				CLANG_WARN_UNREACHABLE_CODE = YES;
				CLANG_WARN__DUPLICATE_METHOD_MATCH = YES;
				COPY_PHASE_STRIP = NO;
				DEBUG_INFORMATION_FORMAT = "dwarf-with-dsym";
				ENABLE_NS_ASSERTIONS = NO;
				ENABLE_STRICT_OBJC_MSGSEND = YES;
				GCC_C_LANGUAGE_STANDARD = gnu11;
				GCC_NO_COMMON_BLOCKS = YES;
				GCC_WARN_64_TO_32_BIT_CONVERSION = YES;
				GCC_WARN_ABOUT_RETURN_TYPE = YES_ERROR;
				GCC_WARN_UNDECLARED_SELECTOR = YES;
				GCC_WARN_UNINITIALIZED_AUTOS = YES_AGGRESSIVE;
				GCC_WARN_UNUSED_FUNCTION = YES;
				GCC_WARN_UNUSED_VARIABLE = YES;
				IPHONEOS_DEPLOYMENT_TARGET = 14.0;
				MACOSX_DEPLOYMENT_TARGET = 11.1;
				MTL_ENABLE_DEBUG_INFO = NO;
				MTL_FAST_MATH = YES;
				SDKROOT = iphoneos;
				SWIFT_COMPILATION_MODE = wholemodule;
				SWIFT_OPTIMIZATION_LEVEL = "-O";
				VALIDATE_PRODUCT = YES;
			};
			name = Release;
		};
		226F15FD251A28F600D6B12E /* Debug */ = {
			isa = XCBuildConfiguration;
			baseConfigurationReference = 22ED67E3251E424600B0226D /* BookishLists.xcconfig */;
			buildSettings = {
				ENABLE_PREVIEWS = YES;
				IPHONEOS_DEPLOYMENT_TARGET = 14.0;
			};
			name = Debug;
		};
		226F15FE251A28F600D6B12E /* Release */ = {
			isa = XCBuildConfiguration;
			baseConfigurationReference = 22ED67E3251E424600B0226D /* BookishLists.xcconfig */;
			buildSettings = {
				ENABLE_PREVIEWS = YES;
				IPHONEOS_DEPLOYMENT_TARGET = 14.0;
			};
			name = Release;
		};
		226F1600251A28F600D6B12E /* Debug */ = {
			isa = XCBuildConfiguration;
			buildSettings = {
				ALWAYS_EMBED_SWIFT_STANDARD_LIBRARIES = YES;
				BUNDLE_LOADER = "$(TEST_HOST)";
				CODE_SIGN_STYLE = Automatic;
				DEVELOPMENT_TEAM = 2H48644JM2;
				INFOPLIST_FILE = "Samedi's CraftingTests/Info.plist";
				IPHONEOS_DEPLOYMENT_TARGET = 14.0;
				LD_RUNPATH_SEARCH_PATHS = (
					"$(inherited)",
					"@executable_path/Frameworks",
					"@loader_path/Frameworks",
				);
				PRODUCT_BUNDLE_IDENTIFIER = "com.elegantchaos.Samedi-s-CraftingTests";
				PRODUCT_NAME = "$(TARGET_NAME)";
				SWIFT_VERSION = 5.0;
				TARGETED_DEVICE_FAMILY = "1,2";
				TEST_HOST = "$(BUILT_PRODUCTS_DIR)/BookishLists.app/BookishLists";
			};
			name = Debug;
		};
		226F1601251A28F600D6B12E /* Release */ = {
			isa = XCBuildConfiguration;
			buildSettings = {
				ALWAYS_EMBED_SWIFT_STANDARD_LIBRARIES = YES;
				BUNDLE_LOADER = "$(TEST_HOST)";
				CODE_SIGN_STYLE = Automatic;
				DEVELOPMENT_TEAM = 2H48644JM2;
				INFOPLIST_FILE = "Samedi's CraftingTests/Info.plist";
				IPHONEOS_DEPLOYMENT_TARGET = 14.0;
				LD_RUNPATH_SEARCH_PATHS = (
					"$(inherited)",
					"@executable_path/Frameworks",
					"@loader_path/Frameworks",
				);
				PRODUCT_BUNDLE_IDENTIFIER = "com.elegantchaos.Samedi-s-CraftingTests";
				PRODUCT_NAME = "$(TARGET_NAME)";
				SWIFT_VERSION = 5.0;
				TARGETED_DEVICE_FAMILY = "1,2";
				TEST_HOST = "$(BUILT_PRODUCTS_DIR)/BookishLists.app/BookishLists";
			};
			name = Release;
		};
		226F1603251A28F600D6B12E /* Debug */ = {
			isa = XCBuildConfiguration;
			buildSettings = {
				ALWAYS_EMBED_SWIFT_STANDARD_LIBRARIES = YES;
				CODE_SIGN_STYLE = Automatic;
				DEVELOPMENT_TEAM = 2H48644JM2;
				INFOPLIST_FILE = "Samedi's CraftingUITests/Info.plist";
				LD_RUNPATH_SEARCH_PATHS = (
					"$(inherited)",
					"@executable_path/Frameworks",
					"@loader_path/Frameworks",
				);
				PRODUCT_BUNDLE_IDENTIFIER = "com.elegantchaos.Samedi-s-CraftingUITests";
				PRODUCT_NAME = "$(TARGET_NAME)";
				SWIFT_VERSION = 5.0;
				TARGETED_DEVICE_FAMILY = "1,2";
				TEST_TARGET_NAME = "Samedi's Crafting";
			};
			name = Debug;
		};
		226F1604251A28F600D6B12E /* Release */ = {
			isa = XCBuildConfiguration;
			buildSettings = {
				ALWAYS_EMBED_SWIFT_STANDARD_LIBRARIES = YES;
				CODE_SIGN_STYLE = Automatic;
				DEVELOPMENT_TEAM = 2H48644JM2;
				INFOPLIST_FILE = "Samedi's CraftingUITests/Info.plist";
				LD_RUNPATH_SEARCH_PATHS = (
					"$(inherited)",
					"@executable_path/Frameworks",
					"@loader_path/Frameworks",
				);
				PRODUCT_BUNDLE_IDENTIFIER = "com.elegantchaos.Samedi-s-CraftingUITests";
				PRODUCT_NAME = "$(TARGET_NAME)";
				SWIFT_VERSION = 5.0;
				TARGETED_DEVICE_FAMILY = "1,2";
				TEST_TARGET_NAME = "Samedi's Crafting";
			};
			name = Release;
		};
		22F6859A251B8B7D00E867CE /* Debug */ = {
			isa = XCBuildConfiguration;
			baseConfigurationReference = 8BE9ADE9252B0DDA00F97D53 /* Tools.xcconfig */;
			buildSettings = {
				CODE_SIGN_IDENTITY = "-";
				CODE_SIGN_STYLE = Automatic;
				DEVELOPMENT_TEAM = 2H48644JM2;
				ENABLE_HARDENED_RUNTIME = YES;
				MACOSX_DEPLOYMENT_TARGET = 10.15;
				SDKROOT = macosx;
				SKIP_INSTALL = YES;
				SUPPORTED_PLATFORMS = macosx;
				SWIFT_VERSION = 5.0;
			};
			name = Debug;
		};
		22F6859B251B8B7D00E867CE /* Release */ = {
			isa = XCBuildConfiguration;
			baseConfigurationReference = 8BE9ADE9252B0DDA00F97D53 /* Tools.xcconfig */;
			buildSettings = {
				CODE_SIGN_IDENTITY = "-";
				CODE_SIGN_STYLE = Automatic;
				DEVELOPMENT_TEAM = 2H48644JM2;
				ENABLE_HARDENED_RUNTIME = YES;
				MACOSX_DEPLOYMENT_TARGET = 10.15;
				SDKROOT = macosx;
				SKIP_INSTALL = YES;
				SUPPORTED_PLATFORMS = macosx;
				SWIFT_VERSION = 5.0;
			};
			name = Release;
		};
/* End XCBuildConfiguration section */

/* Begin XCConfigurationList section */
		226F15D2251A28EA00D6B12E /* Build configuration list for PBXProject "BookishLists" */ = {
			isa = XCConfigurationList;
			buildConfigurations = (
				226F15FA251A28F600D6B12E /* Debug */,
				226F15FB251A28F600D6B12E /* Release */,
			);
			defaultConfigurationIsVisible = 0;
			defaultConfigurationName = Release;
		};
		226F15FC251A28F600D6B12E /* Build configuration list for PBXNativeTarget "BookishLists" */ = {
			isa = XCConfigurationList;
			buildConfigurations = (
				226F15FD251A28F600D6B12E /* Debug */,
				226F15FE251A28F600D6B12E /* Release */,
			);
			defaultConfigurationIsVisible = 0;
			defaultConfigurationName = Release;
		};
		226F15FF251A28F600D6B12E /* Build configuration list for PBXNativeTarget "BookishListsTests" */ = {
			isa = XCConfigurationList;
			buildConfigurations = (
				226F1600251A28F600D6B12E /* Debug */,
				226F1601251A28F600D6B12E /* Release */,
			);
			defaultConfigurationIsVisible = 0;
			defaultConfigurationName = Release;
		};
		226F1602251A28F600D6B12E /* Build configuration list for PBXNativeTarget "BookishListsUITests" */ = {
			isa = XCConfigurationList;
			buildConfigurations = (
				226F1603251A28F600D6B12E /* Debug */,
				226F1604251A28F600D6B12E /* Release */,
			);
			defaultConfigurationIsVisible = 0;
			defaultConfigurationName = Release;
		};
		22F68599251B8B7D00E867CE /* Build configuration list for PBXNativeTarget "Tools" */ = {
			isa = XCConfigurationList;
			buildConfigurations = (
				22F6859A251B8B7D00E867CE /* Debug */,
				22F6859B251B8B7D00E867CE /* Release */,
			);
			defaultConfigurationIsVisible = 0;
			defaultConfigurationName = Release;
		};
/* End XCConfigurationList section */

/* Begin XCRemoteSwiftPackageReference section */
		8B1F10F525ADE46500108A34 /* XCRemoteSwiftPackageReference "SwiftUIExtensions" */ = {
			isa = XCRemoteSwiftPackageReference;
			repositoryURL = "https://github.com/elegantchaos/SwiftUIExtensions.git";
			requirement = {
				kind = upToNextMajorVersion;
				minimumVersion = 1.3.1;
			};
		};
		8B1F110525ADF4FD00108A34 /* XCRemoteSwiftPackageReference "Logger" */ = {
			isa = XCRemoteSwiftPackageReference;
			repositoryURL = "https://github.com/elegantchaos/Logger.git";
			requirement = {
				kind = upToNextMajorVersion;
				minimumVersion = 1.6.0;
			};
		};
		8B1F112D25ADF56F00108A34 /* XCRemoteSwiftPackageReference "Localization" */ = {
			isa = XCRemoteSwiftPackageReference;
			repositoryURL = "https://github.com/elegantchaos/Localization.git";
			requirement = {
				kind = upToNextMajorVersion;
				minimumVersion = 1.0.3;
			};
		};
		8B1F114025ADFB0D00108A34 /* XCRemoteSwiftPackageReference "ISBN" */ = {
			isa = XCRemoteSwiftPackageReference;
			repositoryURL = "https://github.com/elegantchaos/ISBN.git";
			requirement = {
				kind = upToNextMajorVersion;
				minimumVersion = 1.0.2;
			};
		};
		8B1F114F25AE04DE00108A34 /* XCRemoteSwiftPackageReference "BookishImporter" */ = {
			isa = XCRemoteSwiftPackageReference;
			repositoryURL = "https://github.com/elegantchaos/BookishImporter.git";
			requirement = {
				kind = upToNextMajorVersion;
				minimumVersion = 1.0.0;
			};
		};
		8B2A7CC625AE140A0024C1A2 /* XCRemoteSwiftPackageReference "ThreadExtensions" */ = {
			isa = XCRemoteSwiftPackageReference;
			repositoryURL = "https://github.com/elegantchaos/ThreadExtensions.git";
			requirement = {
				kind = upToNextMajorVersion;
				minimumVersion = 1.0.0;
			};
		};
		8B57F08E25F7C6BD007DB517 /* XCRemoteSwiftPackageReference "CaptureView" */ = {
			isa = XCRemoteSwiftPackageReference;
			repositoryURL = "https://github.com/elegantchaos/CaptureView.git";
			requirement = {
				kind = upToNextMajorVersion;
				minimumVersion = 1.0.2;
			};
		};
		8B6CAAC6252B2C8B00FF2035 /* XCRemoteSwiftPackageReference "KeyValueStore" */ = {
			isa = XCRemoteSwiftPackageReference;
			repositoryURL = "https://github.com/elegantchaos/KeyValueStore.git";
			requirement = {
				kind = upToNextMajorVersion;
				minimumVersion = 1.0.0;
			};
		};
		8B80467125B8788900698F28 /* XCRemoteSwiftPackageReference "SheetController" */ = {
			isa = XCRemoteSwiftPackageReference;
			repositoryURL = "https://github.com/elegantchaos/SheetController.git";
			requirement = {
				kind = upToNextMajorVersion;
				minimumVersion = 1.0.1;
			};
		};
		8BED2A2225CAC0D1000DD7C6 /* XCRemoteSwiftPackageReference "Images" */ = {
			isa = XCRemoteSwiftPackageReference;
			repositoryURL = "https://github.com/elegantchaos/Images.git";
			requirement = {
				kind = upToNextMajorVersion;
				minimumVersion = 1.1.0;
			};
		};
/* End XCRemoteSwiftPackageReference section */

/* Begin XCSwiftPackageProductDependency section */
		8B1F10F625ADE46500108A34 /* SwiftUIExtensions */ = {
			isa = XCSwiftPackageProductDependency;
			package = 8B1F10F525ADE46500108A34 /* XCRemoteSwiftPackageReference "SwiftUIExtensions" */;
			productName = SwiftUIExtensions;
		};
		8B1F110625ADF4FD00108A34 /* Logger */ = {
			isa = XCSwiftPackageProductDependency;
			package = 8B1F110525ADF4FD00108A34 /* XCRemoteSwiftPackageReference "Logger" */;
			productName = Logger;
		};
		8B1F112E25ADF56F00108A34 /* Localization */ = {
			isa = XCSwiftPackageProductDependency;
			package = 8B1F112D25ADF56F00108A34 /* XCRemoteSwiftPackageReference "Localization" */;
			productName = Localization;
		};
		8B1F114125ADFB0D00108A34 /* ISBN */ = {
			isa = XCSwiftPackageProductDependency;
			package = 8B1F114025ADFB0D00108A34 /* XCRemoteSwiftPackageReference "ISBN" */;
			productName = ISBN;
		};
		8B1F115025AE04DE00108A34 /* BookishImporter */ = {
			isa = XCSwiftPackageProductDependency;
			package = 8B1F114F25AE04DE00108A34 /* XCRemoteSwiftPackageReference "BookishImporter" */;
			productName = BookishImporter;
		};
		8B2A7CC725AE140A0024C1A2 /* ThreadExtensions */ = {
			isa = XCSwiftPackageProductDependency;
			package = 8B2A7CC625AE140A0024C1A2 /* XCRemoteSwiftPackageReference "ThreadExtensions" */;
			productName = ThreadExtensions;
		};
		8B57F08F25F7C6BD007DB517 /* CaptureView */ = {
			isa = XCSwiftPackageProductDependency;
			package = 8B57F08E25F7C6BD007DB517 /* XCRemoteSwiftPackageReference "CaptureView" */;
			productName = CaptureView;
		};
		8B6CAAC7252B2C8B00FF2035 /* KeyValueStore */ = {
			isa = XCSwiftPackageProductDependency;
			package = 8B6CAAC6252B2C8B00FF2035 /* XCRemoteSwiftPackageReference "KeyValueStore" */;
			productName = KeyValueStore;
		};
		8B80467225B8788900698F28 /* SheetController */ = {
			isa = XCSwiftPackageProductDependency;
			package = 8B80467125B8788900698F28 /* XCRemoteSwiftPackageReference "SheetController" */;
			productName = SheetController;
		};
		8B80467C25B87C4A00698F28 /* LoggerUI */ = {
			isa = XCSwiftPackageProductDependency;
			productName = LoggerUI;
		};
		8BED2A2325CAC0D1000DD7C6 /* Images */ = {
			isa = XCSwiftPackageProductDependency;
			package = 8BED2A2225CAC0D1000DD7C6 /* XCRemoteSwiftPackageReference "Images" */;
			productName = Images;
		};
/* End XCSwiftPackageProductDependency section */

/* Begin XCVersionGroup section */
		8B987CA925C04876003D6F9F /* BookishLists.xcdatamodeld */ = {
			isa = XCVersionGroup;
			children = (
				8B987CAA25C04876003D6F9F /* BooklistLists.xcdatamodel */,
			);
			currentVersion = 8B987CAA25C04876003D6F9F /* BooklistLists.xcdatamodel */;
			path = BookishLists.xcdatamodeld;
			sourceTree = "<group>";
			versionGroupType = wrapper.xcdatamodel;
		};
/* End XCVersionGroup section */
	};
	rootObject = 226F15CF251A28EA00D6B12E /* Project object */;
}
