{
  "pins" : [
    {
      "identity" : "elegantstrings",
      "kind" : "remoteSourceControl",
      "location" : "https://github.com/elegantchaos/ElegantStrings.git",
      "state" : {
        "revision" : "ba06b17894fc4acef01b0a22ab17122b2397e1e6",
        "version" : "1.0.2"
      }
    },
    {
      "identity" : "expressions",
      "kind" : "remoteSourceControl",
      "location" : "https://github.com/elegantchaos/Expressions.git",
      "state" : {
        "revision" : "3f1a4caccb9e33d95d0650e9b78350acd3576300",
        "version" : "1.1.1"
      }
    },
    {
      "identity" : "logger",
      "kind" : "remoteSourceControl",
      "location" : "https://github.com/elegantchaos/Logger.git",
      "state" : {
        "revision" : "c1d6df4eaf73f88e18ee23da02224069b17ab313",
        "version" : "2.0.4"
      }
    }
  ],
  "version" : 2
}
