<?xml version="1.0" encoding="UTF-8"?>
<Scheme
   LastUpgradeVersion = "1020"
   version = "1.7">
   <BuildAction
      parallelizeBuildables = "NO"
      buildImplicitDependencies = "NO">
      <PreActions>
         <ExecutionAction
            ActionType = "Xcode.IDEStandardExecutionActionsCore.ExecutionActionType.ShellScriptAction">
            <ActionContent
               title = "Update Build Number"
               scriptText = "# update main Bookish build number&#10;&quot;$SOURCE_ROOT/Dependencies/BookishModel/.bin/updatebuild&quot;&#10;&#10;# update BookishModel build number&#10;cd &quot;$SOURCE_ROOT/Dependencies/BookishModel&quot;&#10;export SOURCE_ROOT=`pwd`&#10;&quot;.bin/updatebuild&quot;&#10;&#10;">
               <EnvironmentBuildable>
                  <BuildableReference
                     BuildableIdentifier = "primary"
                     BlueprintIdentifier = "22429310212ADC4300E70510"
                     BuildableName = "Bookish.app"
                     BlueprintName = "BookishMobile"
                     ReferencedContainer = "container:Bookish.xcodeproj">
                  </BuildableReference>
               </EnvironmentBuildable>
            </ActionContent>
         </ExecutionAction>
      </PreActions>
      <BuildActionEntries>
         <BuildActionEntry
            buildForTesting = "YES"
            buildForRunning = "YES"
            buildForProfiling = "YES"
            buildForArchiving = "YES"
            buildForAnalyzing = "YES">
            <BuildableReference
               BuildableIdentifier = "primary"
               BlueprintIdentifier = "E9D630191BFEB26300B60D60"
               BuildableName = "Ensembles.framework"
               BlueprintName = "Ensembles iOS Module"
               ReferencedContainer = "container:Dependencies/Ensembles/Framework/Ensembles iOS.xcodeproj">
            </BuildableReference>
         </BuildActionEntry>
         <BuildActionEntry
            buildForTesting = "YES"
            buildForRunning = "YES"
            buildForProfiling = "YES"
            buildForArchiving = "YES"
            buildForAnalyzing = "YES">
            <BuildableReference
               BuildableIdentifier = "primary"
               BlueprintIdentifier = "224293B2212AE16200E70510"
               BuildableName = "BookishModel.framework"
               BlueprintName = "BookishModelMobile"
               ReferencedContainer = "container:Dependencies/BookishModel/BookishModel.xcodeproj">
            </BuildableReference>
         </BuildActionEntry>
         <BuildActionEntry
            buildForTesting = "YES"
            buildForRunning = "YES"
            buildForProfiling = "YES"
            buildForArchiving = "YES"
            buildForAnalyzing = "YES">
            <BuildableReference
               BuildableIdentifier = "primary"
               BlueprintIdentifier = "22429310212ADC4300E70510"
               BuildableName = "Bookish.app"
               BlueprintName = "BookishMobile"
               ReferencedContainer = "container:Bookish.xcodeproj">
            </BuildableReference>
         </BuildActionEntry>
         <BuildActionEntry
            buildForTesting = "NO"
            buildForRunning = "NO"
            buildForProfiling = "NO"
            buildForArchiving = "NO"
            buildForAnalyzing = "NO">
            <BuildableReference
               BuildableIdentifier = "primary"
               BlueprintIdentifier = "22429333212ADC4500E70510"
               BuildableName = "BookishUITestsMobile.xctest"
               BlueprintName = "BookishUITestsMobile"
               ReferencedContainer = "container:Bookish.xcodeproj">
            </BuildableReference>
         </BuildActionEntry>
      </BuildActionEntries>
   </BuildAction>
   <TestAction
      buildConfiguration = "Debug"
      selectedDebuggerIdentifier = "Xcode.DebuggerFoundation.Debugger.LLDB"
      selectedLauncherIdentifier = "Xcode.DebuggerFoundation.Launcher.LLDB"
      shouldUseLaunchSchemeArgsEnv = "YES">
      <Testables>
         <TestableReference
            skipped = "NO">
            <BuildableReference
               BuildableIdentifier = "primary"
               BlueprintIdentifier = "224293BA212AE16300E70510"
               BuildableName = "BookishModelTestsMobile.xctest"
               BlueprintName = "BookishModelTestsMobile"
               ReferencedContainer = "container:Dependencies/BookishModel/BookishModel.xcodeproj">
            </BuildableReference>
         </TestableReference>
         <TestableReference
            skipped = "NO">
            <BuildableReference
               BuildableIdentifier = "primary"
               BlueprintIdentifier = "22429328212ADC4500E70510"
               BuildableName = "BookishTestsMobile.xctest"
               BlueprintName = "BookishTestsMobile"
               ReferencedContainer = "container:Bookish.xcodeproj">
            </BuildableReference>
         </TestableReference>
      </Testables>
      <MacroExpansion>
         <BuildableReference
            BuildableIdentifier = "primary"
            BlueprintIdentifier = "22429310212ADC4300E70510"
            BuildableName = "Bookish.app"
            BlueprintName = "BookishMobile"
            ReferencedContainer = "container:Bookish.xcodeproj">
         </BuildableReference>
      </MacroExpansion>
      <AdditionalOptions>
      </AdditionalOptions>
   </TestAction>
   <LaunchAction
      buildConfiguration = "Debug"
      selectedDebuggerIdentifier = "Xcode.DebuggerFoundation.Debugger.LLDB"
      selectedLauncherIdentifier = "Xcode.DebuggerFoundation.Launcher.LLDB"
      launchStyle = "0"
      useCustomWorkingDirectory = "NO"
      ignoresPersistentStateOnLaunch = "NO"
      debugDocumentVersioning = "YES"
      stopOnEveryMainThreadCheckerIssue = "YES"
      debugServiceExtension = "internal"
      allowLocationSimulation = "YES">
      <BuildableProductRunnable
         runnableDebuggingMode = "0">
         <BuildableReference
            BuildableIdentifier = "primary"
            BlueprintIdentifier = "22429310212ADC4300E70510"
            BuildableName = "Bookish.app"
            BlueprintName = "BookishMobile"
            ReferencedContainer = "container:Bookish.xcodeproj">
         </BuildableReference>
      </BuildableProductRunnable>
      <CommandLineArguments>
         <CommandLineArgument
            argument = "-logs Model,Application,DetailView,BookishCloud"
            isEnabled = "YES">
         </CommandLineArgument>
         <CommandLineArgument
            argument = "--sample-document"
            isEnabled = "YES">
         </CommandLineArgument>
         <CommandLineArgument
            argument = "-com.apple.CoreData.SQLDebug 4"
            isEnabled = "NO">
         </CommandLineArgument>
         <CommandLineArgument
            argument = "-com.apple.CoreData.ConcurrencyDebug 1"
            isEnabled = "YES">
         </CommandLineArgument>
      </CommandLineArguments>
      <EnvironmentVariables>
         <EnvironmentVariable
            key = "SQLITE_ENABLE_LOGGING"
            value = "1"
            isEnabled = "NO">
         </EnvironmentVariable>
         <EnvironmentVariable
            key = "SQLITE_ENABLE_FILE_ASSERTIONS"
            value = "1"
            isEnabled = "YES">
         </EnvironmentVariable>
         <EnvironmentVariable
            key = "SQLITE_ENABLE_THREAD_ASSERTIONS"
            value = "1"
            isEnabled = "YES">
         </EnvironmentVariable>
         <EnvironmentVariable
            key = "SQLITE_AUTO_TRACE"
            value = "1"
            isEnabled = "NO">
         </EnvironmentVariable>
      </EnvironmentVariables>
      <AdditionalOptions>
      </AdditionalOptions>
   </LaunchAction>
   <ProfileAction
      buildConfiguration = "Release"
      shouldUseLaunchSchemeArgsEnv = "YES"
      savedToolIdentifier = ""
      useCustomWorkingDirectory = "NO"
      debugDocumentVersioning = "YES">
      <BuildableProductRunnable
         runnableDebuggingMode = "0">
         <BuildableReference
            BuildableIdentifier = "primary"
            BlueprintIdentifier = "22429310212ADC4300E70510"
            BuildableName = "Bookish.app"
            BlueprintName = "BookishMobile"
            ReferencedContainer = "container:Bookish.xcodeproj">
         </BuildableReference>
      </BuildableProductRunnable>
   </ProfileAction>
   <AnalyzeAction
      buildConfiguration = "Debug">
   </AnalyzeAction>
   <ArchiveAction
      buildConfiguration = "Release"
      revealArchiveInOrganizer = "YES">
      <PreActions>
         <ExecutionAction
            ActionType = "Xcode.IDEStandardExecutionActionsCore.ExecutionActionType.ShellScriptAction">
            <ActionContent
               title = "Run Script"
               scriptText = "BUILD=`git rev-list --count`&#10;REP=&quot;s/\$CURRENT_PROJECT_VERSION = .*^/CURRENT_PROJECT_VERSION = $BUILD&quot;&#10;echo $REP&#10;">
            </ActionContent>
         </ExecutionAction>
      </PreActions>
   </ArchiveAction>
</Scheme>
