{
  "object": {
    "pins": [
      {
        "package": "BookishImporter",
        "repositoryURL": "https://github.com/elegantchaos/BookishImporter.git",
        "state": {
          "branch": null,
          "revision": "f7cb49fc7807e7c354f61d5db4780de50a5bd50e",
          "version": "0.0.1"
        }
      },
      {
        "package": "CaptureView",
        "repositoryURL": "https://github.com/elegantchaos/CaptureView.git",
        "state": {
          "branch": null,
          "revision": "f0130131bbcd18b91380bbef706931163a3fc8a6",
          "version": "1.0.1"
        }
      },
      {
        "package": "KeyValueStore",
        "repositoryURL": "https://github.com/elegantchaos/KeyValueStore.git",
        "state": {
          "branch": null,
          "revision": "78c90cebc4875082f1f6deeaeb33a1dbd0c49d8c",
          "version": "1.2.0"
        }
      },
      {
        "package": "Localization",
        "repositoryURL": "https://github.com/elegantchaos/Localization.git",
        "state": {
          "branch": null,
          "revision": "c7e9058785748455314cd3b5bedc300d17bc287f",
          "version": "1.0.3"
        }
      },
      {
        "package": "Logger",
        "repositoryURL": "https://github.com/elegantchaos/Logger.git",
        "state": {
          "branch": null,
          "revision": "8ceabf0985b5255f7be42e023a3f63a7779a9145",
          "version": "1.6.0"
        }
      },
      {
        "package": "SwiftUIExtensions",
        "repositoryURL": "https://github.com/elegantchaos/SwiftUIExtensions.git",
        "state": {
          "branch": null,
          "revision": "40277dd004b7f44a4b865ff3e682c3d949d0c127",
          "version": "1.2.0"
        }
      },
      {
        "package": "ThreadExtensions",
        "repositoryURL": "https://github.com/elegantchaos/ThreadExtensions.git",
        "state": {
          "branch": null,
          "revision": "53e17a23bae8af73bd03be966e39b3b3ffa78421",
          "version": "1.0.0"
        }
      }
    ]
  },
  "version": 1
}
