{
  "object": {
    "pins": [
      {
        "package": "ISBN",
        "repositoryURL": "https://github.com/elegantchaos/ISBN.git",
        "state": {
          "branch": null,
          "revision": "0a1e8396bbc5407c92329ce1ef493d7f79cdb6cf",
          "version": "1.0.1"
        }
      },
      {
        "package": "Localization",
        "repositoryURL": "https://github.com/elegantchaos/Localization.git",
        "state": {
          "branch": null,
          "revision": "c7e9058785748455314cd3b5bedc300d17bc287f",
          "version": "1.0.3"
        }
      },
      {
        "package": "SheetController",
        "repositoryURL": "https://github.com/elegantchaos/SheetController.git",
        "state": {
          "branch": null,
          "revision": "843ad66eadda3d1f8f0a76d8954edb81d064d3ef",
          "version": "1.0.0"
        }
      },
      {
        "package": "XCTestExtensions",
        "repositoryURL": "https://github.com/elegantchaos/XCTestExtensions.git",
        "state": {
          "branch": null,
          "revision": "d57bdae3d001084247cd7cad771326cf710c3cc5",
          "version": "1.3.0"
        }
      }
    ]
  },
  "version": 1
}
