// !$*UTF8*$!
{
	archiveVersion = 1;
	classes = {
	};
	objectVersion = 51;
	objects = {

/* Begin PBXBuildFile section */
		220CDA9F214A86A80064CC91 /* PersonIndexViewController.swift in Sources */ = {isa = PBXBuildFile; fileRef = 220CDA9E214A86A80064CC91 /* PersonIndexViewController.swift */; };
		220CDAA1214A8D510064CC91 /* PersonDetailViewController.swift in Sources */ = {isa = PBXBuildFile; fileRef = 220CDAA0214A8D510064CC91 /* PersonDetailViewController.swift */; };
		22143FCD212EE79100B689DF /* CollectionDocumentViewModel.swift in Sources */ = {isa = PBXBuildFile; fileRef = 22143FCC212EE79100B689DF /* CollectionDocumentViewModel.swift */; };
		22143FCF212EF9CC00B689DF /* DocumentWindowController.swift in Sources */ = {isa = PBXBuildFile; fileRef = 22143FCE212EF9CC00B689DF /* DocumentWindowController.swift */; };
		22143FD1212F076000B689DF /* CollectionRootViewController.swift in Sources */ = {isa = PBXBuildFile; fileRef = 22143FD0212F076000B689DF /* CollectionRootViewController.swift */; };
		22143FD3212F0F2500B689DF /* AuthorsTransformer.swift in Sources */ = {isa = PBXBuildFile; fileRef = 22143FD2212F0F2500B689DF /* AuthorsTransformer.swift */; };
		22143FD521300F9300B689DF /* CoreDataTransformers.swift in Sources */ = {isa = PBXBuildFile; fileRef = 22143FD421300F9300B689DF /* CoreDataTransformers.swift */; };
		221C4B35216BAAAC0086D56F /* RelationshipUIActions.swift in Sources */ = {isa = PBXBuildFile; fileRef = 221C4B2F216BA96C0086D56F /* RelationshipUIActions.swift */; };
		221ED512216B8EAB00594714 /* BookDetailRow.swift in Sources */ = {isa = PBXBuildFile; fileRef = 221ED511216B8EAB00594714 /* BookDetailRow.swift */; };
		221F272921382C8E00DC2DC7 /* DateTransformer.swift in Sources */ = {isa = PBXBuildFile; fileRef = 221F272821382C8E00DC2DC7 /* DateTransformer.swift */; };
		22429314212ADC4300E70510 /* Application.swift in Sources */ = {isa = PBXBuildFile; fileRef = 22429313212ADC4300E70510 /* Application.swift */; };
		22429319212ADC4300E70510 /* BookIndexController.swift in Sources */ = {isa = PBXBuildFile; fileRef = 22429318212ADC4300E70510 /* BookIndexController.swift */; };
		2242931B212ADC4300E70510 /* BookDetailController.swift in Sources */ = {isa = PBXBuildFile; fileRef = 2242931A212ADC4300E70510 /* BookDetailController.swift */; };
		2242931E212ADC4300E70510 /* Main.storyboard in Resources */ = {isa = PBXBuildFile; fileRef = 2242931C212ADC4300E70510 /* Main.storyboard */; };
		22429320212ADC4400E70510 /* Assets.xcassets in Resources */ = {isa = PBXBuildFile; fileRef = 2242931F212ADC4400E70510 /* Assets.xcassets */; };
		22429323212ADC4400E70510 /* LaunchScreen.storyboard in Resources */ = {isa = PBXBuildFile; fileRef = 22429321212ADC4400E70510 /* LaunchScreen.storyboard */; };
		2242932E212ADC4500E70510 /* Bookish_iOSTests.swift in Sources */ = {isa = PBXBuildFile; fileRef = 2242932D212ADC4500E70510 /* Bookish_iOSTests.swift */; };
		22429339212ADC4500E70510 /* Bookish_iOSUITests.swift in Sources */ = {isa = PBXBuildFile; fileRef = 22429338212ADC4500E70510 /* Bookish_iOSUITests.swift */; };
		224293FB212C1D7500E70510 /* BookIndexViewController.swift in Sources */ = {isa = PBXBuildFile; fileRef = 224293F9212C1D7500E70510 /* BookIndexViewController.swift */; };
		22429401212C32BF00E70510 /* CollectionWindowController.swift in Sources */ = {isa = PBXBuildFile; fileRef = 22429400212C32BF00E70510 /* CollectionWindowController.swift */; };
		22429403212C3C7400E70510 /* ViewExtensions.swift in Sources */ = {isa = PBXBuildFile; fileRef = 22429402212C3C7400E70510 /* ViewExtensions.swift */; };
		22429406212D945C00E70510 /* BookDetailViewController.swift in Sources */ = {isa = PBXBuildFile; fileRef = 22429405212D945C00E70510 /* BookDetailViewController.swift */; };
		22429408212D958400E70510 /* CollectionSplitViewController.swift in Sources */ = {isa = PBXBuildFile; fileRef = 22429407212D958400E70510 /* CollectionSplitViewController.swift */; };
		22462E932158ED5000A4C56C /* CollectionIndexViewController.swift in Sources */ = {isa = PBXBuildFile; fileRef = 22462E922158ED5000A4C56C /* CollectionIndexViewController.swift */; };
		22462E952158EDEA00A4C56C /* CollectionDetailViewController.swift in Sources */ = {isa = PBXBuildFile; fileRef = 22462E942158EDEA00A4C56C /* CollectionDetailViewController.swift */; };
		22462E972158F65200A4C56C /* CollectionViewActions.swift in Sources */ = {isa = PBXBuildFile; fileRef = 22462E962158F65200A4C56C /* CollectionViewActions.swift */; };
		2250C6E121B191B200E899E2 /* BookPublisherCell.swift in Sources */ = {isa = PBXBuildFile; fileRef = 2250C6E021B191B200E899E2 /* BookPublisherCell.swift */; };
		2250C6FC21B541B400E899E2 /* PublisherIndexViewController.swift in Sources */ = {isa = PBXBuildFile; fileRef = 2250C6FB21B541B400E899E2 /* PublisherIndexViewController.swift */; };
		2250C70021B54D0900E899E2 /* SeriesIndexViewController.swift in Sources */ = {isa = PBXBuildFile; fileRef = 2250C6FF21B54D0900E899E2 /* SeriesIndexViewController.swift */; };
		2250C70821B55B9C00E899E2 /* PublisherDetailViewController.swift in Sources */ = {isa = PBXBuildFile; fileRef = 2250C70721B55B9C00E899E2 /* PublisherDetailViewController.swift */; };
		2250C70A21B55BA700E899E2 /* SeriesDetailViewController.swift in Sources */ = {isa = PBXBuildFile; fileRef = 2250C70921B55BA700E899E2 /* SeriesDetailViewController.swift */; };
		2250C71221B57F7800E899E2 /* SeriesEntryCell.swift in Sources */ = {isa = PBXBuildFile; fileRef = 2250C71121B57F7800E899E2 /* SeriesEntryCell.swift */; };
		2250C71421B596C700E899E2 /* BookSeriesCell.swift in Sources */ = {isa = PBXBuildFile; fileRef = 2250C71321B596C700E899E2 /* BookSeriesCell.swift */; };
		2250C71621B7E01A00E899E2 /* SeriesScanner.swift in Sources */ = {isa = PBXBuildFile; fileRef = 2250C71521B7E01A00E899E2 /* SeriesScanner.swift */; };
		2250C71B21B7E7B500E899E2 /* ScanSeriesAction.swift in Sources */ = {isa = PBXBuildFile; fileRef = 2250C71A21B7E7B500E899E2 /* ScanSeriesAction.swift */; };
		2250C71D21B83B5700E899E2 /* RegularExpressionExtensions.swift in Sources */ = {isa = PBXBuildFile; fileRef = 2250C71C21B83B5700E899E2 /* RegularExpressionExtensions.swift */; };
		226E8E6B21AC0918001F191F /* AnnotatedComboBox.swift in Sources */ = {isa = PBXBuildFile; fileRef = 226E8E6A21AC0918001F191F /* AnnotatedComboBox.swift */; };
		226E8E6D21AC38D5001F191F /* BookHeadingCell.swift in Sources */ = {isa = PBXBuildFile; fileRef = 226E8E6C21AC38D5001F191F /* BookHeadingCell.swift */; };
		226E8E6F21AC3D6A001F191F /* BookEditablePersonCell.swift in Sources */ = {isa = PBXBuildFile; fileRef = 226E8E6E21AC3D6A001F191F /* BookEditablePersonCell.swift */; };
		226E8E7121AC3D74001F191F /* BookEditableDateCell.swift in Sources */ = {isa = PBXBuildFile; fileRef = 226E8E7021AC3D74001F191F /* BookEditableDateCell.swift */; };
		226E8E8C21AC73D9001F191F /* BookDimensionsCell.swift in Sources */ = {isa = PBXBuildFile; fileRef = 226E8E8B21AC73D9001F191F /* BookDimensionsCell.swift */; };
		227F4514218352A0000D8B8D /* ImporterActions.swift in Sources */ = {isa = PBXBuildFile; fileRef = 227F4513218352A0000D8B8D /* ImporterActions.swift */; };
		227F451621835801000D8B8D /* ImportManager.swift in Sources */ = {isa = PBXBuildFile; fileRef = 227F451521835801000D8B8D /* ImportManager.swift */; };
		227F451821835814000D8B8D /* Importer.swift in Sources */ = {isa = PBXBuildFile; fileRef = 227F451721835814000D8B8D /* Importer.swift */; };
		227F451A218358EE000D8B8D /* DeliciousLibraryImporter.swift in Sources */ = {isa = PBXBuildFile; fileRef = 227F4519218358EE000D8B8D /* DeliciousLibraryImporter.swift */; };
		228968362191DA3800B80A93 /* Ensembles.framework in Frameworks */ = {isa = PBXBuildFile; fileRef = 228968352191DA3800B80A93 /* Ensembles.framework */; };
		228968382191DA4500B80A93 /* Ensembles.framework in Frameworks */ = {isa = PBXBuildFile; fileRef = 228968372191DA4500B80A93 /* Ensembles.framework */; };
		228968392191DA7500B80A93 /* Ensembles.framework in Embed Frameworks */ = {isa = PBXBuildFile; fileRef = 228968352191DA3800B80A93 /* Ensembles.framework */; settings = {ATTRIBUTES = (CodeSignOnCopy, RemoveHeadersOnCopy, ); }; };
		2289683A2191DA7C00B80A93 /* Ensembles.framework in Embed Frameworks */ = {isa = PBXBuildFile; fileRef = 228968372191DA4500B80A93 /* Ensembles.framework */; settings = {ATTRIBUTES = (CodeSignOnCopy, RemoveHeadersOnCopy, ); }; };
		228968412191DD9000B80A93 /* CloudKit.framework in Frameworks */ = {isa = PBXBuildFile; fileRef = 228968402191DD9000B80A93 /* CloudKit.framework */; };
		228968442191DDC200B80A93 /* CloudKit.framework in Frameworks */ = {isa = PBXBuildFile; fileRef = 228968432191DDC200B80A93 /* CloudKit.framework */; };
		228968472191F48400B80A93 /* AuthorSelectionTransformer.swift in Sources */ = {isa = PBXBuildFile; fileRef = 228968452191EFA900B80A93 /* AuthorSelectionTransformer.swift */; };
		22960328214025E80020B3EB /* BookPersonCell.swift in Sources */ = {isa = PBXBuildFile; fileRef = 22960327214025E80020B3EB /* BookPersonCell.swift */; };
		2296032A214032520020B3EB /* AnnotatedTextField.swift in Sources */ = {isa = PBXBuildFile; fileRef = 22960329214032520020B3EB /* AnnotatedTextField.swift */; };
		22A69BF521C2DDE600043C3A /* LoggerKit.framework in Frameworks */ = {isa = PBXBuildFile; fileRef = 22A69BF421C2DDE600043C3A /* LoggerKit.framework */; };
		22B1DB412178D8A50067E795 /* ViewExtensions.swift in Sources */ = {isa = PBXBuildFile; fileRef = 22B1DB402178D8A50067E795 /* ViewExtensions.swift */; };
		22C2194B21AF24E5002FC0FE /* ToggleEditingAction.swift in Sources */ = {isa = PBXBuildFile; fileRef = 22C2194A21AF24E5002FC0FE /* ToggleEditingAction.swift */; };
		22C2194C21AF24E5002FC0FE /* ToggleEditingAction.swift in Sources */ = {isa = PBXBuildFile; fileRef = 22C2194A21AF24E5002FC0FE /* ToggleEditingAction.swift */; };
		22D1B22F217E0A3F0062F2CB /* BookPersonRow.swift in Sources */ = {isa = PBXBuildFile; fileRef = 22D1B22E217E0A3F0062F2CB /* BookPersonRow.swift */; };
		22D1B231217E0D780062F2CB /* BookDateRow.swift in Sources */ = {isa = PBXBuildFile; fileRef = 22D1B230217E0D780062F2CB /* BookDateRow.swift */; };
		22D1B233217E42950062F2CB /* TextBinding.swift in Sources */ = {isa = PBXBuildFile; fileRef = 22D1B232217E42950062F2CB /* TextBinding.swift */; };
		22D1B235217F7ED40062F2CB /* PersonIndexController.swift in Sources */ = {isa = PBXBuildFile; fileRef = 22D1B234217F7ED40062F2CB /* PersonIndexController.swift */; };
		22D1B237217F7EF30062F2CB /* PersonDetailController.swift in Sources */ = {isa = PBXBuildFile; fileRef = 22D1B236217F7EF30062F2CB /* PersonDetailController.swift */; };
		22D1B239218079C60062F2CB /* CollectionViewModel.swift in Sources */ = {isa = PBXBuildFile; fileRef = 22D1B238218079C60062F2CB /* CollectionViewModel.swift */; };
		22D1B23B21807D230062F2CB /* PersonBookRow.swift in Sources */ = {isa = PBXBuildFile; fileRef = 22D1B23A21807D230062F2CB /* PersonBookRow.swift */; };
		22D1B23D21807F7B0062F2CB /* CollectionController.swift in Sources */ = {isa = PBXBuildFile; fileRef = 22D1B23C21807F7B0062F2CB /* CollectionController.swift */; };
		22D1B23E2180BF550062F2CB /* Actions.framework in Frameworks */ = {isa = PBXBuildFile; fileRef = 22F35486216FAC0100443C0B /* Actions.framework */; };
		22D1B23F2180BF5D0062F2CB /* Logger.framework in Frameworks */ = {isa = PBXBuildFile; fileRef = 22DAF399217B5305003CE28B /* Logger.framework */; };
		22D1B2402180BF6D0062F2CB /* ActionsKit.framework in Frameworks */ = {isa = PBXBuildFile; fileRef = 22DAF397217B52E6003CE28B /* ActionsKit.framework */; };
		22D1B2432180CA9E0062F2CB /* BookCell.swift in Sources */ = {isa = PBXBuildFile; fileRef = 22D1B2422180CA9E0062F2CB /* BookCell.swift */; };
		22D1B2492180D7B60062F2CB /* BookDetailCell.swift in Sources */ = {isa = PBXBuildFile; fileRef = 22D1B2482180D7B60062F2CB /* BookDetailCell.swift */; };
		22D1B24B2180E9060062F2CB /* PersonRoleCell.swift in Sources */ = {isa = PBXBuildFile; fileRef = 22D1B24A2180E9060062F2CB /* PersonRoleCell.swift */; };
		22D39E512142DB2700282467 /* ViewBasedToolbarItem.swift in Sources */ = {isa = PBXBuildFile; fileRef = 22D39E502142DB2700282467 /* ViewBasedToolbarItem.swift */; };
		22D39E532146A84500282467 /* AnnotatedTableCellView.swift in Sources */ = {isa = PBXBuildFile; fileRef = 22D39E522146A84500282467 /* AnnotatedTableCellView.swift */; };
		22D39E552146A84E00282467 /* BookDateCell.swift in Sources */ = {isa = PBXBuildFile; fileRef = 22D39E542146A84E00282467 /* BookDateCell.swift */; };
		22D39E592146BA9C00282467 /* ShowDatePickerAction.swift in Sources */ = {isa = PBXBuildFile; fileRef = 22D39E582146BA9C00282467 /* ShowDatePickerAction.swift */; };
		22D39E5B2146BE4900282467 /* DatePickerPopoverController.swift in Sources */ = {isa = PBXBuildFile; fileRef = 22D39E5A2146BE4900282467 /* DatePickerPopoverController.swift */; };
		22D39E5E2146D9F100282467 /* ValidatingButton.swift in Sources */ = {isa = PBXBuildFile; fileRef = 22D39E5D2146D9F100282467 /* ValidatingButton.swift */; };
		22D39E602147D4A100282467 /* TestAction.swift in Sources */ = {isa = PBXBuildFile; fileRef = 22D39E5F2147D4A100282467 /* TestAction.swift */; };
		22D39E622147E0C100282467 /* ImageTransformer.swift in Sources */ = {isa = PBXBuildFile; fileRef = 22D39E612147E0C100282467 /* ImageTransformer.swift */; };
		22D39E6D214816C400282467 /* UITests.swift in Sources */ = {isa = PBXBuildFile; fileRef = 22D39E6B2148167500282467 /* UITests.swift */; };
		22DAF398217B52E6003CE28B /* ActionsKit.framework in Frameworks */ = {isa = PBXBuildFile; fileRef = 22DAF397217B52E6003CE28B /* ActionsKit.framework */; };
		22DAF39A217B5305003CE28B /* Logger.framework in Frameworks */ = {isa = PBXBuildFile; fileRef = 22DAF399217B5305003CE28B /* Logger.framework */; };
		22DD42482126D6DA0070C85A /* Application.swift in Sources */ = {isa = PBXBuildFile; fileRef = 22DD42472126D6DA0070C85A /* Application.swift */; };
		22DD424A2126D6DA0070C85A /* CollectionViewController.swift in Sources */ = {isa = PBXBuildFile; fileRef = 22DD42492126D6DA0070C85A /* CollectionViewController.swift */; };
		22DD424C2126D6DA0070C85A /* CollectionDocument.swift in Sources */ = {isa = PBXBuildFile; fileRef = 22DD424B2126D6DA0070C85A /* CollectionDocument.swift */; };
		22DD42542126D6DB0070C85A /* Main.storyboard in Resources */ = {isa = PBXBuildFile; fileRef = 22DD42522126D6DB0070C85A /* Main.storyboard */; };
		22DD42602126D6DB0070C85A /* BookishTests.swift in Sources */ = {isa = PBXBuildFile; fileRef = 22DD425F2126D6DB0070C85A /* BookishTests.swift */; };
		22DD426B2126D6DB0070C85A /* BookishUITests.swift in Sources */ = {isa = PBXBuildFile; fileRef = 22DD426A2126D6DB0070C85A /* BookishUITests.swift */; };
		22DE6AE321875F410078D489 /* ImportSession.swift in Sources */ = {isa = PBXBuildFile; fileRef = 22DE6AE221875F410078D489 /* ImportSession.swift */; };
		22DE6AE72188A8DC0078D489 /* WhiteSearchFieldCell.swift in Sources */ = {isa = PBXBuildFile; fileRef = 22DE6AE62188A8DC0078D489 /* WhiteSearchFieldCell.swift */; };
		22E47CE0216E5EB200E43DBF /* Assets.xcassets in Resources */ = {isa = PBXBuildFile; fileRef = 22DD42502126D6DB0070C85A /* Assets.xcassets */; };
		22F1801F21C8089100220D20 /* BookPublisherRow.swift in Sources */ = {isa = PBXBuildFile; fileRef = 22F1801B21C8084200220D20 /* BookPublisherRow.swift */; };
		22F1802121C8095B00220D20 /* BookSeriesRow.swift in Sources */ = {isa = PBXBuildFile; fileRef = 22F1801D21C8084900220D20 /* BookSeriesRow.swift */; };
		22F1802321C810BE00220D20 /* PublisherIndexController.swift in Sources */ = {isa = PBXBuildFile; fileRef = 22F1802221C810BE00220D20 /* PublisherIndexController.swift */; };
		22F1802521C810C500220D20 /* SeriesIndexController.swift in Sources */ = {isa = PBXBuildFile; fileRef = 22F1802421C810C500220D20 /* SeriesIndexController.swift */; };
		22F1802721C810CC00220D20 /* PublisherDetailController.swift in Sources */ = {isa = PBXBuildFile; fileRef = 22F1802621C810CC00220D20 /* PublisherDetailController.swift */; };
		22F1802921C810D400220D20 /* SeriesDetailController.swift in Sources */ = {isa = PBXBuildFile; fileRef = 22F1802821C810D400220D20 /* SeriesDetailController.swift */; };
		22F1802D21C823B800220D20 /* SeriesBookRow.swift in Sources */ = {isa = PBXBuildFile; fileRef = 22F1802C21C823B800220D20 /* SeriesBookRow.swift */; };
		22F1802F21C827C600220D20 /* IndexController.swift in Sources */ = {isa = PBXBuildFile; fileRef = 22F1802E21C827C500220D20 /* IndexController.swift */; };
		22F1803121C82D8E00220D20 /* DetailController.swift in Sources */ = {isa = PBXBuildFile; fileRef = 22F1803021C82D8E00220D20 /* DetailController.swift */; };
		22F1803321C9171B00220D20 /* PublisherBookRow.swift in Sources */ = {isa = PBXBuildFile; fileRef = 22F1803221C9171B00220D20 /* PublisherBookRow.swift */; };
		22F1805321C9495300220D20 /* Sample.sqlite in Resources */ = {isa = PBXBuildFile; fileRef = 22F1805221C9495300220D20 /* Sample.sqlite */; };
		22F180A421C951FF00220D20 /* SettingsController.swift in Sources */ = {isa = PBXBuildFile; fileRef = 22F180A321C951FF00220D20 /* SettingsController.swift */; };
		22F180BD21CA647000220D20 /* LoggerKit.framework in Embed Frameworks */ = {isa = PBXBuildFile; fileRef = 22A69BF421C2DDE600043C3A /* LoggerKit.framework */; settings = {ATTRIBUTES = (CodeSignOnCopy, RemoveHeadersOnCopy, ); }; };
		22F180BE21CA647000220D20 /* Logger.framework in Embed Frameworks */ = {isa = PBXBuildFile; fileRef = 22DAF399217B5305003CE28B /* Logger.framework */; settings = {ATTRIBUTES = (CodeSignOnCopy, RemoveHeadersOnCopy, ); }; };
		22F180C121CA64B500220D20 /* ActionsKit.framework in Embed Frameworks */ = {isa = PBXBuildFile; fileRef = 22DAF397217B52E6003CE28B /* ActionsKit.framework */; settings = {ATTRIBUTES = (CodeSignOnCopy, RemoveHeadersOnCopy, ); }; };
		22F180C221CA64B500220D20 /* Actions.framework in Embed Frameworks */ = {isa = PBXBuildFile; fileRef = 22F35486216FAC0100443C0B /* Actions.framework */; settings = {ATTRIBUTES = (CodeSignOnCopy, RemoveHeadersOnCopy, ); }; };
		22F180E021CA87A400220D20 /* Sample.sqlite-shm in Resources */ = {isa = PBXBuildFile; fileRef = 22F180DE21CA87A300220D20 /* Sample.sqlite-shm */; };
		22F180E121CA87A400220D20 /* Sample.sqlite-wal in Resources */ = {isa = PBXBuildFile; fileRef = 22F180DF21CA87A300220D20 /* Sample.sqlite-wal */; };
		22F1818321CAB59100220D20 /* BookishCore.framework in Embed Frameworks */ = {isa = PBXBuildFile; fileRef = 22F3548A216FAC0100443C0B /* BookishCore.framework */; settings = {ATTRIBUTES = (CodeSignOnCopy, RemoveHeadersOnCopy, ); }; };
		22F181F621CAB8A500220D20 /* BookishModel.framework in Frameworks */ = {isa = PBXBuildFile; fileRef = 22F181F521CAB8A500220D20 /* BookishModel.framework */; };
		22F181F721CAB8B600220D20 /* BookishModel.framework in Embed Frameworks */ = {isa = PBXBuildFile; fileRef = 22F181F521CAB8A500220D20 /* BookishModel.framework */; settings = {ATTRIBUTES = (CodeSignOnCopy, RemoveHeadersOnCopy, ); }; };
		22F181F921CAB8F100220D20 /* JSONDump.framework in Frameworks */ = {isa = PBXBuildFile; fileRef = 22F181F821CAB8F100220D20 /* JSONDump.framework */; };
		22F181FA21CAB90D00220D20 /* JSONDump.framework in Embed Frameworks */ = {isa = PBXBuildFile; fileRef = 22F181F821CAB8F100220D20 /* JSONDump.framework */; settings = {ATTRIBUTES = (CodeSignOnCopy, RemoveHeadersOnCopy, ); }; };
		22F1844421CBD06C00220D20 /* Book.storyboard in Resources */ = {isa = PBXBuildFile; fileRef = 22F1844321CBD06C00220D20 /* Book.storyboard */; };
		22F1844621CBD09000220D20 /* Person.storyboard in Resources */ = {isa = PBXBuildFile; fileRef = 22F1844521CBD09000220D20 /* Person.storyboard */; };
		22F1844821CBD0B100220D20 /* Series.storyboard in Resources */ = {isa = PBXBuildFile; fileRef = 22F1844721CBD0B100220D20 /* Series.storyboard */; };
		22F1844A21CBD0E800220D20 /* Publisher.storyboard in Resources */ = {isa = PBXBuildFile; fileRef = 22F1844921CBD0E800220D20 /* Publisher.storyboard */; };
		22F1844C21CBF10B00220D20 /* IndexController.swift in Sources */ = {isa = PBXBuildFile; fileRef = 22F1844B21CBF10B00220D20 /* IndexController.swift */; };
		22F1844E21CBF9B600220D20 /* DetailController.swift in Sources */ = {isa = PBXBuildFile; fileRef = 22F1844D21CBF9B600220D20 /* DetailController.swift */; };
		22F35487216FAC0100443C0B /* Actions.framework in Frameworks */ = {isa = PBXBuildFile; fileRef = 22F35486216FAC0100443C0B /* Actions.framework */; };
/* End PBXBuildFile section */

/* Begin PBXContainerItemProxy section */
		2242932A212ADC4500E70510 /* PBXContainerItemProxy */ = {
			isa = PBXContainerItemProxy;
			containerPortal = 22DD423C2126D6DA0070C85A /* Project object */;
			proxyType = 1;
			remoteGlobalIDString = 22429310212ADC4300E70510;
			remoteInfo = "Bookish iOS";
		};
		22429335212ADC4500E70510 /* PBXContainerItemProxy */ = {
			isa = PBXContainerItemProxy;
			containerPortal = 22DD423C2126D6DA0070C85A /* Project object */;
			proxyType = 1;
			remoteGlobalIDString = 22429310212ADC4300E70510;
			remoteInfo = "Bookish iOS";
		};
		22DD425C2126D6DB0070C85A /* PBXContainerItemProxy */ = {
			isa = PBXContainerItemProxy;
			containerPortal = 22DD423C2126D6DA0070C85A /* Project object */;
			proxyType = 1;
			remoteGlobalIDString = 22DD42432126D6DA0070C85A;
			remoteInfo = Bookish;
		};
		22DD42672126D6DB0070C85A /* PBXContainerItemProxy */ = {
			isa = PBXContainerItemProxy;
			containerPortal = 22DD423C2126D6DA0070C85A /* Project object */;
			proxyType = 1;
			remoteGlobalIDString = 22DD42432126D6DA0070C85A;
			remoteInfo = Bookish;
		};
/* End PBXContainerItemProxy section */

/* Begin PBXCopyFilesBuildPhase section */
		22429366212AE0AE00E70510 /* Embed Frameworks */ = {
			isa = PBXCopyFilesBuildPhase;
			buildActionMask = 2147483647;
			dstPath = "";
			dstSubfolderSpec = 10;
			files = (
				228968392191DA7500B80A93 /* Ensembles.framework in Embed Frameworks */,
			);
			name = "Embed Frameworks";
			runOnlyForDeploymentPostprocessing = 0;
		};
		224293CD212AE16300E70510 /* Embed Frameworks */ = {
			isa = PBXCopyFilesBuildPhase;
			buildActionMask = 2147483647;
			dstPath = "";
			dstSubfolderSpec = 10;
			files = (
				22F181FA21CAB90D00220D20 /* JSONDump.framework in Embed Frameworks */,
				22F181F721CAB8B600220D20 /* BookishModel.framework in Embed Frameworks */,
				22F1818321CAB59100220D20 /* BookishCore.framework in Embed Frameworks */,
				22F180C121CA64B500220D20 /* ActionsKit.framework in Embed Frameworks */,
				22F180C221CA64B500220D20 /* Actions.framework in Embed Frameworks */,
				22F180BD21CA647000220D20 /* LoggerKit.framework in Embed Frameworks */,
				22F180BE21CA647000220D20 /* Logger.framework in Embed Frameworks */,
				2289683A2191DA7C00B80A93 /* Ensembles.framework in Embed Frameworks */,
			);
			name = "Embed Frameworks";
			runOnlyForDeploymentPostprocessing = 0;
		};
/* End PBXCopyFilesBuildPhase section */

/* Begin PBXFileReference section */
		220CDA9E214A86A80064CC91 /* PersonIndexViewController.swift */ = {isa = PBXFileReference; lastKnownFileType = sourcecode.swift; path = PersonIndexViewController.swift; sourceTree = "<group>"; };
		220CDAA0214A8D510064CC91 /* PersonDetailViewController.swift */ = {isa = PBXFileReference; lastKnownFileType = sourcecode.swift; path = PersonDetailViewController.swift; sourceTree = "<group>"; };
		22143FCC212EE79100B689DF /* CollectionDocumentViewModel.swift */ = {isa = PBXFileReference; lastKnownFileType = sourcecode.swift; path = CollectionDocumentViewModel.swift; sourceTree = "<group>"; };
		22143FCE212EF9CC00B689DF /* DocumentWindowController.swift */ = {isa = PBXFileReference; lastKnownFileType = sourcecode.swift; path = DocumentWindowController.swift; sourceTree = "<group>"; };
		22143FD0212F076000B689DF /* CollectionRootViewController.swift */ = {isa = PBXFileReference; lastKnownFileType = sourcecode.swift; path = CollectionRootViewController.swift; sourceTree = "<group>"; };
		22143FD2212F0F2500B689DF /* AuthorsTransformer.swift */ = {isa = PBXFileReference; lastKnownFileType = sourcecode.swift; path = AuthorsTransformer.swift; sourceTree = "<group>"; };
		22143FD421300F9300B689DF /* CoreDataTransformers.swift */ = {isa = PBXFileReference; lastKnownFileType = sourcecode.swift; path = CoreDataTransformers.swift; sourceTree = "<group>"; };
		221C4B2F216BA96C0086D56F /* RelationshipUIActions.swift */ = {isa = PBXFileReference; lastKnownFileType = sourcecode.swift; path = RelationshipUIActions.swift; sourceTree = "<group>"; };
		221ED4E9216785BB00594714 /* BookishMac.xcconfig */ = {isa = PBXFileReference; lastKnownFileType = text.xcconfig; path = BookishMac.xcconfig; sourceTree = "<group>"; };
		221ED4EA216785BB00594714 /* BookishMobile.xcconfig */ = {isa = PBXFileReference; lastKnownFileType = text.xcconfig; path = BookishMobile.xcconfig; sourceTree = "<group>"; };
		221ED511216B8EAB00594714 /* BookDetailRow.swift */ = {isa = PBXFileReference; lastKnownFileType = sourcecode.swift; path = BookDetailRow.swift; sourceTree = "<group>"; };
		221F272821382C8E00DC2DC7 /* DateTransformer.swift */ = {isa = PBXFileReference; lastKnownFileType = sourcecode.swift; path = DateTransformer.swift; sourceTree = "<group>"; };
		22429311212ADC4300E70510 /* BookishMobile.app */ = {isa = PBXFileReference; explicitFileType = wrapper.application; includeInIndex = 0; path = BookishMobile.app; sourceTree = BUILT_PRODUCTS_DIR; };
		22429313212ADC4300E70510 /* Application.swift */ = {isa = PBXFileReference; lastKnownFileType = sourcecode.swift; path = Application.swift; sourceTree = "<group>"; };
		22429318212ADC4300E70510 /* BookIndexController.swift */ = {isa = PBXFileReference; lastKnownFileType = sourcecode.swift; path = BookIndexController.swift; sourceTree = "<group>"; };
		2242931A212ADC4300E70510 /* BookDetailController.swift */ = {isa = PBXFileReference; lastKnownFileType = sourcecode.swift; path = BookDetailController.swift; sourceTree = "<group>"; };
		2242931D212ADC4300E70510 /* Base */ = {isa = PBXFileReference; lastKnownFileType = file.storyboard; name = Base; path = Base.lproj/Main.storyboard; sourceTree = "<group>"; };
		2242931F212ADC4400E70510 /* Assets.xcassets */ = {isa = PBXFileReference; lastKnownFileType = folder.assetcatalog; path = Assets.xcassets; sourceTree = "<group>"; };
		22429322212ADC4400E70510 /* Base */ = {isa = PBXFileReference; lastKnownFileType = file.storyboard; name = Base; path = Base.lproj/LaunchScreen.storyboard; sourceTree = "<group>"; };
		22429324212ADC4400E70510 /* Info.plist */ = {isa = PBXFileReference; lastKnownFileType = text.plist.xml; path = Info.plist; sourceTree = "<group>"; };
		22429329212ADC4500E70510 /* BookishTestsMobile.xctest */ = {isa = PBXFileReference; explicitFileType = wrapper.cfbundle; includeInIndex = 0; path = BookishTestsMobile.xctest; sourceTree = BUILT_PRODUCTS_DIR; };
		2242932D212ADC4500E70510 /* Bookish_iOSTests.swift */ = {isa = PBXFileReference; lastKnownFileType = sourcecode.swift; path = Bookish_iOSTests.swift; sourceTree = "<group>"; };
		2242932F212ADC4500E70510 /* Info.plist */ = {isa = PBXFileReference; lastKnownFileType = text.plist.xml; path = Info.plist; sourceTree = "<group>"; };
		22429334212ADC4500E70510 /* BookishUITestsMobile.xctest */ = {isa = PBXFileReference; explicitFileType = wrapper.cfbundle; includeInIndex = 0; path = BookishUITestsMobile.xctest; sourceTree = BUILT_PRODUCTS_DIR; };
		22429338212ADC4500E70510 /* Bookish_iOSUITests.swift */ = {isa = PBXFileReference; lastKnownFileType = sourcecode.swift; path = Bookish_iOSUITests.swift; sourceTree = "<group>"; };
		2242933A212ADC4500E70510 /* Info.plist */ = {isa = PBXFileReference; lastKnownFileType = text.plist.xml; path = Info.plist; sourceTree = "<group>"; };
		224293F9212C1D7500E70510 /* BookIndexViewController.swift */ = {isa = PBXFileReference; lastKnownFileType = sourcecode.swift; path = BookIndexViewController.swift; sourceTree = "<group>"; };
		22429400212C32BF00E70510 /* CollectionWindowController.swift */ = {isa = PBXFileReference; lastKnownFileType = sourcecode.swift; path = CollectionWindowController.swift; sourceTree = "<group>"; };
		22429402212C3C7400E70510 /* ViewExtensions.swift */ = {isa = PBXFileReference; lastKnownFileType = sourcecode.swift; path = ViewExtensions.swift; sourceTree = "<group>"; };
		22429405212D945C00E70510 /* BookDetailViewController.swift */ = {isa = PBXFileReference; lastKnownFileType = sourcecode.swift; path = BookDetailViewController.swift; sourceTree = "<group>"; };
		22429407212D958400E70510 /* CollectionSplitViewController.swift */ = {isa = PBXFileReference; lastKnownFileType = sourcecode.swift; path = CollectionSplitViewController.swift; sourceTree = "<group>"; };
		22462E922158ED5000A4C56C /* CollectionIndexViewController.swift */ = {isa = PBXFileReference; lastKnownFileType = sourcecode.swift; path = CollectionIndexViewController.swift; sourceTree = "<group>"; };
		22462E942158EDEA00A4C56C /* CollectionDetailViewController.swift */ = {isa = PBXFileReference; lastKnownFileType = sourcecode.swift; path = CollectionDetailViewController.swift; sourceTree = "<group>"; };
		22462E962158F65200A4C56C /* CollectionViewActions.swift */ = {isa = PBXFileReference; lastKnownFileType = sourcecode.swift; path = CollectionViewActions.swift; sourceTree = "<group>"; };
		2250C6E021B191B200E899E2 /* BookPublisherCell.swift */ = {isa = PBXFileReference; lastKnownFileType = sourcecode.swift; path = BookPublisherCell.swift; sourceTree = "<group>"; };
		2250C6FB21B541B400E899E2 /* PublisherIndexViewController.swift */ = {isa = PBXFileReference; lastKnownFileType = sourcecode.swift; path = PublisherIndexViewController.swift; sourceTree = "<group>"; };
		2250C6FF21B54D0900E899E2 /* SeriesIndexViewController.swift */ = {isa = PBXFileReference; lastKnownFileType = sourcecode.swift; path = SeriesIndexViewController.swift; sourceTree = "<group>"; };
		2250C70721B55B9C00E899E2 /* PublisherDetailViewController.swift */ = {isa = PBXFileReference; lastKnownFileType = sourcecode.swift; path = PublisherDetailViewController.swift; sourceTree = "<group>"; };
		2250C70921B55BA700E899E2 /* SeriesDetailViewController.swift */ = {isa = PBXFileReference; lastKnownFileType = sourcecode.swift; path = SeriesDetailViewController.swift; sourceTree = "<group>"; };
		2250C71121B57F7800E899E2 /* SeriesEntryCell.swift */ = {isa = PBXFileReference; lastKnownFileType = sourcecode.swift; path = SeriesEntryCell.swift; sourceTree = "<group>"; };
		2250C71321B596C700E899E2 /* BookSeriesCell.swift */ = {isa = PBXFileReference; lastKnownFileType = sourcecode.swift; path = BookSeriesCell.swift; sourceTree = "<group>"; };
		2250C71521B7E01A00E899E2 /* SeriesScanner.swift */ = {isa = PBXFileReference; lastKnownFileType = sourcecode.swift; path = SeriesScanner.swift; sourceTree = "<group>"; };
		2250C71A21B7E7B500E899E2 /* ScanSeriesAction.swift */ = {isa = PBXFileReference; lastKnownFileType = sourcecode.swift; path = ScanSeriesAction.swift; sourceTree = "<group>"; };
		2250C71C21B83B5700E899E2 /* RegularExpressionExtensions.swift */ = {isa = PBXFileReference; lastKnownFileType = sourcecode.swift; path = RegularExpressionExtensions.swift; sourceTree = "<group>"; };
		226E8E6A21AC0918001F191F /* AnnotatedComboBox.swift */ = {isa = PBXFileReference; lastKnownFileType = sourcecode.swift; path = AnnotatedComboBox.swift; sourceTree = "<group>"; };
		226E8E6C21AC38D5001F191F /* BookHeadingCell.swift */ = {isa = PBXFileReference; lastKnownFileType = sourcecode.swift; path = BookHeadingCell.swift; sourceTree = "<group>"; };
		226E8E6E21AC3D6A001F191F /* BookEditablePersonCell.swift */ = {isa = PBXFileReference; lastKnownFileType = sourcecode.swift; path = BookEditablePersonCell.swift; sourceTree = "<group>"; };
		226E8E7021AC3D74001F191F /* BookEditableDateCell.swift */ = {isa = PBXFileReference; lastKnownFileType = sourcecode.swift; path = BookEditableDateCell.swift; sourceTree = "<group>"; };
		226E8E8B21AC73D9001F191F /* BookDimensionsCell.swift */ = {isa = PBXFileReference; lastKnownFileType = sourcecode.swift; path = BookDimensionsCell.swift; sourceTree = "<group>"; };
		227F4513218352A0000D8B8D /* ImporterActions.swift */ = {isa = PBXFileReference; lastKnownFileType = sourcecode.swift; path = ImporterActions.swift; sourceTree = "<group>"; };
		227F451521835801000D8B8D /* ImportManager.swift */ = {isa = PBXFileReference; lastKnownFileType = sourcecode.swift; path = ImportManager.swift; sourceTree = "<group>"; };
		227F451721835814000D8B8D /* Importer.swift */ = {isa = PBXFileReference; lastKnownFileType = sourcecode.swift; path = Importer.swift; sourceTree = "<group>"; };
		227F4519218358EE000D8B8D /* DeliciousLibraryImporter.swift */ = {isa = PBXFileReference; lastKnownFileType = sourcecode.swift; path = DeliciousLibraryImporter.swift; sourceTree = "<group>"; };
		228968352191DA3800B80A93 /* Ensembles.framework */ = {isa = PBXFileReference; lastKnownFileType = wrapper.framework; name = Ensembles.framework; path = Dependencies/Ensembles/Binaries/macOS/Ensembles.framework; sourceTree = "<group>"; };
		228968372191DA4500B80A93 /* Ensembles.framework */ = {isa = PBXFileReference; lastKnownFileType = wrapper.framework; name = Ensembles.framework; path = Dependencies/Ensembles/Binaries/iOS/Ensembles.framework; sourceTree = "<group>"; };
		228968402191DD9000B80A93 /* CloudKit.framework */ = {isa = PBXFileReference; lastKnownFileType = wrapper.framework; name = CloudKit.framework; path = Platforms/MacOSX.platform/Developer/SDKs/MacOSX10.14.sdk/System/Library/Frameworks/CloudKit.framework; sourceTree = DEVELOPER_DIR; };
		228968422191DDBF00B80A93 /* Bookish.entitlements */ = {isa = PBXFileReference; lastKnownFileType = text.plist.entitlements; path = Bookish.entitlements; sourceTree = "<group>"; };
		228968432191DDC200B80A93 /* CloudKit.framework */ = {isa = PBXFileReference; lastKnownFileType = wrapper.framework; name = CloudKit.framework; path = System/Library/Frameworks/CloudKit.framework; sourceTree = SDKROOT; };
		228968452191EFA900B80A93 /* AuthorSelectionTransformer.swift */ = {isa = PBXFileReference; lastKnownFileType = sourcecode.swift; path = AuthorSelectionTransformer.swift; sourceTree = "<group>"; };
		22960327214025E80020B3EB /* BookPersonCell.swift */ = {isa = PBXFileReference; lastKnownFileType = sourcecode.swift; path = BookPersonCell.swift; sourceTree = "<group>"; };
		22960329214032520020B3EB /* AnnotatedTextField.swift */ = {isa = PBXFileReference; lastKnownFileType = sourcecode.swift; path = AnnotatedTextField.swift; sourceTree = "<group>"; };
		2296032B214132840020B3EB /* Bookish.sketch */ = {isa = PBXFileReference; lastKnownFileType = file; name = Bookish.sketch; path = Extras/Bookish.sketch; sourceTree = "<group>"; };
		2296033021416F960020B3EB /* Package.swift */ = {isa = PBXFileReference; lastKnownFileType = sourcecode.swift; path = Package.swift; sourceTree = "<group>"; };
		22A69BF421C2DDE600043C3A /* LoggerKit.framework */ = {isa = PBXFileReference; lastKnownFileType = wrapper.framework; path = LoggerKit.framework; sourceTree = BUILT_PRODUCTS_DIR; };
		22B1DB402178D8A50067E795 /* ViewExtensions.swift */ = {isa = PBXFileReference; lastKnownFileType = sourcecode.swift; path = ViewExtensions.swift; sourceTree = "<group>"; };
		22C2194A21AF24E5002FC0FE /* ToggleEditingAction.swift */ = {isa = PBXFileReference; lastKnownFileType = sourcecode.swift; path = ToggleEditingAction.swift; sourceTree = "<group>"; };
		22D1B22E217E0A3F0062F2CB /* BookPersonRow.swift */ = {isa = PBXFileReference; lastKnownFileType = sourcecode.swift; path = BookPersonRow.swift; sourceTree = "<group>"; };
		22D1B230217E0D780062F2CB /* BookDateRow.swift */ = {isa = PBXFileReference; lastKnownFileType = sourcecode.swift; path = BookDateRow.swift; sourceTree = "<group>"; };
		22D1B232217E42950062F2CB /* TextBinding.swift */ = {isa = PBXFileReference; lastKnownFileType = sourcecode.swift; path = TextBinding.swift; sourceTree = "<group>"; };
		22D1B234217F7ED40062F2CB /* PersonIndexController.swift */ = {isa = PBXFileReference; lastKnownFileType = sourcecode.swift; path = PersonIndexController.swift; sourceTree = "<group>"; };
		22D1B236217F7EF30062F2CB /* PersonDetailController.swift */ = {isa = PBXFileReference; lastKnownFileType = sourcecode.swift; path = PersonDetailController.swift; sourceTree = "<group>"; };
		22D1B238218079C60062F2CB /* CollectionViewModel.swift */ = {isa = PBXFileReference; lastKnownFileType = sourcecode.swift; path = CollectionViewModel.swift; sourceTree = "<group>"; };
		22D1B23A21807D230062F2CB /* PersonBookRow.swift */ = {isa = PBXFileReference; lastKnownFileType = sourcecode.swift; path = PersonBookRow.swift; sourceTree = "<group>"; };
		22D1B23C21807F7B0062F2CB /* CollectionController.swift */ = {isa = PBXFileReference; lastKnownFileType = sourcecode.swift; path = CollectionController.swift; sourceTree = "<group>"; };
		22D1B2422180CA9E0062F2CB /* BookCell.swift */ = {isa = PBXFileReference; lastKnownFileType = sourcecode.swift; path = BookCell.swift; sourceTree = "<group>"; };
		22D1B2482180D7B60062F2CB /* BookDetailCell.swift */ = {isa = PBXFileReference; lastKnownFileType = sourcecode.swift; path = BookDetailCell.swift; sourceTree = "<group>"; };
		22D1B24A2180E9060062F2CB /* PersonRoleCell.swift */ = {isa = PBXFileReference; lastKnownFileType = sourcecode.swift; path = PersonRoleCell.swift; sourceTree = "<group>"; };
		22D39E502142DB2700282467 /* ViewBasedToolbarItem.swift */ = {isa = PBXFileReference; lastKnownFileType = sourcecode.swift; path = ViewBasedToolbarItem.swift; sourceTree = "<group>"; };
		22D39E522146A84500282467 /* AnnotatedTableCellView.swift */ = {isa = PBXFileReference; lastKnownFileType = sourcecode.swift; path = AnnotatedTableCellView.swift; sourceTree = "<group>"; };
		22D39E542146A84E00282467 /* BookDateCell.swift */ = {isa = PBXFileReference; lastKnownFileType = sourcecode.swift; path = BookDateCell.swift; sourceTree = "<group>"; };
		22D39E582146BA9C00282467 /* ShowDatePickerAction.swift */ = {isa = PBXFileReference; lastKnownFileType = sourcecode.swift; path = ShowDatePickerAction.swift; sourceTree = "<group>"; };
		22D39E5A2146BE4900282467 /* DatePickerPopoverController.swift */ = {isa = PBXFileReference; lastKnownFileType = sourcecode.swift; path = DatePickerPopoverController.swift; sourceTree = "<group>"; };
		22D39E5D2146D9F100282467 /* ValidatingButton.swift */ = {isa = PBXFileReference; lastKnownFileType = sourcecode.swift; path = ValidatingButton.swift; sourceTree = "<group>"; };
		22D39E5F2147D4A100282467 /* TestAction.swift */ = {isa = PBXFileReference; lastKnownFileType = sourcecode.swift; path = TestAction.swift; sourceTree = "<group>"; };
		22D39E612147E0C100282467 /* ImageTransformer.swift */ = {isa = PBXFileReference; lastKnownFileType = sourcecode.swift; path = ImageTransformer.swift; sourceTree = "<group>"; };
		22D39E6B2148167500282467 /* UITests.swift */ = {isa = PBXFileReference; lastKnownFileType = sourcecode.swift; path = UITests.swift; sourceTree = "<group>"; };
		22DAF397217B52E6003CE28B /* ActionsKit.framework */ = {isa = PBXFileReference; explicitFileType = wrapper.framework; path = ActionsKit.framework; sourceTree = BUILT_PRODUCTS_DIR; };
		22DAF399217B5305003CE28B /* Logger.framework */ = {isa = PBXFileReference; explicitFileType = wrapper.framework; path = Logger.framework; sourceTree = BUILT_PRODUCTS_DIR; };
		22DD42442126D6DA0070C85A /* BookishMac.app */ = {isa = PBXFileReference; explicitFileType = wrapper.application; includeInIndex = 0; path = BookishMac.app; sourceTree = BUILT_PRODUCTS_DIR; };
		22DD42472126D6DA0070C85A /* Application.swift */ = {isa = PBXFileReference; lastKnownFileType = sourcecode.swift; path = Application.swift; sourceTree = "<group>"; };
		22DD42492126D6DA0070C85A /* CollectionViewController.swift */ = {isa = PBXFileReference; lastKnownFileType = sourcecode.swift; path = CollectionViewController.swift; sourceTree = "<group>"; };
		22DD424B2126D6DA0070C85A /* CollectionDocument.swift */ = {isa = PBXFileReference; lastKnownFileType = sourcecode.swift; path = CollectionDocument.swift; sourceTree = "<group>"; };
		22DD42502126D6DB0070C85A /* Assets.xcassets */ = {isa = PBXFileReference; lastKnownFileType = folder.assetcatalog; path = Assets.xcassets; sourceTree = "<group>"; };
		22DD42532126D6DB0070C85A /* Base */ = {isa = PBXFileReference; lastKnownFileType = file.storyboard; name = Base; path = Base.lproj/Main.storyboard; sourceTree = "<group>"; };
		22DD42552126D6DB0070C85A /* Info.plist */ = {isa = PBXFileReference; lastKnownFileType = text.plist.xml; path = Info.plist; sourceTree = "<group>"; };
		22DD42562126D6DB0070C85A /* Bookish.entitlements */ = {isa = PBXFileReference; lastKnownFileType = text.plist.entitlements; path = Bookish.entitlements; sourceTree = "<group>"; };
		22DD425B2126D6DB0070C85A /* BookishTestsMac.xctest */ = {isa = PBXFileReference; explicitFileType = wrapper.cfbundle; includeInIndex = 0; path = BookishTestsMac.xctest; sourceTree = BUILT_PRODUCTS_DIR; };
		22DD425F2126D6DB0070C85A /* BookishTests.swift */ = {isa = PBXFileReference; lastKnownFileType = sourcecode.swift; path = BookishTests.swift; sourceTree = "<group>"; };
		22DD42612126D6DB0070C85A /* Info.plist */ = {isa = PBXFileReference; lastKnownFileType = text.plist.xml; path = Info.plist; sourceTree = "<group>"; };
		22DD42662126D6DB0070C85A /* BookishUITestsMac.xctest */ = {isa = PBXFileReference; explicitFileType = wrapper.cfbundle; includeInIndex = 0; path = BookishUITestsMac.xctest; sourceTree = BUILT_PRODUCTS_DIR; };
		22DD426A2126D6DB0070C85A /* BookishUITests.swift */ = {isa = PBXFileReference; lastKnownFileType = sourcecode.swift; path = BookishUITests.swift; sourceTree = "<group>"; };
		22DD426C2126D6DB0070C85A /* Info.plist */ = {isa = PBXFileReference; lastKnownFileType = text.plist.xml; path = Info.plist; sourceTree = "<group>"; };
		22DD42792126DDA80070C85A /* Bookish.xcconfig */ = {isa = PBXFileReference; lastKnownFileType = text.xcconfig; path = Bookish.xcconfig; sourceTree = "<group>"; };
		22DE6AE221875F410078D489 /* ImportSession.swift */ = {isa = PBXFileReference; lastKnownFileType = sourcecode.swift; path = ImportSession.swift; sourceTree = "<group>"; };
		22DE6AE421877E740078D489 /* Assets.xcfilelist */ = {isa = PBXFileReference; lastKnownFileType = text.xcfilelist; path = Assets.xcfilelist; sourceTree = "<group>"; };
		22DE6AE521877FFB0078D489 /* Assets.xcfilelist */ = {isa = PBXFileReference; lastKnownFileType = text.xcfilelist; path = Assets.xcfilelist; sourceTree = "<group>"; };
		22DE6AE62188A8DC0078D489 /* WhiteSearchFieldCell.swift */ = {isa = PBXFileReference; lastKnownFileType = sourcecode.swift; path = WhiteSearchFieldCell.swift; sourceTree = "<group>"; };
		22F1801B21C8084200220D20 /* BookPublisherRow.swift */ = {isa = PBXFileReference; lastKnownFileType = sourcecode.swift; path = BookPublisherRow.swift; sourceTree = "<group>"; };
		22F1801D21C8084900220D20 /* BookSeriesRow.swift */ = {isa = PBXFileReference; lastKnownFileType = sourcecode.swift; path = BookSeriesRow.swift; sourceTree = "<group>"; };
		22F1802221C810BE00220D20 /* PublisherIndexController.swift */ = {isa = PBXFileReference; lastKnownFileType = sourcecode.swift; path = PublisherIndexController.swift; sourceTree = "<group>"; };
		22F1802421C810C500220D20 /* SeriesIndexController.swift */ = {isa = PBXFileReference; lastKnownFileType = sourcecode.swift; path = SeriesIndexController.swift; sourceTree = "<group>"; };
		22F1802621C810CC00220D20 /* PublisherDetailController.swift */ = {isa = PBXFileReference; lastKnownFileType = sourcecode.swift; path = PublisherDetailController.swift; sourceTree = "<group>"; };
		22F1802821C810D400220D20 /* SeriesDetailController.swift */ = {isa = PBXFileReference; lastKnownFileType = sourcecode.swift; path = SeriesDetailController.swift; sourceTree = "<group>"; };
		22F1802C21C823B800220D20 /* SeriesBookRow.swift */ = {isa = PBXFileReference; lastKnownFileType = sourcecode.swift; path = SeriesBookRow.swift; sourceTree = "<group>"; };
		22F1802E21C827C500220D20 /* IndexController.swift */ = {isa = PBXFileReference; lastKnownFileType = sourcecode.swift; path = IndexController.swift; sourceTree = "<group>"; };
		22F1803021C82D8E00220D20 /* DetailController.swift */ = {isa = PBXFileReference; lastKnownFileType = sourcecode.swift; path = DetailController.swift; sourceTree = "<group>"; };
		22F1803221C9171B00220D20 /* PublisherBookRow.swift */ = {isa = PBXFileReference; lastKnownFileType = sourcecode.swift; path = PublisherBookRow.swift; sourceTree = "<group>"; };
		22F1805221C9495300220D20 /* Sample.sqlite */ = {isa = PBXFileReference; lastKnownFileType = file; name = Sample.sqlite; path = "Extras/Sample Data/Sample.sqlite"; sourceTree = SOURCE_ROOT; };
		22F180A321C951FF00220D20 /* SettingsController.swift */ = {isa = PBXFileReference; lastKnownFileType = sourcecode.swift; path = SettingsController.swift; sourceTree = "<group>"; };
		22F180DE21CA87A300220D20 /* Sample.sqlite-shm */ = {isa = PBXFileReference; lastKnownFileType = file; name = "Sample.sqlite-shm"; path = "Extras/Sample Data/Sample.sqlite-shm"; sourceTree = SOURCE_ROOT; };
		22F180DF21CA87A300220D20 /* Sample.sqlite-wal */ = {isa = PBXFileReference; fileEncoding = 4; lastKnownFileType = text; name = "Sample.sqlite-wal"; path = "Extras/Sample Data/Sample.sqlite-wal"; sourceTree = SOURCE_ROOT; };
		22F181F521CAB8A500220D20 /* BookishModel.framework */ = {isa = PBXFileReference; explicitFileType = wrapper.framework; path = BookishModel.framework; sourceTree = BUILT_PRODUCTS_DIR; };
		22F181F821CAB8F100220D20 /* JSONDump.framework */ = {isa = PBXFileReference; lastKnownFileType = wrapper.framework; path = JSONDump.framework; sourceTree = BUILT_PRODUCTS_DIR; };
		22F1844321CBD06C00220D20 /* Book.storyboard */ = {isa = PBXFileReference; fileEncoding = 4; lastKnownFileType = file.storyboard; path = Book.storyboard; sourceTree = "<group>"; };
		22F1844521CBD09000220D20 /* Person.storyboard */ = {isa = PBXFileReference; fileEncoding = 4; lastKnownFileType = file.storyboard; path = Person.storyboard; sourceTree = "<group>"; };
		22F1844721CBD0B100220D20 /* Series.storyboard */ = {isa = PBXFileReference; fileEncoding = 4; lastKnownFileType = file.storyboard; path = Series.storyboard; sourceTree = "<group>"; };
		22F1844921CBD0E800220D20 /* Publisher.storyboard */ = {isa = PBXFileReference; fileEncoding = 4; lastKnownFileType = file.storyboard; path = Publisher.storyboard; sourceTree = "<group>"; };
		22F1844B21CBF10B00220D20 /* IndexController.swift */ = {isa = PBXFileReference; lastKnownFileType = sourcecode.swift; path = IndexController.swift; sourceTree = "<group>"; };
		22F1844D21CBF9B600220D20 /* DetailController.swift */ = {isa = PBXFileReference; lastKnownFileType = sourcecode.swift; path = DetailController.swift; sourceTree = "<group>"; };
		22F35486216FAC0100443C0B /* Actions.framework */ = {isa = PBXFileReference; lastKnownFileType = wrapper.framework; path = Actions.framework; sourceTree = BUILT_PRODUCTS_DIR; };
		22F3548A216FAC0100443C0B /* BookishCore.framework */ = {isa = PBXFileReference; lastKnownFileType = wrapper.framework; path = BookishCore.framework; sourceTree = BUILT_PRODUCTS_DIR; };
/* End PBXFileReference section */

/* Begin PBXFrameworksBuildPhase section */
		2242930E212ADC4300E70510 /* Frameworks */ = {
			isa = PBXFrameworksBuildPhase;
			buildActionMask = 2147483647;
			files = (
				22F181F921CAB8F100220D20 /* JSONDump.framework in Frameworks */,
				22F181F621CAB8A500220D20 /* BookishModel.framework in Frameworks */,
				228968442191DDC200B80A93 /* CloudKit.framework in Frameworks */,
				22D1B23F2180BF5D0062F2CB /* Logger.framework in Frameworks */,
				22F35487216FAC0100443C0B /* Actions.framework in Frameworks */,
				228968382191DA4500B80A93 /* Ensembles.framework in Frameworks */,
				22D1B2402180BF6D0062F2CB /* ActionsKit.framework in Frameworks */,
			);
			runOnlyForDeploymentPostprocessing = 0;
		};
		22429326212ADC4500E70510 /* Frameworks */ = {
			isa = PBXFrameworksBuildPhase;
			buildActionMask = 2147483647;
			files = (
			);
			runOnlyForDeploymentPostprocessing = 0;
		};
		22429331212ADC4500E70510 /* Frameworks */ = {
			isa = PBXFrameworksBuildPhase;
			buildActionMask = 2147483647;
			files = (
			);
			runOnlyForDeploymentPostprocessing = 0;
		};
		22DD42412126D6DA0070C85A /* Frameworks */ = {
			isa = PBXFrameworksBuildPhase;
			buildActionMask = 2147483647;
			files = (
				22A69BF521C2DDE600043C3A /* LoggerKit.framework in Frameworks */,
				228968412191DD9000B80A93 /* CloudKit.framework in Frameworks */,
				22D1B23E2180BF550062F2CB /* Actions.framework in Frameworks */,
				22DAF39A217B5305003CE28B /* Logger.framework in Frameworks */,
				22DAF398217B52E6003CE28B /* ActionsKit.framework in Frameworks */,
				228968362191DA3800B80A93 /* Ensembles.framework in Frameworks */,
			);
			runOnlyForDeploymentPostprocessing = 0;
		};
		22DD42582126D6DB0070C85A /* Frameworks */ = {
			isa = PBXFrameworksBuildPhase;
			buildActionMask = 2147483647;
			files = (
			);
			runOnlyForDeploymentPostprocessing = 0;
		};
		22DD42632126D6DB0070C85A /* Frameworks */ = {
			isa = PBXFrameworksBuildPhase;
			buildActionMask = 2147483647;
			files = (
			);
			runOnlyForDeploymentPostprocessing = 0;
		};
/* End PBXFrameworksBuildPhase section */

/* Begin PBXGroup section */
		221ED4EE21678BF200594714 /* Configs */ = {
			isa = PBXGroup;
			children = (
				22DD42792126DDA80070C85A /* Bookish.xcconfig */,
				221ED4E9216785BB00594714 /* BookishMac.xcconfig */,
				221ED4EA216785BB00594714 /* BookishMobile.xcconfig */,
			);
			path = Configs;
			sourceTree = "<group>";
		};
		221F27272136EC0500DC2DC7 /* Utilities */ = {
			isa = PBXGroup;
			children = (
				22D39E5F2147D4A100282467 /* TestAction.swift */,
				22F1844B21CBF10B00220D20 /* IndexController.swift */,
				22F1844D21CBF9B600220D20 /* DetailController.swift */,
				22DE6AE62188A8DC0078D489 /* WhiteSearchFieldCell.swift */,
				22D39E522146A84500282467 /* AnnotatedTableCellView.swift */,
				22D39E5D2146D9F100282467 /* ValidatingButton.swift */,
				2250C71C21B83B5700E899E2 /* RegularExpressionExtensions.swift */,
				22960329214032520020B3EB /* AnnotatedTextField.swift */,
				226E8E6A21AC0918001F191F /* AnnotatedComboBox.swift */,
				22143FD421300F9300B689DF /* CoreDataTransformers.swift */,
				22D39E5A2146BE4900282467 /* DatePickerPopoverController.swift */,
				22143FCE212EF9CC00B689DF /* DocumentWindowController.swift */,
				22D39E502142DB2700282467 /* ViewBasedToolbarItem.swift */,
				22429402212C3C7400E70510 /* ViewExtensions.swift */,
			);
			path = Utilities;
			sourceTree = "<group>";
		};
		22429312212ADC4300E70510 /* BookishMobile */ = {
			isa = PBXGroup;
			children = (
				22429313212ADC4300E70510 /* Application.swift */,
				22D1B23C21807F7B0062F2CB /* CollectionController.swift */,
				22D1B238218079C60062F2CB /* CollectionViewModel.swift */,
				22F1802E21C827C500220D20 /* IndexController.swift */,
				22F1803021C82D8E00220D20 /* DetailController.swift */,
				227F450E2181EDF3000D8B8D /* Books */,
				227F450D2181EDE1000D8B8D /* People */,
				22F1802A21C8175D00220D20 /* Publisher */,
				22F1802B21C8176900220D20 /* Series */,
				22F180A221C951F000220D20 /* Settings */,
				227F450F2181EE08000D8B8D /* Utilities */,
				22F1804E21C9459300220D20 /* Resources */,
			);
			path = BookishMobile;
			sourceTree = "<group>";
		};
		2242932C212ADC4500E70510 /* BookishTestsMobile */ = {
			isa = PBXGroup;
			children = (
				2242932D212ADC4500E70510 /* Bookish_iOSTests.swift */,
				2242932F212ADC4500E70510 /* Info.plist */,
			);
			path = BookishTestsMobile;
			sourceTree = "<group>";
		};
		22429337212ADC4500E70510 /* BookishUITestsMobile */ = {
			isa = PBXGroup;
			children = (
				22429338212ADC4500E70510 /* Bookish_iOSUITests.swift */,
				2242933A212ADC4500E70510 /* Info.plist */,
			);
			path = BookishUITestsMobile;
			sourceTree = "<group>";
		};
		22429344212ADC8B00E70510 /* BookishMac */ = {
			isa = PBXGroup;
			children = (
				22DD42472126D6DA0070C85A /* Application.swift */,
				227F451221821BAC000D8B8D /* Collection */,
				227F451021821B7F000D8B8D /* Books */,
				227F451121821B90000D8B8D /* People */,
				2250C6FD21B541C100E899E2 /* Publisher */,
				2250C6FE21B54CF000E899E2 /* Series */,
				22D39E5C2146CC4400282467 /* Actions */,
				227F451B21835EF4000D8B8D /* Importers */,
				22D39E632147E9BA00282467 /* Transformers */,
				221F27272136EC0500DC2DC7 /* Utilities */,
				22F1804F21C945D800220D20 /* Resources */,
			);
			path = BookishMac;
			sourceTree = "<group>";
		};
		224293F6212B12CA00E70510 /* Frameworks */ = {
			isa = PBXGroup;
			children = (
				22F35486216FAC0100443C0B /* Actions.framework */,
				22DAF397217B52E6003CE28B /* ActionsKit.framework */,
				22F3548A216FAC0100443C0B /* BookishCore.framework */,
				22F181F521CAB8A500220D20 /* BookishModel.framework */,
				228968432191DDC200B80A93 /* CloudKit.framework */,
				228968402191DD9000B80A93 /* CloudKit.framework */,
				228968352191DA3800B80A93 /* Ensembles.framework */,
				228968372191DA4500B80A93 /* Ensembles.framework */,
				22F181F821CAB8F100220D20 /* JSONDump.framework */,
				22DAF399217B5305003CE28B /* Logger.framework */,
				22A69BF421C2DDE600043C3A /* LoggerKit.framework */,
			);
			name = Frameworks;
			sourceTree = "<group>";
		};
		2250C6FD21B541C100E899E2 /* Publisher */ = {
			isa = PBXGroup;
			children = (
				2250C6FB21B541B400E899E2 /* PublisherIndexViewController.swift */,
				2250C70721B55B9C00E899E2 /* PublisherDetailViewController.swift */,
			);
			path = Publisher;
			sourceTree = "<group>";
		};
		2250C6FE21B54CF000E899E2 /* Series */ = {
			isa = PBXGroup;
			children = (
				2250C6FF21B54D0900E899E2 /* SeriesIndexViewController.swift */,
				2250C70921B55BA700E899E2 /* SeriesDetailViewController.swift */,
				2250C71121B57F7800E899E2 /* SeriesEntryCell.swift */,
				2250C71521B7E01A00E899E2 /* SeriesScanner.swift */,
			);
			path = Series;
			sourceTree = "<group>";
		};
		227F450D2181EDE1000D8B8D /* People */ = {
			isa = PBXGroup;
			children = (
				22D1B234217F7ED40062F2CB /* PersonIndexController.swift */,
				22D1B236217F7EF30062F2CB /* PersonDetailController.swift */,
				22D1B23A21807D230062F2CB /* PersonBookRow.swift */,
			);
			path = People;
			sourceTree = "<group>";
		};
		227F450E2181EDF3000D8B8D /* Books */ = {
			isa = PBXGroup;
			children = (
				22D1B230217E0D780062F2CB /* BookDateRow.swift */,
				2242931A212ADC4300E70510 /* BookDetailController.swift */,
				221ED511216B8EAB00594714 /* BookDetailRow.swift */,
				22429318212ADC4300E70510 /* BookIndexController.swift */,
				22D1B22E217E0A3F0062F2CB /* BookPersonRow.swift */,
				22F1801B21C8084200220D20 /* BookPublisherRow.swift */,
				22F1801D21C8084900220D20 /* BookSeriesRow.swift */,
			);
			path = Books;
			sourceTree = "<group>";
		};
		227F450F2181EE08000D8B8D /* Utilities */ = {
			isa = PBXGroup;
			children = (
				22D1B232217E42950062F2CB /* TextBinding.swift */,
				22B1DB402178D8A50067E795 /* ViewExtensions.swift */,
			);
			path = Utilities;
			sourceTree = "<group>";
		};
		227F451021821B7F000D8B8D /* Books */ = {
			isa = PBXGroup;
			children = (
				224293F9212C1D7500E70510 /* BookIndexViewController.swift */,
				22429405212D945C00E70510 /* BookDetailViewController.swift */,
				22960327214025E80020B3EB /* BookPersonCell.swift */,
				2250C6E021B191B200E899E2 /* BookPublisherCell.swift */,
				226E8E6E21AC3D6A001F191F /* BookEditablePersonCell.swift */,
				226E8E7021AC3D74001F191F /* BookEditableDateCell.swift */,
				226E8E8B21AC73D9001F191F /* BookDimensionsCell.swift */,
				226E8E6C21AC38D5001F191F /* BookHeadingCell.swift */,
				22D1B2482180D7B60062F2CB /* BookDetailCell.swift */,
				2250C71321B596C700E899E2 /* BookSeriesCell.swift */,
				22D39E542146A84E00282467 /* BookDateCell.swift */,
				22D1B2422180CA9E0062F2CB /* BookCell.swift */,
			);
			path = Books;
			sourceTree = "<group>";
		};
		227F451121821B90000D8B8D /* People */ = {
			isa = PBXGroup;
			children = (
				220CDA9E214A86A80064CC91 /* PersonIndexViewController.swift */,
				220CDAA0214A8D510064CC91 /* PersonDetailViewController.swift */,
				22D1B24A2180E9060062F2CB /* PersonRoleCell.swift */,
			);
			path = People;
			sourceTree = "<group>";
		};
		227F451221821BAC000D8B8D /* Collection */ = {
			isa = PBXGroup;
			children = (
				22143FD0212F076000B689DF /* CollectionRootViewController.swift */,
				22DD42492126D6DA0070C85A /* CollectionViewController.swift */,
				22429400212C32BF00E70510 /* CollectionWindowController.swift */,
				22429407212D958400E70510 /* CollectionSplitViewController.swift */,
				22462E922158ED5000A4C56C /* CollectionIndexViewController.swift */,
				22462E942158EDEA00A4C56C /* CollectionDetailViewController.swift */,
				22DD424B2126D6DA0070C85A /* CollectionDocument.swift */,
				22143FCC212EE79100B689DF /* CollectionDocumentViewModel.swift */,
			);
			path = Collection;
			sourceTree = "<group>";
		};
		227F451B21835EF4000D8B8D /* Importers */ = {
			isa = PBXGroup;
			children = (
				227F451521835801000D8B8D /* ImportManager.swift */,
				227F451721835814000D8B8D /* Importer.swift */,
				22DE6AE221875F410078D489 /* ImportSession.swift */,
				227F4513218352A0000D8B8D /* ImporterActions.swift */,
				227F4519218358EE000D8B8D /* DeliciousLibraryImporter.swift */,
			);
			path = Importers;
			sourceTree = "<group>";
		};
		22D39E5C2146CC4400282467 /* Actions */ = {
			isa = PBXGroup;
			children = (
				22462E962158F65200A4C56C /* CollectionViewActions.swift */,
				221C4B2F216BA96C0086D56F /* RelationshipUIActions.swift */,
				2250C71A21B7E7B500E899E2 /* ScanSeriesAction.swift */,
				22D39E582146BA9C00282467 /* ShowDatePickerAction.swift */,
				22C2194A21AF24E5002FC0FE /* ToggleEditingAction.swift */,
			);
			path = Actions;
			sourceTree = "<group>";
		};
		22D39E632147E9BA00282467 /* Transformers */ = {
			isa = PBXGroup;
			children = (
				22143FD2212F0F2500B689DF /* AuthorsTransformer.swift */,
				228968452191EFA900B80A93 /* AuthorSelectionTransformer.swift */,
				22D39E612147E0C100282467 /* ImageTransformer.swift */,
				221F272821382C8E00DC2DC7 /* DateTransformer.swift */,
			);
			path = Transformers;
			sourceTree = "<group>";
		};
		22DD423B2126D6DA0070C85A = {
			isa = PBXGroup;
			children = (
				221ED4EE21678BF200594714 /* Configs */,
				2296032B214132840020B3EB /* Bookish.sketch */,
				2296033021416F960020B3EB /* Package.swift */,
				22DD42462126D6DA0070C85A /* Sources */,
				22DD42782126DD3A0070C85A /* Tests */,
				22DD42452126D6DA0070C85A /* Products */,
				224293F6212B12CA00E70510 /* Frameworks */,
			);
			sourceTree = "<group>";
		};
		22DD42452126D6DA0070C85A /* Products */ = {
			isa = PBXGroup;
			children = (
				22DD42442126D6DA0070C85A /* BookishMac.app */,
				22DD425B2126D6DB0070C85A /* BookishTestsMac.xctest */,
				22DD42662126D6DB0070C85A /* BookishUITestsMac.xctest */,
				22429311212ADC4300E70510 /* BookishMobile.app */,
				22429329212ADC4500E70510 /* BookishTestsMobile.xctest */,
				22429334212ADC4500E70510 /* BookishUITestsMobile.xctest */,
			);
			name = Products;
			sourceTree = "<group>";
		};
		22DD42462126D6DA0070C85A /* Sources */ = {
			isa = PBXGroup;
			children = (
				22429344212ADC8B00E70510 /* BookishMac */,
				22429312212ADC4300E70510 /* BookishMobile */,
			);
			path = Sources;
			sourceTree = "<group>";
		};
		22DD425E2126D6DB0070C85A /* BookishTestsMac */ = {
			isa = PBXGroup;
			children = (
				22DD425F2126D6DB0070C85A /* BookishTests.swift */,
				22DD42612126D6DB0070C85A /* Info.plist */,
			);
			path = BookishTestsMac;
			sourceTree = "<group>";
		};
		22DD42692126D6DB0070C85A /* BookishUITestsMac */ = {
			isa = PBXGroup;
			children = (
				22DD426A2126D6DB0070C85A /* BookishUITests.swift */,
				22D39E6B2148167500282467 /* UITests.swift */,
				22DD426C2126D6DB0070C85A /* Info.plist */,
			);
			path = BookishUITestsMac;
			sourceTree = "<group>";
		};
		22DD42782126DD3A0070C85A /* Tests */ = {
			isa = PBXGroup;
			children = (
				22429337212ADC4500E70510 /* BookishUITestsMobile */,
				2242932C212ADC4500E70510 /* BookishTestsMobile */,
				22DD425E2126D6DB0070C85A /* BookishTestsMac */,
				22DD42692126D6DB0070C85A /* BookishUITestsMac */,
			);
			path = Tests;
			sourceTree = "<group>";
		};
		22F1802A21C8175D00220D20 /* Publisher */ = {
			isa = PBXGroup;
			children = (
				22F1802221C810BE00220D20 /* PublisherIndexController.swift */,
				22F1803221C9171B00220D20 /* PublisherBookRow.swift */,
				22F1802621C810CC00220D20 /* PublisherDetailController.swift */,
			);
			path = Publisher;
			sourceTree = "<group>";
		};
		22F1802B21C8176900220D20 /* Series */ = {
			isa = PBXGroup;
			children = (
				22F1802421C810C500220D20 /* SeriesIndexController.swift */,
				22F1802821C810D400220D20 /* SeriesDetailController.swift */,
				22F1802C21C823B800220D20 /* SeriesBookRow.swift */,
			);
			path = Series;
			sourceTree = "<group>";
		};
		22F1804E21C9459300220D20 /* Resources */ = {
			isa = PBXGroup;
			children = (
				228968422191DDBF00B80A93 /* Bookish.entitlements */,
				22F1805221C9495300220D20 /* Sample.sqlite */,
				22F180DE21CA87A300220D20 /* Sample.sqlite-shm */,
				22F180DF21CA87A300220D20 /* Sample.sqlite-wal */,
				2242931C212ADC4300E70510 /* Main.storyboard */,
				2242931F212ADC4400E70510 /* Assets.xcassets */,
				22DE6AE521877FFB0078D489 /* Assets.xcfilelist */,
				22429321212ADC4400E70510 /* LaunchScreen.storyboard */,
				22429324212ADC4400E70510 /* Info.plist */,
			);
			path = Resources;
			sourceTree = "<group>";
		};
		22F1804F21C945D800220D20 /* Resources */ = {
			isa = PBXGroup;
			children = (
				22DD42522126D6DB0070C85A /* Main.storyboard */,
				22F1844721CBD0B100220D20 /* Series.storyboard */,
				22F1844521CBD09000220D20 /* Person.storyboard */,
				22F1844321CBD06C00220D20 /* Book.storyboard */,
				22F1844921CBD0E800220D20 /* Publisher.storyboard */,
				22DD42502126D6DB0070C85A /* Assets.xcassets */,
				22DE6AE421877E740078D489 /* Assets.xcfilelist */,
				22DD42552126D6DB0070C85A /* Info.plist */,
				22DD42562126D6DB0070C85A /* Bookish.entitlements */,
			);
			path = Resources;
			sourceTree = "<group>";
		};
		22F180A221C951F000220D20 /* Settings */ = {
			isa = PBXGroup;
			children = (
				22F180A321C951FF00220D20 /* SettingsController.swift */,
			);
			path = Settings;
			sourceTree = "<group>";
		};
/* End PBXGroup section */

/* Begin PBXNativeTarget section */
		22429310212ADC4300E70510 /* BookishMobile */ = {
			isa = PBXNativeTarget;
			buildConfigurationList = 2242933B212ADC4500E70510 /* Build configuration list for PBXNativeTarget "BookishMobile" */;
			buildPhases = (
				226EF319217793740012A405 /* Export From Sketch */,
				2242930D212ADC4300E70510 /* Sources */,
				2242930E212ADC4300E70510 /* Frameworks */,
				2242930F212ADC4300E70510 /* Resources */,
				224293CD212AE16300E70510 /* Embed Frameworks */,
			);
			buildRules = (
			);
			dependencies = (
			);
			name = BookishMobile;
			productName = "Bookish iOS";
			productReference = 22429311212ADC4300E70510 /* BookishMobile.app */;
			productType = "com.apple.product-type.application";
		};
		22429328212ADC4500E70510 /* BookishTestsMobile */ = {
			isa = PBXNativeTarget;
			buildConfigurationList = 2242933E212ADC4500E70510 /* Build configuration list for PBXNativeTarget "BookishTestsMobile" */;
			buildPhases = (
				22429325212ADC4500E70510 /* Sources */,
				22429326212ADC4500E70510 /* Frameworks */,
				22429327212ADC4500E70510 /* Resources */,
			);
			buildRules = (
			);
			dependencies = (
				2242932B212ADC4500E70510 /* PBXTargetDependency */,
			);
			name = BookishTestsMobile;
			productName = "Bookish iOSTests";
			productReference = 22429329212ADC4500E70510 /* BookishTestsMobile.xctest */;
			productType = "com.apple.product-type.bundle.unit-test";
		};
		22429333212ADC4500E70510 /* BookishUITestsMobile */ = {
			isa = PBXNativeTarget;
			buildConfigurationList = 22429341212ADC4500E70510 /* Build configuration list for PBXNativeTarget "BookishUITestsMobile" */;
			buildPhases = (
				22429330212ADC4500E70510 /* Sources */,
				22429331212ADC4500E70510 /* Frameworks */,
				22429332212ADC4500E70510 /* Resources */,
			);
			buildRules = (
			);
			dependencies = (
				22429336212ADC4500E70510 /* PBXTargetDependency */,
			);
			name = BookishUITestsMobile;
			productName = "Bookish iOSUITests";
			productReference = 22429334212ADC4500E70510 /* BookishUITestsMobile.xctest */;
			productType = "com.apple.product-type.bundle.ui-testing";
		};
		22DD42432126D6DA0070C85A /* BookishMac */ = {
			isa = PBXNativeTarget;
			buildConfigurationList = 22DD426F2126D6DB0070C85A /* Build configuration list for PBXNativeTarget "BookishMac" */;
			buildPhases = (
				226EF3182177935B0012A405 /* Export From Sketch */,
				22DD42402126D6DA0070C85A /* Sources */,
				22DD42412126D6DA0070C85A /* Frameworks */,
				22DD42422126D6DA0070C85A /* Resources */,
				22429366212AE0AE00E70510 /* Embed Frameworks */,
			);
			buildRules = (
			);
			dependencies = (
			);
			name = BookishMac;
			productName = Bookish;
			productReference = 22DD42442126D6DA0070C85A /* BookishMac.app */;
			productType = "com.apple.product-type.application";
		};
		22DD425A2126D6DB0070C85A /* BookishTestsMac */ = {
			isa = PBXNativeTarget;
			buildConfigurationList = 22DD42722126D6DB0070C85A /* Build configuration list for PBXNativeTarget "BookishTestsMac" */;
			buildPhases = (
				22DD42572126D6DB0070C85A /* Sources */,
				22DD42582126D6DB0070C85A /* Frameworks */,
				22DD42592126D6DB0070C85A /* Resources */,
			);
			buildRules = (
			);
			dependencies = (
				22DD425D2126D6DB0070C85A /* PBXTargetDependency */,
			);
			name = BookishTestsMac;
			productName = BookishTests;
			productReference = 22DD425B2126D6DB0070C85A /* BookishTestsMac.xctest */;
			productType = "com.apple.product-type.bundle.unit-test";
		};
		22DD42652126D6DB0070C85A /* BookishUITestsMac */ = {
			isa = PBXNativeTarget;
			buildConfigurationList = 22DD42752126D6DB0070C85A /* Build configuration list for PBXNativeTarget "BookishUITestsMac" */;
			buildPhases = (
				22DD42622126D6DB0070C85A /* Sources */,
				22DD42632126D6DB0070C85A /* Frameworks */,
				22DD42642126D6DB0070C85A /* Resources */,
			);
			buildRules = (
			);
			dependencies = (
				22DD42682126D6DB0070C85A /* PBXTargetDependency */,
			);
			name = BookishUITestsMac;
			productName = BookishUITests;
			productReference = 22DD42662126D6DB0070C85A /* BookishUITestsMac.xctest */;
			productType = "com.apple.product-type.bundle.ui-testing";
		};
/* End PBXNativeTarget section */

/* Begin PBXProject section */
		22DD423C2126D6DA0070C85A /* Project object */ = {
			isa = PBXProject;
			attributes = {
				LastSwiftUpdateCheck = 1000;
				LastUpgradeCheck = 1010;
				ORGANIZATIONNAME = "Elegant Chaos Limited";
				TargetAttributes = {
					22429310212ADC4300E70510 = {
						CreatedOnToolsVersion = 10.0;
						SystemCapabilities = {
							com.apple.Push = {
								enabled = 1;
							};
							com.apple.iCloud = {
								enabled = 1;
							};
						};
					};
					22429328212ADC4500E70510 = {
						CreatedOnToolsVersion = 10.0;
						TestTargetID = 22429310212ADC4300E70510;
					};
					22429333212ADC4500E70510 = {
						CreatedOnToolsVersion = 10.0;
						TestTargetID = 22429310212ADC4300E70510;
					};
					22DD42432126D6DA0070C85A = {
						CreatedOnToolsVersion = 10.0;
						SystemCapabilities = {
							com.apple.Push = {
								enabled = 1;
							};
							com.apple.Sandbox = {
								enabled = 1;
							};
							com.apple.iCloud = {
								enabled = 1;
							};
						};
					};
					22DD425A2126D6DB0070C85A = {
						CreatedOnToolsVersion = 10.0;
						TestTargetID = 22DD42432126D6DA0070C85A;
					};
					22DD42652126D6DB0070C85A = {
						CreatedOnToolsVersion = 10.0;
						TestTargetID = 22DD42432126D6DA0070C85A;
					};
				};
			};
			buildConfigurationList = 22DD423F2126D6DA0070C85A /* Build configuration list for PBXProject "Bookish" */;
			compatibilityVersion = "Xcode 10.0";
			developmentRegion = en;
			hasScannedForEncodings = 0;
			knownRegions = (
				en,
				Base,
			);
			mainGroup = 22DD423B2126D6DA0070C85A;
			productRefGroup = 22DD42452126D6DA0070C85A /* Products */;
			projectDirPath = "";
			projectRoot = "";
			targets = (
				22DD42432126D6DA0070C85A /* BookishMac */,
				22429310212ADC4300E70510 /* BookishMobile */,
				22DD425A2126D6DB0070C85A /* BookishTestsMac */,
				22429328212ADC4500E70510 /* BookishTestsMobile */,
				22DD42652126D6DB0070C85A /* BookishUITestsMac */,
				22429333212ADC4500E70510 /* BookishUITestsMobile */,
			);
		};
/* End PBXProject section */

/* Begin PBXResourcesBuildPhase section */
		2242930F212ADC4300E70510 /* Resources */ = {
			isa = PBXResourcesBuildPhase;
			buildActionMask = 2147483647;
			files = (
				22429323212ADC4400E70510 /* LaunchScreen.storyboard in Resources */,
				22429320212ADC4400E70510 /* Assets.xcassets in Resources */,
				22F180E121CA87A400220D20 /* Sample.sqlite-wal in Resources */,
				22F1805321C9495300220D20 /* Sample.sqlite in Resources */,
				22F180E021CA87A400220D20 /* Sample.sqlite-shm in Resources */,
				2242931E212ADC4300E70510 /* Main.storyboard in Resources */,
			);
			runOnlyForDeploymentPostprocessing = 0;
		};
		22429327212ADC4500E70510 /* Resources */ = {
			isa = PBXResourcesBuildPhase;
			buildActionMask = 2147483647;
			files = (
			);
			runOnlyForDeploymentPostprocessing = 0;
		};
		22429332212ADC4500E70510 /* Resources */ = {
			isa = PBXResourcesBuildPhase;
			buildActionMask = 2147483647;
			files = (
			);
			runOnlyForDeploymentPostprocessing = 0;
		};
		22DD42422126D6DA0070C85A /* Resources */ = {
			isa = PBXResourcesBuildPhase;
			buildActionMask = 2147483647;
			files = (
				22F1844821CBD0B100220D20 /* Series.storyboard in Resources */,
				22E47CE0216E5EB200E43DBF /* Assets.xcassets in Resources */,
				22F1844421CBD06C00220D20 /* Book.storyboard in Resources */,
				22F1844A21CBD0E800220D20 /* Publisher.storyboard in Resources */,
				22DD42542126D6DB0070C85A /* Main.storyboard in Resources */,
				22F1844621CBD09000220D20 /* Person.storyboard in Resources */,
			);
			runOnlyForDeploymentPostprocessing = 0;
		};
		22DD42592126D6DB0070C85A /* Resources */ = {
			isa = PBXResourcesBuildPhase;
			buildActionMask = 2147483647;
			files = (
			);
			runOnlyForDeploymentPostprocessing = 0;
		};
		22DD42642126D6DB0070C85A /* Resources */ = {
			isa = PBXResourcesBuildPhase;
			buildActionMask = 2147483647;
			files = (
			);
			runOnlyForDeploymentPostprocessing = 0;
		};
/* End PBXResourcesBuildPhase section */

/* Begin PBXShellScriptBuildPhase section */
		226EF3182177935B0012A405 /* Export From Sketch */ = {
			isa = PBXShellScriptBuildPhase;
			buildActionMask = 2147483647;
			files = (
			);
			inputFileListPaths = (
			);
			inputPaths = (
				"$(SRCROOT)/Extras/Bookish.sketch",
			);
			name = "Export From Sketch";
			outputFileListPaths = (
				"$(SRCROOT)/Sources/BookishMac/Resources/Assets.xcfilelist",
			);
			outputPaths = (
			);
			runOnlyForDeploymentPostprocessing = 0;
			shellPath = /bin/sh;
			shellScript = "# build & run sketchx to export the assets\nswift run sketchx Extras/Bookish.sketch Mac=Assets Sources/BookishMac/Resources \n\n# update list of all assets\n#find Sources/BookishMac/Resources/Assets.xcassets -type f > Sources/BookishMac/Resources/Assets.xcfilelist\n";
			showEnvVarsInLog = 0;
		};
		226EF319217793740012A405 /* Export From Sketch */ = {
			isa = PBXShellScriptBuildPhase;
			buildActionMask = 2147483647;
			files = (
			);
			inputFileListPaths = (
			);
			inputPaths = (
				"$(SRCROOT)/Extras/Bookish.sketch",
			);
			name = "Export From Sketch";
			outputFileListPaths = (
				"$(SRCROOT)/Sources/BookishMobile/Resources/Assets.xcfilelist",
			);
			outputPaths = (
			);
			runOnlyForDeploymentPostprocessing = 0;
			shellPath = /bin/sh;
			shellScript = "# build & run sketchx to export the assets\n#swift run sketchx Extras/Bookish.sketch Mobile=Assets Sources/BookishMobile/Resources \n\n# update list of all assets\n#find Sources/BookishMobile/Resources/Assets.xcassets -type f > Sources/BookishMobile/Resources/Assets.xcfilelist\n";
			showEnvVarsInLog = 0;
		};
/* End PBXShellScriptBuildPhase section */

/* Begin PBXSourcesBuildPhase section */
		2242930D212ADC4300E70510 /* Sources */ = {
			isa = PBXSourcesBuildPhase;
			buildActionMask = 2147483647;
			files = (
				22D1B23B21807D230062F2CB /* PersonBookRow.swift in Sources */,
				22429314212ADC4300E70510 /* Application.swift in Sources */,
				22F1803321C9171B00220D20 /* PublisherBookRow.swift in Sources */,
				22D1B22F217E0A3F0062F2CB /* BookPersonRow.swift in Sources */,
				221ED512216B8EAB00594714 /* BookDetailRow.swift in Sources */,
				22F1801F21C8089100220D20 /* BookPublisherRow.swift in Sources */,
				22F180A421C951FF00220D20 /* SettingsController.swift in Sources */,
				22F1802121C8095B00220D20 /* BookSeriesRow.swift in Sources */,
				22D1B237217F7EF30062F2CB /* PersonDetailController.swift in Sources */,
				22429319212ADC4300E70510 /* BookIndexController.swift in Sources */,
				22F1802F21C827C600220D20 /* IndexController.swift in Sources */,
				22D1B233217E42950062F2CB /* TextBinding.swift in Sources */,
				22B1DB412178D8A50067E795 /* ViewExtensions.swift in Sources */,
				22D1B239218079C60062F2CB /* CollectionViewModel.swift in Sources */,
				22C2194C21AF24E5002FC0FE /* ToggleEditingAction.swift in Sources */,
				22F1803121C82D8E00220D20 /* DetailController.swift in Sources */,
				22F1802721C810CC00220D20 /* PublisherDetailController.swift in Sources */,
				22F1802921C810D400220D20 /* SeriesDetailController.swift in Sources */,
				22D1B231217E0D780062F2CB /* BookDateRow.swift in Sources */,
				2242931B212ADC4300E70510 /* BookDetailController.swift in Sources */,
				22D1B23D21807F7B0062F2CB /* CollectionController.swift in Sources */,
				22F1802D21C823B800220D20 /* SeriesBookRow.swift in Sources */,
				22D1B235217F7ED40062F2CB /* PersonIndexController.swift in Sources */,
				22F1802321C810BE00220D20 /* PublisherIndexController.swift in Sources */,
				22F1802521C810C500220D20 /* SeriesIndexController.swift in Sources */,
			);
			runOnlyForDeploymentPostprocessing = 0;
		};
		22429325212ADC4500E70510 /* Sources */ = {
			isa = PBXSourcesBuildPhase;
			buildActionMask = 2147483647;
			files = (
				2242932E212ADC4500E70510 /* Bookish_iOSTests.swift in Sources */,
			);
			runOnlyForDeploymentPostprocessing = 0;
		};
		22429330212ADC4500E70510 /* Sources */ = {
			isa = PBXSourcesBuildPhase;
			buildActionMask = 2147483647;
			files = (
				22429339212ADC4500E70510 /* Bookish_iOSUITests.swift in Sources */,
			);
			runOnlyForDeploymentPostprocessing = 0;
		};
		22DD42402126D6DA0070C85A /* Sources */ = {
			isa = PBXSourcesBuildPhase;
			buildActionMask = 2147483647;
			files = (
				2296032A214032520020B3EB /* AnnotatedTextField.swift in Sources */,
				226E8E8C21AC73D9001F191F /* BookDimensionsCell.swift in Sources */,
				22D1B2492180D7B60062F2CB /* BookDetailCell.swift in Sources */,
				22DD424A2126D6DA0070C85A /* CollectionViewController.swift in Sources */,
				227F451A218358EE000D8B8D /* DeliciousLibraryImporter.swift in Sources */,
				2250C71421B596C700E899E2 /* BookSeriesCell.swift in Sources */,
				2250C71221B57F7800E899E2 /* SeriesEntryCell.swift in Sources */,
				22429401212C32BF00E70510 /* CollectionWindowController.swift in Sources */,
				2250C6FC21B541B400E899E2 /* PublisherIndexViewController.swift in Sources */,
				22DD42482126D6DA0070C85A /* Application.swift in Sources */,
				22429406212D945C00E70510 /* BookDetailViewController.swift in Sources */,
				2250C71D21B83B5700E899E2 /* RegularExpressionExtensions.swift in Sources */,
				22DE6AE321875F410078D489 /* ImportSession.swift in Sources */,
				22D1B24B2180E9060062F2CB /* PersonRoleCell.swift in Sources */,
				227F4514218352A0000D8B8D /* ImporterActions.swift in Sources */,
				2250C6E121B191B200E899E2 /* BookPublisherCell.swift in Sources */,
				228968472191F48400B80A93 /* AuthorSelectionTransformer.swift in Sources */,
				22DE6AE72188A8DC0078D489 /* WhiteSearchFieldCell.swift in Sources */,
				22143FD3212F0F2500B689DF /* AuthorsTransformer.swift in Sources */,
				22143FCF212EF9CC00B689DF /* DocumentWindowController.swift in Sources */,
				22462E952158EDEA00A4C56C /* CollectionDetailViewController.swift in Sources */,
				227F451821835814000D8B8D /* Importer.swift in Sources */,
				221C4B35216BAAAC0086D56F /* RelationshipUIActions.swift in Sources */,
				22DD424C2126D6DA0070C85A /* CollectionDocument.swift in Sources */,
				226E8E6F21AC3D6A001F191F /* BookEditablePersonCell.swift in Sources */,
				2250C71621B7E01A00E899E2 /* SeriesScanner.swift in Sources */,
				22143FCD212EE79100B689DF /* CollectionDocumentViewModel.swift in Sources */,
				22F1844E21CBF9B600220D20 /* DetailController.swift in Sources */,
				22C2194B21AF24E5002FC0FE /* ToggleEditingAction.swift in Sources */,
				22960328214025E80020B3EB /* BookPersonCell.swift in Sources */,
				22D39E622147E0C100282467 /* ImageTransformer.swift in Sources */,
				22429408212D958400E70510 /* CollectionSplitViewController.swift in Sources */,
				226E8E7121AC3D74001F191F /* BookEditableDateCell.swift in Sources */,
				22462E972158F65200A4C56C /* CollectionViewActions.swift in Sources */,
				227F451621835801000D8B8D /* ImportManager.swift in Sources */,
				22D39E5B2146BE4900282467 /* DatePickerPopoverController.swift in Sources */,
				22D39E532146A84500282467 /* AnnotatedTableCellView.swift in Sources */,
				22D39E602147D4A100282467 /* TestAction.swift in Sources */,
				22462E932158ED5000A4C56C /* CollectionIndexViewController.swift in Sources */,
				221F272921382C8E00DC2DC7 /* DateTransformer.swift in Sources */,
				2250C70A21B55BA700E899E2 /* SeriesDetailViewController.swift in Sources */,
				22143FD521300F9300B689DF /* CoreDataTransformers.swift in Sources */,
				22F1844C21CBF10B00220D20 /* IndexController.swift in Sources */,
				2250C70821B55B9C00E899E2 /* PublisherDetailViewController.swift in Sources */,
				220CDA9F214A86A80064CC91 /* PersonIndexViewController.swift in Sources */,
				22D39E552146A84E00282467 /* BookDateCell.swift in Sources */,
				22143FD1212F076000B689DF /* CollectionRootViewController.swift in Sources */,
				2250C70021B54D0900E899E2 /* SeriesIndexViewController.swift in Sources */,
				220CDAA1214A8D510064CC91 /* PersonDetailViewController.swift in Sources */,
				22D39E5E2146D9F100282467 /* ValidatingButton.swift in Sources */,
				22D1B2432180CA9E0062F2CB /* BookCell.swift in Sources */,
				2250C71B21B7E7B500E899E2 /* ScanSeriesAction.swift in Sources */,
				22429403212C3C7400E70510 /* ViewExtensions.swift in Sources */,
				224293FB212C1D7500E70510 /* BookIndexViewController.swift in Sources */,
				22D39E592146BA9C00282467 /* ShowDatePickerAction.swift in Sources */,
				226E8E6D21AC38D5001F191F /* BookHeadingCell.swift in Sources */,
				22D39E512142DB2700282467 /* ViewBasedToolbarItem.swift in Sources */,
				226E8E6B21AC0918001F191F /* AnnotatedComboBox.swift in Sources */,
			);
			runOnlyForDeploymentPostprocessing = 0;
		};
		22DD42572126D6DB0070C85A /* Sources */ = {
			isa = PBXSourcesBuildPhase;
			buildActionMask = 2147483647;
			files = (
				22DD42602126D6DB0070C85A /* BookishTests.swift in Sources */,
			);
			runOnlyForDeploymentPostprocessing = 0;
		};
		22DD42622126D6DB0070C85A /* Sources */ = {
			isa = PBXSourcesBuildPhase;
			buildActionMask = 2147483647;
			files = (
				22DD426B2126D6DB0070C85A /* BookishUITests.swift in Sources */,
				22D39E6D214816C400282467 /* UITests.swift in Sources */,
			);
			runOnlyForDeploymentPostprocessing = 0;
		};
/* End PBXSourcesBuildPhase section */

/* Begin PBXTargetDependency section */
		2242932B212ADC4500E70510 /* PBXTargetDependency */ = {
			isa = PBXTargetDependency;
			target = 22429310212ADC4300E70510 /* BookishMobile */;
			targetProxy = 2242932A212ADC4500E70510 /* PBXContainerItemProxy */;
		};
		22429336212ADC4500E70510 /* PBXTargetDependency */ = {
			isa = PBXTargetDependency;
			target = 22429310212ADC4300E70510 /* BookishMobile */;
			targetProxy = 22429335212ADC4500E70510 /* PBXContainerItemProxy */;
		};
		22DD425D2126D6DB0070C85A /* PBXTargetDependency */ = {
			isa = PBXTargetDependency;
			target = 22DD42432126D6DA0070C85A /* BookishMac */;
			targetProxy = 22DD425C2126D6DB0070C85A /* PBXContainerItemProxy */;
		};
		22DD42682126D6DB0070C85A /* PBXTargetDependency */ = {
			isa = PBXTargetDependency;
			target = 22DD42432126D6DA0070C85A /* BookishMac */;
			targetProxy = 22DD42672126D6DB0070C85A /* PBXContainerItemProxy */;
		};
/* End PBXTargetDependency section */

/* Begin PBXVariantGroup section */
		2242931C212ADC4300E70510 /* Main.storyboard */ = {
			isa = PBXVariantGroup;
			children = (
				2242931D212ADC4300E70510 /* Base */,
			);
			name = Main.storyboard;
			sourceTree = "<group>";
		};
		22429321212ADC4400E70510 /* LaunchScreen.storyboard */ = {
			isa = PBXVariantGroup;
			children = (
				22429322212ADC4400E70510 /* Base */,
			);
			name = LaunchScreen.storyboard;
			sourceTree = "<group>";
		};
		22DD42522126D6DB0070C85A /* Main.storyboard */ = {
			isa = PBXVariantGroup;
			children = (
				22DD42532126D6DB0070C85A /* Base */,
			);
			name = Main.storyboard;
			sourceTree = "<group>";
		};
/* End PBXVariantGroup section */

/* Begin XCBuildConfiguration section */
		2242933C212ADC4500E70510 /* Debug */ = {
			isa = XCBuildConfiguration;
			baseConfigurationReference = 221ED4EA216785BB00594714 /* BookishMobile.xcconfig */;
			buildSettings = {
				ASSETCATALOG_COMPILER_APPICON_NAME = AppIcon;
				ASSETCATALOG_COMPILER_LAUNCHIMAGE_NAME = LaunchImage;
				CODE_SIGN_ENTITLEMENTS = "$(BOOKISH_ENTITLEMENTS_PATH)";
				CODE_SIGN_IDENTITY = "iPhone Developer";
				CODE_SIGN_STYLE = Automatic;
				DEVELOPMENT_TEAM = 2H48644JM2;
				FRAMEWORK_SEARCH_PATHS = (
					"$(inherited)",
					"$(PROJECT_DIR)/Dependencies/Ensembles/Binaries/iOS",
				);
				INFOPLIST_FILE = "${BOOKISH_INFO_PATH}";
				IPHONEOS_DEPLOYMENT_TARGET = 12.0;
				LD_RUNPATH_SEARCH_PATHS = (
					"$(inherited)",
					"@executable_path/Frameworks",
				);
				PRODUCT_BUNDLE_IDENTIFIER = "com.elegantchaos.Bookish-iOS";
				PRODUCT_NAME = "$(TARGET_NAME)";
				SDKROOT = iphoneos;
				SWIFT_VERSION = 4.2;
				TARGETED_DEVICE_FAMILY = "1,2";
			};
			name = Debug;
		};
		2242933D212ADC4500E70510 /* Release */ = {
			isa = XCBuildConfiguration;
			baseConfigurationReference = 221ED4EA216785BB00594714 /* BookishMobile.xcconfig */;
			buildSettings = {
				ASSETCATALOG_COMPILER_APPICON_NAME = AppIcon;
				ASSETCATALOG_COMPILER_LAUNCHIMAGE_NAME = LaunchImage;
				CODE_SIGN_ENTITLEMENTS = "$(BOOKISH_ENTITLEMENTS_PATH)";
				CODE_SIGN_IDENTITY = "iPhone Developer";
				CODE_SIGN_STYLE = Automatic;
				DEVELOPMENT_TEAM = 2H48644JM2;
				FRAMEWORK_SEARCH_PATHS = (
					"$(inherited)",
					"$(PROJECT_DIR)/Dependencies/Ensembles/Binaries/iOS",
				);
				INFOPLIST_FILE = "${BOOKISH_INFO_PATH}";
				IPHONEOS_DEPLOYMENT_TARGET = 12.0;
				LD_RUNPATH_SEARCH_PATHS = (
					"$(inherited)",
					"@executable_path/Frameworks",
				);
				PRODUCT_BUNDLE_IDENTIFIER = "com.elegantchaos.Bookish-iOS";
				PRODUCT_NAME = "$(TARGET_NAME)";
				SDKROOT = iphoneos;
				SWIFT_VERSION = 4.2;
				TARGETED_DEVICE_FAMILY = "1,2";
				VALIDATE_PRODUCT = YES;
			};
			name = Release;
		};
		2242933F212ADC4500E70510 /* Debug */ = {
			isa = XCBuildConfiguration;
			baseConfigurationReference = 221ED4EA216785BB00594714 /* BookishMobile.xcconfig */;
			buildSettings = {
				ALWAYS_EMBED_SWIFT_STANDARD_LIBRARIES = YES;
				BUNDLE_LOADER = "$(TEST_HOST)";
				CODE_SIGN_IDENTITY = "iPhone Developer";
				CODE_SIGN_STYLE = Automatic;
				DEVELOPMENT_TEAM = 2H48644JM2;
				INFOPLIST_FILE = "${BOOKISH_TEST_INFO_PATH}";
				IPHONEOS_DEPLOYMENT_TARGET = 12.0;
				LD_RUNPATH_SEARCH_PATHS = (
					"$(inherited)",
					"@executable_path/Frameworks",
					"@loader_path/Frameworks",
				);
				PRODUCT_BUNDLE_IDENTIFIER = "com.elegantchaos.Bookish-iOSTests";
				PRODUCT_NAME = "$(TARGET_NAME)";
				SDKROOT = iphoneos;
				SWIFT_VERSION = 4.2;
				TARGETED_DEVICE_FAMILY = "1,2";
				TEST_HOST = "$(BUILT_PRODUCTS_DIR)/${BOOKISH_MOBILE_NAME}.app/${BOOKISH_MOBILE_NAME}";
			};
			name = Debug;
		};
		22429340212ADC4500E70510 /* Release */ = {
			isa = XCBuildConfiguration;
			baseConfigurationReference = 221ED4EA216785BB00594714 /* BookishMobile.xcconfig */;
			buildSettings = {
				ALWAYS_EMBED_SWIFT_STANDARD_LIBRARIES = YES;
				BUNDLE_LOADER = "$(TEST_HOST)";
				CODE_SIGN_IDENTITY = "iPhone Developer";
				CODE_SIGN_STYLE = Automatic;
				DEVELOPMENT_TEAM = 2H48644JM2;
				INFOPLIST_FILE = "${BOOKISH_TEST_INFO_PATH}";
				IPHONEOS_DEPLOYMENT_TARGET = 12.0;
				LD_RUNPATH_SEARCH_PATHS = (
					"$(inherited)",
					"@executable_path/Frameworks",
					"@loader_path/Frameworks",
				);
				PRODUCT_BUNDLE_IDENTIFIER = "com.elegantchaos.Bookish-iOSTests";
				PRODUCT_NAME = "$(TARGET_NAME)";
				SDKROOT = iphoneos;
				SWIFT_VERSION = 4.2;
				TARGETED_DEVICE_FAMILY = "1,2";
				TEST_HOST = "$(BUILT_PRODUCTS_DIR)/${BOOKISH_MOBILE_NAME}.app/${BOOKISH_MOBILE_NAME}";
				VALIDATE_PRODUCT = YES;
			};
			name = Release;
		};
		22429342212ADC4500E70510 /* Debug */ = {
			isa = XCBuildConfiguration;
			baseConfigurationReference = 221ED4EA216785BB00594714 /* BookishMobile.xcconfig */;
			buildSettings = {
				ALWAYS_EMBED_SWIFT_STANDARD_LIBRARIES = YES;
				CODE_SIGN_IDENTITY = "iPhone Developer";
				CODE_SIGN_STYLE = Automatic;
				DEVELOPMENT_TEAM = 2H48644JM2;
				INFOPLIST_FILE = "${BOOKISH_TEST_INFO_PATH}";
				IPHONEOS_DEPLOYMENT_TARGET = 12.0;
				LD_RUNPATH_SEARCH_PATHS = (
					"$(inherited)",
					"@executable_path/Frameworks",
					"@loader_path/Frameworks",
				);
				PRODUCT_BUNDLE_IDENTIFIER = "com.elegantchaos.Bookish-iOSUITests";
				PRODUCT_NAME = "$(TARGET_NAME)";
				SDKROOT = iphoneos;
				SWIFT_VERSION = 4.2;
				TARGETED_DEVICE_FAMILY = "1,2";
				TEST_TARGET_NAME = "${BOOKISH_MOBILE_NAME}";
			};
			name = Debug;
		};
		22429343212ADC4500E70510 /* Release */ = {
			isa = XCBuildConfiguration;
			baseConfigurationReference = 221ED4EA216785BB00594714 /* BookishMobile.xcconfig */;
			buildSettings = {
				ALWAYS_EMBED_SWIFT_STANDARD_LIBRARIES = YES;
				CODE_SIGN_IDENTITY = "iPhone Developer";
				CODE_SIGN_STYLE = Automatic;
				DEVELOPMENT_TEAM = 2H48644JM2;
				INFOPLIST_FILE = "${BOOKISH_TEST_INFO_PATH}";
				IPHONEOS_DEPLOYMENT_TARGET = 12.0;
				LD_RUNPATH_SEARCH_PATHS = (
					"$(inherited)",
					"@executable_path/Frameworks",
					"@loader_path/Frameworks",
				);
				PRODUCT_BUNDLE_IDENTIFIER = "com.elegantchaos.Bookish-iOSUITests";
				PRODUCT_NAME = "$(TARGET_NAME)";
				SDKROOT = iphoneos;
				SWIFT_VERSION = 4.2;
				TARGETED_DEVICE_FAMILY = "1,2";
				TEST_TARGET_NAME = "${BOOKISH_MOBILE_NAME}";
				VALIDATE_PRODUCT = YES;
			};
			name = Release;
		};
		22DD426D2126D6DB0070C85A /* Debug */ = {
			isa = XCBuildConfiguration;
			buildSettings = {
				ALWAYS_SEARCH_USER_PATHS = NO;
				CLANG_ANALYZER_NONNULL = YES;
				CLANG_ANALYZER_NUMBER_OBJECT_CONVERSION = YES_AGGRESSIVE;
				CLANG_CXX_LANGUAGE_STANDARD = "gnu++14";
				CLANG_CXX_LIBRARY = "libc++";
				CLANG_ENABLE_MODULES = YES;
				CLANG_ENABLE_OBJC_ARC = YES;
				CLANG_ENABLE_OBJC_WEAK = YES;
				CLANG_WARN_BLOCK_CAPTURE_AUTORELEASING = YES;
				CLANG_WARN_BOOL_CONVERSION = YES;
				CLANG_WARN_COMMA = YES;
				CLANG_WARN_CONSTANT_CONVERSION = YES;
				CLANG_WARN_DEPRECATED_OBJC_IMPLEMENTATIONS = YES;
				CLANG_WARN_DIRECT_OBJC_ISA_USAGE = YES_ERROR;
				CLANG_WARN_DOCUMENTATION_COMMENTS = YES;
				CLANG_WARN_EMPTY_BODY = YES;
				CLANG_WARN_ENUM_CONVERSION = YES;
				CLANG_WARN_INFINITE_RECURSION = YES;
				CLANG_WARN_INT_CONVERSION = YES;
				CLANG_WARN_NON_LITERAL_NULL_CONVERSION = YES;
				CLANG_WARN_OBJC_IMPLICIT_RETAIN_SELF = YES;
				CLANG_WARN_OBJC_LITERAL_CONVERSION = YES;
				CLANG_WARN_OBJC_ROOT_CLASS = YES_ERROR;
				CLANG_WARN_RANGE_LOOP_ANALYSIS = YES;
				CLANG_WARN_STRICT_PROTOTYPES = YES;
				CLANG_WARN_SUSPICIOUS_MOVE = YES;
				CLANG_WARN_UNGUARDED_AVAILABILITY = YES_AGGRESSIVE;
				CLANG_WARN_UNREACHABLE_CODE = YES;
				CLANG_WARN__DUPLICATE_METHOD_MATCH = YES;
				CODE_SIGN_IDENTITY = "Mac Developer";
				COPY_PHASE_STRIP = NO;
				DEBUG_INFORMATION_FORMAT = dwarf;
				ENABLE_STRICT_OBJC_MSGSEND = YES;
				ENABLE_TESTABILITY = YES;
				GCC_C_LANGUAGE_STANDARD = gnu11;
				GCC_DYNAMIC_NO_PIC = NO;
				GCC_NO_COMMON_BLOCKS = YES;
				GCC_OPTIMIZATION_LEVEL = 0;
				GCC_PREPROCESSOR_DEFINITIONS = (
					"DEBUG=1",
					"$(inherited)",
				);
				GCC_WARN_64_TO_32_BIT_CONVERSION = YES;
				GCC_WARN_ABOUT_RETURN_TYPE = YES_ERROR;
				GCC_WARN_UNDECLARED_SELECTOR = YES;
				GCC_WARN_UNINITIALIZED_AUTOS = YES_AGGRESSIVE;
				GCC_WARN_UNUSED_FUNCTION = YES;
				GCC_WARN_UNUSED_VARIABLE = YES;
				MACOSX_DEPLOYMENT_TARGET = 10.13;
				MTL_ENABLE_DEBUG_INFO = INCLUDE_SOURCE;
				MTL_FAST_MATH = YES;
				ONLY_ACTIVE_ARCH = YES;
				SDKROOT = iphoneos;
				SWIFT_ACTIVE_COMPILATION_CONDITIONS = "DEBUG debug";
				SWIFT_OPTIMIZATION_LEVEL = "-Onone";
			};
			name = Debug;
		};
		22DD426E2126D6DB0070C85A /* Release */ = {
			isa = XCBuildConfiguration;
			buildSettings = {
				ALWAYS_SEARCH_USER_PATHS = NO;
				CLANG_ANALYZER_NONNULL = YES;
				CLANG_ANALYZER_NUMBER_OBJECT_CONVERSION = YES_AGGRESSIVE;
				CLANG_CXX_LANGUAGE_STANDARD = "gnu++14";
				CLANG_CXX_LIBRARY = "libc++";
				CLANG_ENABLE_MODULES = YES;
				CLANG_ENABLE_OBJC_ARC = YES;
				CLANG_ENABLE_OBJC_WEAK = YES;
				CLANG_WARN_BLOCK_CAPTURE_AUTORELEASING = YES;
				CLANG_WARN_BOOL_CONVERSION = YES;
				CLANG_WARN_COMMA = YES;
				CLANG_WARN_CONSTANT_CONVERSION = YES;
				CLANG_WARN_DEPRECATED_OBJC_IMPLEMENTATIONS = YES;
				CLANG_WARN_DIRECT_OBJC_ISA_USAGE = YES_ERROR;
				CLANG_WARN_DOCUMENTATION_COMMENTS = YES;
				CLANG_WARN_EMPTY_BODY = YES;
				CLANG_WARN_ENUM_CONVERSION = YES;
				CLANG_WARN_INFINITE_RECURSION = YES;
				CLANG_WARN_INT_CONVERSION = YES;
				CLANG_WARN_NON_LITERAL_NULL_CONVERSION = YES;
				CLANG_WARN_OBJC_IMPLICIT_RETAIN_SELF = YES;
				CLANG_WARN_OBJC_LITERAL_CONVERSION = YES;
				CLANG_WARN_OBJC_ROOT_CLASS = YES_ERROR;
				CLANG_WARN_RANGE_LOOP_ANALYSIS = YES;
				CLANG_WARN_STRICT_PROTOTYPES = YES;
				CLANG_WARN_SUSPICIOUS_MOVE = YES;
				CLANG_WARN_UNGUARDED_AVAILABILITY = YES_AGGRESSIVE;
				CLANG_WARN_UNREACHABLE_CODE = YES;
				CLANG_WARN__DUPLICATE_METHOD_MATCH = YES;
				CODE_SIGN_IDENTITY = "Mac Developer";
				COPY_PHASE_STRIP = NO;
				DEBUG_INFORMATION_FORMAT = "dwarf-with-dsym";
				ENABLE_NS_ASSERTIONS = NO;
				ENABLE_STRICT_OBJC_MSGSEND = YES;
				GCC_C_LANGUAGE_STANDARD = gnu11;
				GCC_NO_COMMON_BLOCKS = YES;
				GCC_WARN_64_TO_32_BIT_CONVERSION = YES;
				GCC_WARN_ABOUT_RETURN_TYPE = YES_ERROR;
				GCC_WARN_UNDECLARED_SELECTOR = YES;
				GCC_WARN_UNINITIALIZED_AUTOS = YES_AGGRESSIVE;
				GCC_WARN_UNUSED_FUNCTION = YES;
				GCC_WARN_UNUSED_VARIABLE = YES;
				MACOSX_DEPLOYMENT_TARGET = 10.13;
				MTL_ENABLE_DEBUG_INFO = NO;
				MTL_FAST_MATH = YES;
				SDKROOT = iphoneos;
				SWIFT_COMPILATION_MODE = wholemodule;
				SWIFT_OPTIMIZATION_LEVEL = "-O";
			};
			name = Release;
		};
		22DD42702126D6DB0070C85A /* Debug */ = {
			isa = XCBuildConfiguration;
			baseConfigurationReference = 221ED4E9216785BB00594714 /* BookishMac.xcconfig */;
			buildSettings = {
				ASSETCATALOG_COMPILER_APPICON_NAME = AppIcon;
				CODE_SIGN_ENTITLEMENTS = "$(BOOKISH_ENTITLEMENTS_PATH)";
				CODE_SIGN_STYLE = Automatic;
				COMBINE_HIDPI_IMAGES = YES;
				DEVELOPMENT_TEAM = 2H48644JM2;
				FRAMEWORK_SEARCH_PATHS = (
					"$(inherited)",
					"$(PROJECT_DIR)/Dependencies/Ensembles/Binaries/macOS",
				);
				INFOPLIST_FILE = $BOOKISH_INFO_PATH;
				LD_RUNPATH_SEARCH_PATHS = (
					"$(inherited)",
					"@executable_path/../Frameworks",
				);
				PRODUCT_BUNDLE_IDENTIFIER = com.elegantchaos.Bookish;
				PRODUCT_NAME = "$(TARGET_NAME)";
				SWIFT_VERSION = 4.2;
			};
			name = Debug;
		};
		22DD42712126D6DB0070C85A /* Release */ = {
			isa = XCBuildConfiguration;
			baseConfigurationReference = 221ED4E9216785BB00594714 /* BookishMac.xcconfig */;
			buildSettings = {
				ASSETCATALOG_COMPILER_APPICON_NAME = AppIcon;
				CODE_SIGN_ENTITLEMENTS = "$(BOOKISH_ENTITLEMENTS_PATH)";
				CODE_SIGN_STYLE = Automatic;
				COMBINE_HIDPI_IMAGES = YES;
				DEVELOPMENT_TEAM = 2H48644JM2;
				FRAMEWORK_SEARCH_PATHS = (
					"$(inherited)",
					"$(PROJECT_DIR)/Dependencies/Ensembles/Binaries/macOS",
				);
				INFOPLIST_FILE = $BOOKISH_INFO_PATH;
				LD_RUNPATH_SEARCH_PATHS = (
					"$(inherited)",
					"@executable_path/../Frameworks",
				);
				PRODUCT_BUNDLE_IDENTIFIER = com.elegantchaos.Bookish;
				PRODUCT_NAME = "$(TARGET_NAME)";
				SWIFT_VERSION = 4.2;
			};
			name = Release;
		};
		22DD42732126D6DB0070C85A /* Debug */ = {
			isa = XCBuildConfiguration;
			baseConfigurationReference = 221ED4E9216785BB00594714 /* BookishMac.xcconfig */;
			buildSettings = {
				ALWAYS_EMBED_SWIFT_STANDARD_LIBRARIES = YES;
				BUNDLE_LOADER = "$(TEST_HOST)";
				CODE_SIGN_STYLE = Automatic;
				COMBINE_HIDPI_IMAGES = YES;
				DEVELOPMENT_TEAM = 2H48644JM2;
				INFOPLIST_FILE = "${BOOKISH_TEST_INFO_PATH}";
				LD_RUNPATH_SEARCH_PATHS = (
					"$(inherited)",
					"@executable_path/../Frameworks",
					"@loader_path/../Frameworks",
				);
				PRODUCT_BUNDLE_IDENTIFIER = com.elegantchaos.BookishTests;
				PRODUCT_NAME = "$(TARGET_NAME)";
				SWIFT_VERSION = 4.2;
				TEST_HOST = "$(BUILT_PRODUCTS_DIR)/${BOOKISH_MAC_NAME}.app/Contents/MacOS/${BOOKISH_MAC_NAME}";
			};
			name = Debug;
		};
		22DD42742126D6DB0070C85A /* Release */ = {
			isa = XCBuildConfiguration;
			baseConfigurationReference = 221ED4E9216785BB00594714 /* BookishMac.xcconfig */;
			buildSettings = {
				ALWAYS_EMBED_SWIFT_STANDARD_LIBRARIES = YES;
				BUNDLE_LOADER = "$(TEST_HOST)";
				CODE_SIGN_STYLE = Automatic;
				COMBINE_HIDPI_IMAGES = YES;
				DEVELOPMENT_TEAM = 2H48644JM2;
				INFOPLIST_FILE = "${BOOKISH_TEST_INFO_PATH}";
				LD_RUNPATH_SEARCH_PATHS = (
					"$(inherited)",
					"@executable_path/../Frameworks",
					"@loader_path/../Frameworks",
				);
				PRODUCT_BUNDLE_IDENTIFIER = com.elegantchaos.BookishTests;
				PRODUCT_NAME = "$(TARGET_NAME)";
				SWIFT_VERSION = 4.2;
				TEST_HOST = "$(BUILT_PRODUCTS_DIR)/${BOOKISH_MAC_NAME}.app/Contents/MacOS/${BOOKISH_MAC_NAME}";
			};
			name = Release;
		};
		22DD42762126D6DB0070C85A /* Debug */ = {
			isa = XCBuildConfiguration;
			baseConfigurationReference = 221ED4E9216785BB00594714 /* BookishMac.xcconfig */;
			buildSettings = {
				ALWAYS_EMBED_SWIFT_STANDARD_LIBRARIES = YES;
				CODE_SIGN_STYLE = Automatic;
				COMBINE_HIDPI_IMAGES = YES;
				DEVELOPMENT_TEAM = 2H48644JM2;
				INFOPLIST_FILE = "${BOOKISH_TEST_INFO_PATH}";
				LD_RUNPATH_SEARCH_PATHS = (
					"$(inherited)",
					"@executable_path/../Frameworks",
					"@loader_path/../Frameworks",
				);
				PRODUCT_BUNDLE_IDENTIFIER = com.elegantchaos.BookishUITests;
				PRODUCT_NAME = "$(TARGET_NAME)";
				SWIFT_VERSION = 4.2;
				TEST_TARGET_NAME = "${BOOKISH_MAC_NAME}";
			};
			name = Debug;
		};
		22DD42772126D6DB0070C85A /* Release */ = {
			isa = XCBuildConfiguration;
			baseConfigurationReference = 221ED4E9216785BB00594714 /* BookishMac.xcconfig */;
			buildSettings = {
				ALWAYS_EMBED_SWIFT_STANDARD_LIBRARIES = YES;
				CODE_SIGN_STYLE = Automatic;
				COMBINE_HIDPI_IMAGES = YES;
				DEVELOPMENT_TEAM = 2H48644JM2;
				INFOPLIST_FILE = "${BOOKISH_TEST_INFO_PATH}";
				LD_RUNPATH_SEARCH_PATHS = (
					"$(inherited)",
					"@executable_path/../Frameworks",
					"@loader_path/../Frameworks",
				);
				PRODUCT_BUNDLE_IDENTIFIER = com.elegantchaos.BookishUITests;
				PRODUCT_NAME = "$(TARGET_NAME)";
				SWIFT_VERSION = 4.2;
				TEST_TARGET_NAME = "${BOOKISH_MAC_NAME}";
			};
			name = Release;
		};
/* End XCBuildConfiguration section */

/* Begin XCConfigurationList section */
		2242933B212ADC4500E70510 /* Build configuration list for PBXNativeTarget "BookishMobile" */ = {
			isa = XCConfigurationList;
			buildConfigurations = (
				2242933C212ADC4500E70510 /* Debug */,
				2242933D212ADC4500E70510 /* Release */,
			);
			defaultConfigurationIsVisible = 0;
			defaultConfigurationName = Release;
		};
		2242933E212ADC4500E70510 /* Build configuration list for PBXNativeTarget "BookishTestsMobile" */ = {
			isa = XCConfigurationList;
			buildConfigurations = (
				2242933F212ADC4500E70510 /* Debug */,
				22429340212ADC4500E70510 /* Release */,
			);
			defaultConfigurationIsVisible = 0;
			defaultConfigurationName = Release;
		};
		22429341212ADC4500E70510 /* Build configuration list for PBXNativeTarget "BookishUITestsMobile" */ = {
			isa = XCConfigurationList;
			buildConfigurations = (
				22429342212ADC4500E70510 /* Debug */,
				22429343212ADC4500E70510 /* Release */,
			);
			defaultConfigurationIsVisible = 0;
			defaultConfigurationName = Release;
		};
		22DD423F2126D6DA0070C85A /* Build configuration list for PBXProject "Bookish" */ = {
			isa = XCConfigurationList;
			buildConfigurations = (
				22DD426D2126D6DB0070C85A /* Debug */,
				22DD426E2126D6DB0070C85A /* Release */,
			);
			defaultConfigurationIsVisible = 0;
			defaultConfigurationName = Release;
		};
		22DD426F2126D6DB0070C85A /* Build configuration list for PBXNativeTarget "BookishMac" */ = {
			isa = XCConfigurationList;
			buildConfigurations = (
				22DD42702126D6DB0070C85A /* Debug */,
				22DD42712126D6DB0070C85A /* Release */,
			);
			defaultConfigurationIsVisible = 0;
			defaultConfigurationName = Release;
		};
		22DD42722126D6DB0070C85A /* Build configuration list for PBXNativeTarget "BookishTestsMac" */ = {
			isa = XCConfigurationList;
			buildConfigurations = (
				22DD42732126D6DB0070C85A /* Debug */,
				22DD42742126D6DB0070C85A /* Release */,
			);
			defaultConfigurationIsVisible = 0;
			defaultConfigurationName = Release;
		};
		22DD42752126D6DB0070C85A /* Build configuration list for PBXNativeTarget "BookishUITestsMac" */ = {
			isa = XCConfigurationList;
			buildConfigurations = (
				22DD42762126D6DB0070C85A /* Debug */,
				22DD42772126D6DB0070C85A /* Release */,
			);
			defaultConfigurationIsVisible = 0;
			defaultConfigurationName = Release;
		};
/* End XCConfigurationList section */
	};
	rootObject = 22DD423C2126D6DA0070C85A /* Project object */;
}
