{
  "originHash" : "14900d93fe31d6046c64f7760a76654af6798d6e5e844ca403facaf2f22bb4d9",
  "pins" : [
    {
      "identity" : "elegantstrings",
      "kind" : "remoteSourceControl",
      "location" : "https://github.com/elegantchaos/ElegantStrings.git",
      "state" : {
        "revision" : "eb90abda935b43cc5dca75d35af8efda0d38cfea",
        "version" : "1.1.1"
      }
    },
    {
      "identity" : "expressions",
      "kind" : "remoteSourceControl",
      "location" : "https://github.com/elegantchaos/Expressions.git",
      "state" : {
        "revision" : "3f1a4caccb9e33d95d0650e9b78350acd3576300",
        "version" : "1.1.1"
      }
    }
  ],
  "version" : 3
}
