{
  "originHash" : "b6f3045774149d6036631a802617e5b63038b1f5849e6a764722c31c0fb14b65",
  "pins" : [
    {
      "identity" : "actionbuildercore",
      "kind" : "remoteSourceControl",
      "location" : "https://github.com/elegantchaos/ActionBuilderCore.git",
      "state" : {
        "revision" : "97326167e2f0d309da81f907c1ef612d5c40d96e",
        "version" : "2.2.1"
      }
    },
    {
      "identity" : "actionbuilderplugin",
      "kind" : "remoteSourceControl",
      "location" : "https://github.com/elegantchaos/ActionBuilderPlugin.git",
      "state" : {
        "revision" : "4b2a83edc228e0cea27302f9c690c46b986c4a47",
        "version" : "2.1.5"
      }
    },
    {
      "identity" : "chaosbytestreams",
      "kind" : "remoteSourceControl",
      "location" : "https://github.com/elegantchaos/ChaosByteStreams",
      "state" : {
        "revision" : "01cc58b8d9a01d67ee6669b67db41b2060ea467b",
        "version" : "1.0.7"
      }
    },
    {
      "identity" : "elegantstrings",
      "kind" : "remoteSourceControl",
      "location" : "https://github.com/elegantchaos/ElegantStrings.git",
      "state" : {
        "revision" : "eb90abda935b43cc5dca75d35af8efda0d38cfea",
        "version" : "1.1.1"
      }
    },
    {
      "identity" : "expressions",
      "kind" : "remoteSourceControl",
      "location" : "https://github.com/elegantchaos/Expressions.git",
      "state" : {
        "revision" : "3f1a4caccb9e33d95d0650e9b78350acd3576300",
        "version" : "1.1.1"
      }
    },
    {
      "identity" : "icons",
      "kind" : "remoteSourceControl",
      "location" : "https://github.com/elegantchaos/Icons.git",
      "state" : {
        "revision" : "033e9582671a14f1224e915d89866e8b2e1014ff",
        "version" : "1.0.2"
      }
    },
    {
      "identity" : "runner",
      "kind" : "remoteSourceControl",
      "location" : "https://github.com/elegantchaos/Runner.git",
      "state" : {
        "revision" : "ba4b7d5b995d33c82fc1aa51054202caf0aa7297",
        "version" : "2.1.5"
      }
    },
    {
      "identity" : "semanticversion",
      "kind" : "remoteSourceControl",
      "location" : "https://github.com/elegantchaos/SemanticVersion.git",
      "state" : {
        "revision" : "2637309c72c1415cc3d1ea27ae6ddb2a2b66ecf0",
        "version" : "1.1.2"
      }
    },
    {
      "identity" : "swift-subprocess",
      "kind" : "remoteSourceControl",
      "location" : "https://github.com/swiftlang/swift-subprocess.git",
      "state" : {
        "revision" : "11633673a41f509f8945f23c96c7acd4adafd679",
        "version" : "0.5.0"
      }
    },
    {
      "identity" : "swift-system",
      "kind" : "remoteSourceControl",
      "location" : "https://github.com/apple/swift-system",
      "state" : {
        "revision" : "7c6ad0fc39d0763e0b699210e4124afd5041c5df",
        "version" : "1.6.4"
      }
    },
    {
      "identity" : "versionator",
      "kind" : "remoteSourceControl",
      "location" : "https://github.com/elegantchaos/Versionator.git",
      "state" : {
        "revision" : "b5f925adb48a08f33281713cb48c51a9cead21ee",
        "version" : "2.1.1"
      }
    }
  ],
  "version" : 3
}
